{
  "object": {
    "pins": [
      {
        "package": "SQLite.swift",
        "repositoryURL": "https://github.com/stephencelis/SQLite.swift.git",
        "state": {
          "branch": null,
          "revision": "0a9893ec030501a3956bee572d6b4fdd3ae158a1",
          "version": "0.12.2"
        }
      },
      {
        "package": "Starscream",
        "repositoryURL": "https://github.com/apollographql/Starscream",
        "state": {
          "branch": null,
          "revision": "8cf77babe5901693396436f4f418a6db0f328b78",
          "version": "3.1.2"
        }
      }
    ]
  },
  "version": 1
}
