// !$*UTF8*$!
{
	archiveVersion = 1;
	classes = {
	};
	objectVersion = 46;
	objects = {

/* Begin PBXBuildFile section */
		54DDB0921EA045870009DD99 /* InMemoryNormalizedCache.swift in Sources */ = {isa = PBXBuildFile; fileRef = 54DDB0911EA045870009DD99 /* InMemoryNormalizedCache.swift */; };
		9F0CA4451EE7F9E90032DD39 /* ApolloTestSupport.framework in Frameworks */ = {isa = PBXBuildFile; fileRef = 9F8A95781EC0FC1200304A2D /* ApolloTestSupport.framework */; };
		9F0CA4461EE7F9E90032DD39 /* ApolloTestSupport.framework in Embed Frameworks */ = {isa = PBXBuildFile; fileRef = 9F8A95781EC0FC1200304A2D /* ApolloTestSupport.framework */; settings = {ATTRIBUTES = (CodeSignOnCopy, RemoveHeadersOnCopy, ); }; };
		9F10A51E1EC1BA0F0045E62B /* MockNetworkTransport.swift in Sources */ = {isa = PBXBuildFile; fileRef = 9F10A51D1EC1BA0F0045E62B /* MockNetworkTransport.swift */; };
		9F19D8441EED568200C57247 /* ResultOrPromise.swift in Sources */ = {isa = PBXBuildFile; fileRef = 9F19D8431EED568200C57247 /* ResultOrPromise.swift */; };
		9F19D8461EED8D3B00C57247 /* ResultOrPromiseTests.swift in Sources */ = {isa = PBXBuildFile; fileRef = 9F19D8451EED8D3B00C57247 /* ResultOrPromiseTests.swift */; };
		9F27D4641D40379500715680 /* JSONStandardTypeConversions.swift in Sources */ = {isa = PBXBuildFile; fileRef = 9F27D4631D40379500715680 /* JSONStandardTypeConversions.swift */; };
		9F295E311E27534800A24949 /* NormalizeQueryResults.swift in Sources */ = {isa = PBXBuildFile; fileRef = 9F295E301E27534800A24949 /* NormalizeQueryResults.swift */; };
		9F295E381E277B2A00A24949 /* GraphQLResultNormalizer.swift in Sources */ = {isa = PBXBuildFile; fileRef = 9F295E371E277B2A00A24949 /* GraphQLResultNormalizer.swift */; };
		9F438D071E6C2FD9007BDC1A /* Apollo.framework in Frameworks */ = {isa = PBXBuildFile; fileRef = 9FC750441D2A532C00458D91 /* Apollo.framework */; };
		9F438D081E6C30B1007BDC1A /* StarWarsAPI.framework in Frameworks */ = {isa = PBXBuildFile; fileRef = 9FCE2CFA1E6C213D00E34457 /* StarWarsAPI.framework */; };
		9F533AB31E6C4A4200CBE097 /* BatchedLoadTests.swift in Sources */ = {isa = PBXBuildFile; fileRef = 9F438D0B1E6C494C007BDC1A /* BatchedLoadTests.swift */; };
		9F55347B1DE1DB2100E54264 /* ApolloStore.swift in Sources */ = {isa = PBXBuildFile; fileRef = 9F55347A1DE1DB2100E54264 /* ApolloStore.swift */; };
		9F578D901D8D2CB300C0EA36 /* Utilities.swift in Sources */ = {isa = PBXBuildFile; fileRef = 9F578D8F1D8D2CB300C0EA36 /* Utilities.swift */; };
		9F65B1211EC106F30090B25F /* Apollo.framework in Frameworks */ = {isa = PBXBuildFile; fileRef = 9FC750441D2A532C00458D91 /* Apollo.framework */; };
		9F69FFA91D42855900E000B1 /* NetworkTransport.swift in Sources */ = {isa = PBXBuildFile; fileRef = 9F69FFA81D42855900E000B1 /* NetworkTransport.swift */; };
		9F8622F81EC2004200C38162 /* ReadWriteFromStoreTests.swift in Sources */ = {isa = PBXBuildFile; fileRef = 9F8622F71EC2004200C38162 /* ReadWriteFromStoreTests.swift */; };
		9F8622FA1EC2117C00C38162 /* FragmentConstructionAndConversionTests.swift in Sources */ = {isa = PBXBuildFile; fileRef = 9F8622F91EC2117C00C38162 /* FragmentConstructionAndConversionTests.swift */; };
		9F86B68B1E6438D700B885FF /* GraphQLSelectionSetMapper.swift in Sources */ = {isa = PBXBuildFile; fileRef = 9F86B68A1E6438D700B885FF /* GraphQLSelectionSetMapper.swift */; };
		9F86B6901E65533D00B885FF /* GraphQLResponseGenerator.swift in Sources */ = {isa = PBXBuildFile; fileRef = 9F86B68F1E65533D00B885FF /* GraphQLResponseGenerator.swift */; };
		9F8A957C1EC0FC1200304A2D /* ApolloTestSupport.h in Headers */ = {isa = PBXBuildFile; fileRef = 9F8A957A1EC0FC1200304A2D /* ApolloTestSupport.h */; settings = {ATTRIBUTES = (Public, ); }; };
		9F8A95821EC0FD3300304A2D /* XCTAssertHelpers.swift in Sources */ = {isa = PBXBuildFile; fileRef = 9F8A95811EC0FD3300304A2D /* XCTAssertHelpers.swift */; };
		9F8A95841EC0FD6100304A2D /* XCTestCase+Promise.swift in Sources */ = {isa = PBXBuildFile; fileRef = 9F8A95831EC0FD6100304A2D /* XCTestCase+Promise.swift */; };
		9F8A95861EC0FD9800304A2D /* TestCacheProvider.swift in Sources */ = {isa = PBXBuildFile; fileRef = 9F8A95851EC0FD9800304A2D /* TestCacheProvider.swift */; };
		9F8A958D1EC0FFAB00304A2D /* ApolloTestSupport.framework in Frameworks */ = {isa = PBXBuildFile; fileRef = 9F8A95781EC0FC1200304A2D /* ApolloTestSupport.framework */; };
		9F8A95901EC0FFC100304A2D /* ApolloTestSupport.framework in Frameworks */ = {isa = PBXBuildFile; fileRef = 9F8A95781EC0FC1200304A2D /* ApolloTestSupport.framework */; };
		9F8A95931EC0FFD100304A2D /* ApolloTestSupport.framework in Frameworks */ = {isa = PBXBuildFile; fileRef = 9F8A95781EC0FC1200304A2D /* ApolloTestSupport.framework */; };
		9F91CF8F1F6C0DB2008DD0BE /* MutatingResultsTests.swift in Sources */ = {isa = PBXBuildFile; fileRef = 9F91CF8E1F6C0DB2008DD0BE /* MutatingResultsTests.swift */; };
		9FA6ABCC1EC0A9F7000017BE /* FetchQueryTests.swift in Sources */ = {isa = PBXBuildFile; fileRef = 9FA6ABC51EC0A9F7000017BE /* FetchQueryTests.swift */; };
		9FA6ABCD1EC0A9F7000017BE /* LoadQueryFromStoreTests.swift in Sources */ = {isa = PBXBuildFile; fileRef = 9FA6ABC61EC0A9F7000017BE /* LoadQueryFromStoreTests.swift */; };
		9FA6ABCF1EC0A9F7000017BE /* StarWarsServerCachingRoundtripTests.swift in Sources */ = {isa = PBXBuildFile; fileRef = 9FA6ABC81EC0A9F7000017BE /* StarWarsServerCachingRoundtripTests.swift */; };
		9FA6ABD01EC0A9F7000017BE /* StarWarsServerTests.swift in Sources */ = {isa = PBXBuildFile; fileRef = 9FA6ABC91EC0A9F7000017BE /* StarWarsServerTests.swift */; };
		9FA6ABD21EC0A9F7000017BE /* WatchQueryTests.swift in Sources */ = {isa = PBXBuildFile; fileRef = 9FA6ABCB1EC0A9F7000017BE /* WatchQueryTests.swift */; };
		9FA6ABD51EC0AA49000017BE /* StarWarsAPI.framework in Frameworks */ = {isa = PBXBuildFile; fileRef = 9FCE2CFA1E6C213D00E34457 /* StarWarsAPI.framework */; };
		9FA6ABD61EC0AA4D000017BE /* Apollo.framework in Frameworks */ = {isa = PBXBuildFile; fileRef = 9FC750441D2A532C00458D91 /* Apollo.framework */; };
		9FA6F3681E65DF4700BF8D73 /* GraphQLResultAccumulator.swift in Sources */ = {isa = PBXBuildFile; fileRef = 9FA6F3671E65DF4700BF8D73 /* GraphQLResultAccumulator.swift */; };
		9FACA9BE1F42E67200AE2DBD /* Apollo.framework in Frameworks */ = {isa = PBXBuildFile; fileRef = 9FC750441D2A532C00458D91 /* Apollo.framework */; };
		9FACA9CE1F42E6E900AE2DBD /* API.swift in Sources */ = {isa = PBXBuildFile; fileRef = 9FACA9C91F42E6E900AE2DBD /* API.swift */; };
		9FACA9CF1F42E6E900AE2DBD /* GitHubAPI.h in Headers */ = {isa = PBXBuildFile; fileRef = 9FACA9CA1F42E6E900AE2DBD /* GitHubAPI.h */; settings = {ATTRIBUTES = (Public, ); }; };
		9FADC84A1E6B0B2300C677E6 /* Locking.swift in Sources */ = {isa = PBXBuildFile; fileRef = 9FADC8491E6B0B2300C677E6 /* Locking.swift */; };
		9FADC84F1E6B865E00C677E6 /* DataLoader.swift in Sources */ = {isa = PBXBuildFile; fileRef = 9FADC84E1E6B865E00C677E6 /* DataLoader.swift */; };
		9FADC8541E6B86D900C677E6 /* DataLoaderTests.swift in Sources */ = {isa = PBXBuildFile; fileRef = 9FADC8531E6B86D900C677E6 /* DataLoaderTests.swift */; };
		9FB9D1551EC102CB0086EEB5 /* XCTest.framework in Frameworks */ = {isa = PBXBuildFile; fileRef = 9FB9D1541EC102CB0086EEB5 /* XCTest.framework */; };
		9FC2333D1E66BBF7001E4541 /* GraphQLDependencyTracker.swift in Sources */ = {isa = PBXBuildFile; fileRef = 9FC2333C1E66BBF7001E4541 /* GraphQLDependencyTracker.swift */; };
		9FC4B9201D2A6F8D0046A641 /* JSON.swift in Sources */ = {isa = PBXBuildFile; fileRef = 9FC4B91F1D2A6F8D0046A641 /* JSON.swift */; };
		9FC631361E6AE2080062707E /* PromiseTests.swift in Sources */ = {isa = PBXBuildFile; fileRef = 9FC631351E6AE2080062707E /* PromiseTests.swift */; };
		9FC631381E6AE2080062707E /* Apollo.framework in Frameworks */ = {isa = PBXBuildFile; fileRef = 9FC750441D2A532C00458D91 /* Apollo.framework */; };
		9FC750481D2A532C00458D91 /* Apollo.h in Headers */ = {isa = PBXBuildFile; fileRef = 9FC750471D2A532C00458D91 /* Apollo.h */; settings = {ATTRIBUTES = (Public, ); }; };
		9FC7504F1D2A532D00458D91 /* Apollo.framework in Frameworks */ = {isa = PBXBuildFile; fileRef = 9FC750441D2A532C00458D91 /* Apollo.framework */; };
		9FC750611D2A59C300458D91 /* GraphQLOperation.swift in Sources */ = {isa = PBXBuildFile; fileRef = 9FC750601D2A59C300458D91 /* GraphQLOperation.swift */; };
		9FC750631D2A59F600458D91 /* ApolloClient.swift in Sources */ = {isa = PBXBuildFile; fileRef = 9FC750621D2A59F600458D91 /* ApolloClient.swift */; };
		9FC9A9BD1E2C271C0023C4D5 /* RecordSet.swift in Sources */ = {isa = PBXBuildFile; fileRef = 9FC9A9BC1E2C271C0023C4D5 /* RecordSet.swift */; };
		9FC9A9BF1E2C27FB0023C4D5 /* GraphQLResult.swift in Sources */ = {isa = PBXBuildFile; fileRef = 9FC9A9BE1E2C27FB0023C4D5 /* GraphQLResult.swift */; };
		9FC9A9C21E2D3CAF0023C4D5 /* GraphQLInputValue.swift in Sources */ = {isa = PBXBuildFile; fileRef = 9FC9A9C11E2D3CAF0023C4D5 /* GraphQLInputValue.swift */; };
		9FC9A9C51E2D6CE70023C4D5 /* GraphQLSelectionSet.swift in Sources */ = {isa = PBXBuildFile; fileRef = 9FC9A9C41E2D6CE70023C4D5 /* GraphQLSelectionSet.swift */; };
		9FC9A9C81E2EFE6E0023C4D5 /* CacheKeyForFieldTests.swift in Sources */ = {isa = PBXBuildFile; fileRef = 9FC9A9C71E2EFE6E0023C4D5 /* CacheKeyForFieldTests.swift */; };
		9FC9A9CC1E2FD0760023C4D5 /* Record.swift in Sources */ = {isa = PBXBuildFile; fileRef = 9FC9A9CB1E2FD0760023C4D5 /* Record.swift */; };
		9FC9A9D31E2FD48B0023C4D5 /* GraphQLError.swift in Sources */ = {isa = PBXBuildFile; fileRef = 9FC9A9D21E2FD48B0023C4D5 /* GraphQLError.swift */; };
		9FCDFD231E33A0D8007519DC /* AsynchronousOperation.swift in Sources */ = {isa = PBXBuildFile; fileRef = 9FCDFD221E33A0D8007519DC /* AsynchronousOperation.swift */; };
		9FCDFD291E33D0CE007519DC /* GraphQLQueryWatcher.swift in Sources */ = {isa = PBXBuildFile; fileRef = 9FCDFD281E33D0CE007519DC /* GraphQLQueryWatcher.swift */; };
		9FCE2CEC1E6BDAD100E34457 /* NormalizedCachingTests.swift in Sources */ = {isa = PBXBuildFile; fileRef = 9FCE2CEB1E6BDAD100E34457 /* NormalizedCachingTests.swift */; };
		9FCE2CEE1E6BE2D900E34457 /* NormalizedCache.swift in Sources */ = {isa = PBXBuildFile; fileRef = 9FCE2CED1E6BE2D800E34457 /* NormalizedCache.swift */; };
		9FCE2CFE1E6C213D00E34457 /* StarWarsAPI.h in Headers */ = {isa = PBXBuildFile; fileRef = 9FCE2CFC1E6C213D00E34457 /* StarWarsAPI.h */; settings = {ATTRIBUTES = (Public, ); }; };
		9FCE2D011E6C213D00E34457 /* StarWarsAPI.framework in Frameworks */ = {isa = PBXBuildFile; fileRef = 9FCE2CFA1E6C213D00E34457 /* StarWarsAPI.framework */; };
		9FCE2D021E6C213D00E34457 /* StarWarsAPI.framework in Embed Frameworks */ = {isa = PBXBuildFile; fileRef = 9FCE2CFA1E6C213D00E34457 /* StarWarsAPI.framework */; settings = {ATTRIBUTES = (CodeSignOnCopy, RemoveHeadersOnCopy, ); }; };
		9FCE2D091E6C254700E34457 /* StarWarsAPI.framework in Frameworks */ = {isa = PBXBuildFile; fileRef = 9FCE2CFA1E6C213D00E34457 /* StarWarsAPI.framework */; };
		9FCE2D0B1E6C258A00E34457 /* API.swift in Sources */ = {isa = PBXBuildFile; fileRef = 9FCE2D0A1E6C258A00E34457 /* API.swift */; };
		9FD637E41E6ACF88001EDBC8 /* AppDelegate.swift in Sources */ = {isa = PBXBuildFile; fileRef = 9FD637E31E6ACF88001EDBC8 /* AppDelegate.swift */; };
		9FD637E61E6ACF88001EDBC8 /* ViewController.swift in Sources */ = {isa = PBXBuildFile; fileRef = 9FD637E51E6ACF88001EDBC8 /* ViewController.swift */; };
		9FD637E91E6ACF88001EDBC8 /* Main.storyboard in Resources */ = {isa = PBXBuildFile; fileRef = 9FD637E71E6ACF88001EDBC8 /* Main.storyboard */; };
		9FD637EB1E6ACF88001EDBC8 /* Assets.xcassets in Resources */ = {isa = PBXBuildFile; fileRef = 9FD637EA1E6ACF88001EDBC8 /* Assets.xcassets */; };
		9FD637EE1E6ACF88001EDBC8 /* LaunchScreen.storyboard in Resources */ = {isa = PBXBuildFile; fileRef = 9FD637EC1E6ACF88001EDBC8 /* LaunchScreen.storyboard */; };
		9FD637F51E6AD43F001EDBC8 /* Apollo.framework in Frameworks */ = {isa = PBXBuildFile; fileRef = 9FC750441D2A532C00458D91 /* Apollo.framework */; };
		9FD637F61E6AD43F001EDBC8 /* Apollo.framework in Embed Frameworks */ = {isa = PBXBuildFile; fileRef = 9FC750441D2A532C00458D91 /* Apollo.framework */; settings = {ATTRIBUTES = (CodeSignOnCopy, RemoveHeadersOnCopy, ); }; };
		9FE1C6E71E634C8D00C02284 /* PromiseTests.swift in Sources */ = {isa = PBXBuildFile; fileRef = 9FE1C6E61E634C8D00C02284 /* PromiseTests.swift */; };
		9FE3F3981DADBD870072078F /* check-and-run-apollo-codegen.sh in Resources */ = {isa = PBXBuildFile; fileRef = 9FE3F3971DADBD870072078F /* check-and-run-apollo-codegen.sh */; };
		9FE941D01E62C771007CDD89 /* Promise.swift in Sources */ = {isa = PBXBuildFile; fileRef = 9FE941CF1E62C771007CDD89 /* Promise.swift */; };
		9FEB050D1DB5732300DA3B44 /* JSONSerializationFormat.swift in Sources */ = {isa = PBXBuildFile; fileRef = 9FEB050C1DB5732300DA3B44 /* JSONSerializationFormat.swift */; };
		9FEC15B41E681DAD00D461B4 /* Collections.swift in Sources */ = {isa = PBXBuildFile; fileRef = 9FEC15B31E681DAD00D461B4 /* Collections.swift */; };
		9FEC15B91E6965E300D461B4 /* Result.swift in Sources */ = {isa = PBXBuildFile; fileRef = 9FEC15B81E6965E300D461B4 /* Result.swift */; };
		9FF33D811E48B98200F608A4 /* HTTPNetworkTransport.swift in Sources */ = {isa = PBXBuildFile; fileRef = 9F4DAF2D1E48B84B00EBFF0B /* HTTPNetworkTransport.swift */; };
		9FF90A611DDDEB100034C3B6 /* GraphQLResponse.swift in Sources */ = {isa = PBXBuildFile; fileRef = 9FF90A5B1DDDEB100034C3B6 /* GraphQLResponse.swift */; };
		9FF90A651DDDEB100034C3B6 /* GraphQLExecutor.swift in Sources */ = {isa = PBXBuildFile; fileRef = 9FF90A5C1DDDEB100034C3B6 /* GraphQLExecutor.swift */; };
		9FF90A6F1DDDEB420034C3B6 /* InputValueEncodingTests.swift in Sources */ = {isa = PBXBuildFile; fileRef = 9FF90A6A1DDDEB420034C3B6 /* InputValueEncodingTests.swift */; };
		9FF90A711DDDEB420034C3B6 /* ReadFieldValueTests.swift in Sources */ = {isa = PBXBuildFile; fileRef = 9FF90A6B1DDDEB420034C3B6 /* ReadFieldValueTests.swift */; };
		9FF90A731DDDEB420034C3B6 /* ParseQueryResponseTests.swift in Sources */ = {isa = PBXBuildFile; fileRef = 9FF90A6C1DDDEB420034C3B6 /* ParseQueryResponseTests.swift */; };
/* End PBXBuildFile section */

/* Begin PBXContainerItemProxy section */
		9F0CA4471EE7F9E90032DD39 /* PBXContainerItemProxy */ = {
			isa = PBXContainerItemProxy;
			containerPortal = 9FC7503B1D2A532C00458D91 /* Project object */;
			proxyType = 1;
			remoteGlobalIDString = 9F8A95771EC0FC1200304A2D;
			remoteInfo = ApolloTestSupport;
		};
		9F438D091E6C30C3007BDC1A /* PBXContainerItemProxy */ = {
			isa = PBXContainerItemProxy;
			containerPortal = 9FC7503B1D2A532C00458D91 /* Project object */;
			proxyType = 1;
			remoteGlobalIDString = 9FCE2CF91E6C213D00E34457;
			remoteInfo = StarWarsAPI;
		};
		9F65B11F1EC106E80090B25F /* PBXContainerItemProxy */ = {
			isa = PBXContainerItemProxy;
			containerPortal = 9FC7503B1D2A532C00458D91 /* Project object */;
			proxyType = 1;
			remoteGlobalIDString = 9FC750431D2A532C00458D91;
			remoteInfo = Apollo;
		};
		9F8A958B1EC0FF9F00304A2D /* PBXContainerItemProxy */ = {
			isa = PBXContainerItemProxy;
			containerPortal = 9FC7503B1D2A532C00458D91 /* Project object */;
			proxyType = 1;
			remoteGlobalIDString = 9F8A95771EC0FC1200304A2D;
			remoteInfo = ApolloTestSupport;
		};
		9F8A958E1EC0FFB800304A2D /* PBXContainerItemProxy */ = {
			isa = PBXContainerItemProxy;
			containerPortal = 9FC7503B1D2A532C00458D91 /* Project object */;
			proxyType = 1;
			remoteGlobalIDString = 9F8A95771EC0FC1200304A2D;
			remoteInfo = ApolloTestSupport;
		};
		9F8A95911EC0FFCB00304A2D /* PBXContainerItemProxy */ = {
			isa = PBXContainerItemProxy;
			containerPortal = 9FC7503B1D2A532C00458D91 /* Project object */;
			proxyType = 1;
			remoteGlobalIDString = 9F8A95771EC0FC1200304A2D;
			remoteInfo = ApolloTestSupport;
		};
		9FA5FBB51EC05CE900304A9D /* PBXContainerItemProxy */ = {
			isa = PBXContainerItemProxy;
			containerPortal = 9FC7503B1D2A532C00458D91 /* Project object */;
			proxyType = 1;
			remoteGlobalIDString = 9FC750431D2A532C00458D91;
			remoteInfo = Apollo;
		};
		9FA6ABD31EC0AA42000017BE /* PBXContainerItemProxy */ = {
			isa = PBXContainerItemProxy;
			containerPortal = 9FC7503B1D2A532C00458D91 /* Project object */;
			proxyType = 1;
			remoteGlobalIDString = 9FCE2CF91E6C213D00E34457;
			remoteInfo = StarWarsAPI;
		};
		9FA6ABD71EC0AA55000017BE /* PBXContainerItemProxy */ = {
			isa = PBXContainerItemProxy;
			containerPortal = 9FC7503B1D2A532C00458D91 /* Project object */;
			proxyType = 1;
			remoteGlobalIDString = 9FC750431D2A532C00458D91;
			remoteInfo = Apollo;
		};
		9FACA9B91F42E67200AE2DBD /* PBXContainerItemProxy */ = {
			isa = PBXContainerItemProxy;
			containerPortal = 9FC7503B1D2A532C00458D91 /* Project object */;
			proxyType = 1;
			remoteGlobalIDString = 9FC750431D2A532C00458D91;
			remoteInfo = Apollo;
		};
		9FC631391E6AE2080062707E /* PBXContainerItemProxy */ = {
			isa = PBXContainerItemProxy;
			containerPortal = 9FC7503B1D2A532C00458D91 /* Project object */;
			proxyType = 1;
			remoteGlobalIDString = 9FC750431D2A532C00458D91;
			remoteInfo = "Apollo iOS";
		};
		9FC6313E1E6AE2D90062707E /* PBXContainerItemProxy */ = {
			isa = PBXContainerItemProxy;
			containerPortal = 9FC7503B1D2A532C00458D91 /* Project object */;
			proxyType = 1;
			remoteGlobalIDString = 9FD637E01E6ACF88001EDBC8;
			remoteInfo = "TestHost iOS";
		};
		9FC750501D2A532D00458D91 /* PBXContainerItemProxy */ = {
			isa = PBXContainerItemProxy;
			containerPortal = 9FC7503B1D2A532C00458D91 /* Project object */;
			proxyType = 1;
			remoteGlobalIDString = 9FC750431D2A532C00458D91;
			remoteInfo = Apollo;
		};
		9FCE2CFF1E6C213D00E34457 /* PBXContainerItemProxy */ = {
			isa = PBXContainerItemProxy;
			containerPortal = 9FC7503B1D2A532C00458D91 /* Project object */;
			proxyType = 1;
			remoteGlobalIDString = 9FCE2CF91E6C213D00E34457;
			remoteInfo = StarWarsAPI;
		};
		9FCE2D071E6C254000E34457 /* PBXContainerItemProxy */ = {
			isa = PBXContainerItemProxy;
			containerPortal = 9FC7503B1D2A532C00458D91 /* Project object */;
			proxyType = 1;
			remoteGlobalIDString = 9FCE2CF91E6C213D00E34457;
			remoteInfo = StarWarsAPI;
		};
		9FD637F71E6AD43F001EDBC8 /* PBXContainerItemProxy */ = {
			isa = PBXContainerItemProxy;
			containerPortal = 9FC7503B1D2A532C00458D91 /* Project object */;
			proxyType = 1;
			remoteGlobalIDString = 9FC750431D2A532C00458D91;
			remoteInfo = "Apollo iOS";
		};
/* End PBXContainerItemProxy section */

/* Begin PBXCopyFilesBuildPhase section */
		9FD637F91E6AD440001EDBC8 /* Embed Frameworks */ = {
			isa = PBXCopyFilesBuildPhase;
			buildActionMask = 2147483647;
			dstPath = "";
			dstSubfolderSpec = 10;
			files = (
				9FCE2D021E6C213D00E34457 /* StarWarsAPI.framework in Embed Frameworks */,
				9F0CA4461EE7F9E90032DD39 /* ApolloTestSupport.framework in Embed Frameworks */,
				9FD637F61E6AD43F001EDBC8 /* Apollo.framework in Embed Frameworks */,
			);
			name = "Embed Frameworks";
			runOnlyForDeploymentPostprocessing = 0;
		};
/* End PBXCopyFilesBuildPhase section */

/* Begin PBXFileReference section */
		54DDB0911EA045870009DD99 /* InMemoryNormalizedCache.swift */ = {isa = PBXFileReference; fileEncoding = 4; lastKnownFileType = sourcecode.swift; path = InMemoryNormalizedCache.swift; sourceTree = "<group>"; };
		9F10A51D1EC1BA0F0045E62B /* MockNetworkTransport.swift */ = {isa = PBXFileReference; fileEncoding = 4; lastKnownFileType = sourcecode.swift; path = MockNetworkTransport.swift; sourceTree = "<group>"; };
		9F19D8431EED568200C57247 /* ResultOrPromise.swift */ = {isa = PBXFileReference; fileEncoding = 4; lastKnownFileType = sourcecode.swift; path = ResultOrPromise.swift; sourceTree = "<group>"; };
		9F19D8451EED8D3B00C57247 /* ResultOrPromiseTests.swift */ = {isa = PBXFileReference; fileEncoding = 4; lastKnownFileType = sourcecode.swift; path = ResultOrPromiseTests.swift; sourceTree = "<group>"; };
		9F27D4631D40379500715680 /* JSONStandardTypeConversions.swift */ = {isa = PBXFileReference; fileEncoding = 4; lastKnownFileType = sourcecode.swift; path = JSONStandardTypeConversions.swift; sourceTree = "<group>"; };
		9F295E301E27534800A24949 /* NormalizeQueryResults.swift */ = {isa = PBXFileReference; fileEncoding = 4; lastKnownFileType = sourcecode.swift; path = NormalizeQueryResults.swift; sourceTree = "<group>"; };
		9F295E371E277B2A00A24949 /* GraphQLResultNormalizer.swift */ = {isa = PBXFileReference; fileEncoding = 4; lastKnownFileType = sourcecode.swift; path = GraphQLResultNormalizer.swift; sourceTree = "<group>"; };
		9F3750501ECEFD2300C68F5E /* CharacterAndSubTypesFragments.graphql */ = {isa = PBXFileReference; lastKnownFileType = text; path = CharacterAndSubTypesFragments.graphql; sourceTree = "<group>"; };
		9F438D0B1E6C494C007BDC1A /* BatchedLoadTests.swift */ = {isa = PBXFileReference; fileEncoding = 4; lastKnownFileType = sourcecode.swift; path = BatchedLoadTests.swift; sourceTree = "<group>"; };
		9F4DAF2D1E48B84B00EBFF0B /* HTTPNetworkTransport.swift */ = {isa = PBXFileReference; fileEncoding = 4; lastKnownFileType = sourcecode.swift; path = HTTPNetworkTransport.swift; sourceTree = "<group>"; };
		9F55347A1DE1DB2100E54264 /* ApolloStore.swift */ = {isa = PBXFileReference; fileEncoding = 4; lastKnownFileType = sourcecode.swift; path = ApolloStore.swift; sourceTree = "<group>"; };
		9F578D8F1D8D2CB300C0EA36 /* Utilities.swift */ = {isa = PBXFileReference; fileEncoding = 4; lastKnownFileType = sourcecode.swift; path = Utilities.swift; sourceTree = "<group>"; };
		9F69FFA81D42855900E000B1 /* NetworkTransport.swift */ = {isa = PBXFileReference; fileEncoding = 4; lastKnownFileType = sourcecode.swift; path = NetworkTransport.swift; sourceTree = "<group>"; };
		9F8622F71EC2004200C38162 /* ReadWriteFromStoreTests.swift */ = {isa = PBXFileReference; fileEncoding = 4; lastKnownFileType = sourcecode.swift; path = ReadWriteFromStoreTests.swift; sourceTree = "<group>"; };
		9F8622F91EC2117C00C38162 /* FragmentConstructionAndConversionTests.swift */ = {isa = PBXFileReference; fileEncoding = 4; lastKnownFileType = sourcecode.swift; path = FragmentConstructionAndConversionTests.swift; sourceTree = "<group>"; };
		9F8622FE1EC44A8600C38162 /* HeroNameAndAppearsIn.graphql */ = {isa = PBXFileReference; lastKnownFileType = text; path = HeroNameAndAppearsIn.graphql; sourceTree = "<group>"; };
		9F86B68A1E6438D700B885FF /* GraphQLSelectionSetMapper.swift */ = {isa = PBXFileReference; fileEncoding = 4; lastKnownFileType = sourcecode.swift; path = GraphQLSelectionSetMapper.swift; sourceTree = "<group>"; };
		9F86B68F1E65533D00B885FF /* GraphQLResponseGenerator.swift */ = {isa = PBXFileReference; fileEncoding = 4; lastKnownFileType = sourcecode.swift; path = GraphQLResponseGenerator.swift; sourceTree = "<group>"; };
		9F8A95781EC0FC1200304A2D /* ApolloTestSupport.framework */ = {isa = PBXFileReference; explicitFileType = wrapper.framework; includeInIndex = 0; path = ApolloTestSupport.framework; sourceTree = BUILT_PRODUCTS_DIR; };
		9F8A957A1EC0FC1200304A2D /* ApolloTestSupport.h */ = {isa = PBXFileReference; lastKnownFileType = sourcecode.c.h; path = ApolloTestSupport.h; sourceTree = "<group>"; };
		9F8A957B1EC0FC1200304A2D /* Info.plist */ = {isa = PBXFileReference; lastKnownFileType = text.plist.xml; path = Info.plist; sourceTree = "<group>"; };
		9F8A95811EC0FD3300304A2D /* XCTAssertHelpers.swift */ = {isa = PBXFileReference; fileEncoding = 4; lastKnownFileType = sourcecode.swift; path = XCTAssertHelpers.swift; sourceTree = "<group>"; };
		9F8A95831EC0FD6100304A2D /* XCTestCase+Promise.swift */ = {isa = PBXFileReference; fileEncoding = 4; lastKnownFileType = sourcecode.swift; path = "XCTestCase+Promise.swift"; sourceTree = "<group>"; };
		9F8A95851EC0FD9800304A2D /* TestCacheProvider.swift */ = {isa = PBXFileReference; fileEncoding = 4; lastKnownFileType = sourcecode.swift; path = TestCacheProvider.swift; sourceTree = "<group>"; };
		9F91CF8E1F6C0DB2008DD0BE /* MutatingResultsTests.swift */ = {isa = PBXFileReference; lastKnownFileType = sourcecode.swift; path = MutatingResultsTests.swift; sourceTree = "<group>"; };
		9F98C84D1EC085C400FFD919 /* Framework.xcconfig */ = {isa = PBXFileReference; lastKnownFileType = text.xcconfig; path = Framework.xcconfig; sourceTree = "<group>"; };
		9FA6ABBC1EC0A988000017BE /* ApolloCacheDependentTests.xctest */ = {isa = PBXFileReference; explicitFileType = wrapper.cfbundle; includeInIndex = 0; path = ApolloCacheDependentTests.xctest; sourceTree = BUILT_PRODUCTS_DIR; };
		9FA6ABC01EC0A988000017BE /* Info.plist */ = {isa = PBXFileReference; lastKnownFileType = text.plist.xml; path = Info.plist; sourceTree = "<group>"; };
		9FA6ABC51EC0A9F7000017BE /* FetchQueryTests.swift */ = {isa = PBXFileReference; fileEncoding = 4; lastKnownFileType = sourcecode.swift; path = FetchQueryTests.swift; sourceTree = "<group>"; };
		9FA6ABC61EC0A9F7000017BE /* LoadQueryFromStoreTests.swift */ = {isa = PBXFileReference; fileEncoding = 4; lastKnownFileType = sourcecode.swift; path = LoadQueryFromStoreTests.swift; sourceTree = "<group>"; };
		9FA6ABC81EC0A9F7000017BE /* StarWarsServerCachingRoundtripTests.swift */ = {isa = PBXFileReference; fileEncoding = 4; lastKnownFileType = sourcecode.swift; path = StarWarsServerCachingRoundtripTests.swift; sourceTree = "<group>"; };
		9FA6ABC91EC0A9F7000017BE /* StarWarsServerTests.swift */ = {isa = PBXFileReference; fileEncoding = 4; lastKnownFileType = sourcecode.swift; path = StarWarsServerTests.swift; sourceTree = "<group>"; };
		9FA6ABCB1EC0A9F7000017BE /* WatchQueryTests.swift */ = {isa = PBXFileReference; fileEncoding = 4; lastKnownFileType = sourcecode.swift; path = WatchQueryTests.swift; sourceTree = "<group>"; };
		9FA6F3671E65DF4700BF8D73 /* GraphQLResultAccumulator.swift */ = {isa = PBXFileReference; fileEncoding = 4; lastKnownFileType = sourcecode.swift; path = GraphQLResultAccumulator.swift; sourceTree = "<group>"; };
		9FACA9C61F42E67200AE2DBD /* GitHubAPI.framework */ = {isa = PBXFileReference; explicitFileType = wrapper.framework; includeInIndex = 0; path = GitHubAPI.framework; sourceTree = BUILT_PRODUCTS_DIR; };
		9FACA9C91F42E6E900AE2DBD /* API.swift */ = {isa = PBXFileReference; fileEncoding = 4; lastKnownFileType = sourcecode.swift; path = API.swift; sourceTree = "<group>"; };
		9FACA9CA1F42E6E900AE2DBD /* GitHubAPI.h */ = {isa = PBXFileReference; fileEncoding = 4; lastKnownFileType = sourcecode.c.h; path = GitHubAPI.h; sourceTree = "<group>"; };
		9FACA9CB1F42E6E900AE2DBD /* Repository.graphql */ = {isa = PBXFileReference; fileEncoding = 4; lastKnownFileType = text; path = Repository.graphql; sourceTree = "<group>"; };
		9FACA9CC1F42E6E900AE2DBD /* Info.plist */ = {isa = PBXFileReference; fileEncoding = 4; lastKnownFileType = text.plist.xml; path = Info.plist; sourceTree = "<group>"; };
		9FACA9CD1F42E6E900AE2DBD /* schema.json */ = {isa = PBXFileReference; fileEncoding = 4; lastKnownFileType = text.json; path = schema.json; sourceTree = "<group>"; };
		9FADC8491E6B0B2300C677E6 /* Locking.swift */ = {isa = PBXFileReference; fileEncoding = 4; lastKnownFileType = sourcecode.swift; path = Locking.swift; sourceTree = "<group>"; };
		9FADC84E1E6B865E00C677E6 /* DataLoader.swift */ = {isa = PBXFileReference; fileEncoding = 4; lastKnownFileType = sourcecode.swift; path = DataLoader.swift; sourceTree = "<group>"; };
		9FADC8531E6B86D900C677E6 /* DataLoaderTests.swift */ = {isa = PBXFileReference; fileEncoding = 4; lastKnownFileType = sourcecode.swift; path = DataLoaderTests.swift; sourceTree = "<group>"; };
		9FB9D1541EC102CB0086EEB5 /* XCTest.framework */ = {isa = PBXFileReference; lastKnownFileType = wrapper.framework; name = XCTest.framework; path = Platforms/iPhoneOS.platform/Developer/Library/Frameworks/XCTest.framework; sourceTree = DEVELOPER_DIR; };
		9FC2333C1E66BBF7001E4541 /* GraphQLDependencyTracker.swift */ = {isa = PBXFileReference; fileEncoding = 4; lastKnownFileType = sourcecode.swift; path = GraphQLDependencyTracker.swift; sourceTree = "<group>"; };
		9FC4B91F1D2A6F8D0046A641 /* JSON.swift */ = {isa = PBXFileReference; fileEncoding = 4; lastKnownFileType = sourcecode.swift; path = JSON.swift; sourceTree = "<group>"; };
		9FC631331E6AE2080062707E /* ApolloPerformanceTests.xctest */ = {isa = PBXFileReference; explicitFileType = wrapper.cfbundle; includeInIndex = 0; path = ApolloPerformanceTests.xctest; sourceTree = BUILT_PRODUCTS_DIR; };
		9FC631351E6AE2080062707E /* PromiseTests.swift */ = {isa = PBXFileReference; lastKnownFileType = sourcecode.swift; path = PromiseTests.swift; sourceTree = "<group>"; };
		9FC631371E6AE2080062707E /* Info.plist */ = {isa = PBXFileReference; lastKnownFileType = text.plist.xml; path = Info.plist; sourceTree = "<group>"; };
		9FC750441D2A532C00458D91 /* Apollo.framework */ = {isa = PBXFileReference; explicitFileType = wrapper.framework; includeInIndex = 0; path = Apollo.framework; sourceTree = BUILT_PRODUCTS_DIR; };
		9FC750471D2A532C00458D91 /* Apollo.h */ = {isa = PBXFileReference; lastKnownFileType = sourcecode.c.h; path = Apollo.h; sourceTree = "<group>"; };
		9FC750491D2A532C00458D91 /* Info.plist */ = {isa = PBXFileReference; lastKnownFileType = text.plist.xml; path = Info.plist; sourceTree = "<group>"; };
		9FC7504E1D2A532D00458D91 /* ApolloTests.xctest */ = {isa = PBXFileReference; explicitFileType = wrapper.cfbundle; includeInIndex = 0; path = ApolloTests.xctest; sourceTree = BUILT_PRODUCTS_DIR; };
		9FC750551D2A532D00458D91 /* Info.plist */ = {isa = PBXFileReference; lastKnownFileType = text.plist.xml; path = Info.plist; sourceTree = "<group>"; };
		9FC750601D2A59C300458D91 /* GraphQLOperation.swift */ = {isa = PBXFileReference; fileEncoding = 4; lastKnownFileType = sourcecode.swift; path = GraphQLOperation.swift; sourceTree = "<group>"; };
		9FC750621D2A59F600458D91 /* ApolloClient.swift */ = {isa = PBXFileReference; fileEncoding = 4; lastKnownFileType = sourcecode.swift; path = ApolloClient.swift; sourceTree = "<group>"; };
		9FC9A9BC1E2C271C0023C4D5 /* RecordSet.swift */ = {isa = PBXFileReference; fileEncoding = 4; lastKnownFileType = sourcecode.swift; path = RecordSet.swift; sourceTree = "<group>"; };
		9FC9A9BE1E2C27FB0023C4D5 /* GraphQLResult.swift */ = {isa = PBXFileReference; fileEncoding = 4; lastKnownFileType = sourcecode.swift; path = GraphQLResult.swift; sourceTree = "<group>"; };
		9FC9A9C11E2D3CAF0023C4D5 /* GraphQLInputValue.swift */ = {isa = PBXFileReference; fileEncoding = 4; lastKnownFileType = sourcecode.swift; path = GraphQLInputValue.swift; sourceTree = "<group>"; };
		9FC9A9C41E2D6CE70023C4D5 /* GraphQLSelectionSet.swift */ = {isa = PBXFileReference; fileEncoding = 4; lastKnownFileType = sourcecode.swift; path = GraphQLSelectionSet.swift; sourceTree = "<group>"; };
		9FC9A9C71E2EFE6E0023C4D5 /* CacheKeyForFieldTests.swift */ = {isa = PBXFileReference; fileEncoding = 4; lastKnownFileType = sourcecode.swift; path = CacheKeyForFieldTests.swift; sourceTree = "<group>"; };
		9FC9A9CB1E2FD0760023C4D5 /* Record.swift */ = {isa = PBXFileReference; fileEncoding = 4; lastKnownFileType = sourcecode.swift; path = Record.swift; sourceTree = "<group>"; };
		9FC9A9D21E2FD48B0023C4D5 /* GraphQLError.swift */ = {isa = PBXFileReference; fileEncoding = 4; lastKnownFileType = sourcecode.swift; path = GraphQLError.swift; sourceTree = "<group>"; };
		9FCDFD221E33A0D8007519DC /* AsynchronousOperation.swift */ = {isa = PBXFileReference; fileEncoding = 4; lastKnownFileType = sourcecode.swift; path = AsynchronousOperation.swift; sourceTree = "<group>"; };
		9FCDFD281E33D0CE007519DC /* GraphQLQueryWatcher.swift */ = {isa = PBXFileReference; fileEncoding = 4; lastKnownFileType = sourcecode.swift; path = GraphQLQueryWatcher.swift; sourceTree = "<group>"; };
		9FCE2CEB1E6BDAD100E34457 /* NormalizedCachingTests.swift */ = {isa = PBXFileReference; fileEncoding = 4; lastKnownFileType = sourcecode.swift; path = NormalizedCachingTests.swift; sourceTree = "<group>"; };
		9FCE2CED1E6BE2D800E34457 /* NormalizedCache.swift */ = {isa = PBXFileReference; fileEncoding = 4; lastKnownFileType = sourcecode.swift; path = NormalizedCache.swift; sourceTree = "<group>"; };
		9FCE2CFA1E6C213D00E34457 /* StarWarsAPI.framework */ = {isa = PBXFileReference; explicitFileType = wrapper.framework; includeInIndex = 0; path = StarWarsAPI.framework; sourceTree = BUILT_PRODUCTS_DIR; };
		9FCE2CFC1E6C213D00E34457 /* StarWarsAPI.h */ = {isa = PBXFileReference; lastKnownFileType = sourcecode.c.h; path = StarWarsAPI.h; sourceTree = "<group>"; };
		9FCE2CFD1E6C213D00E34457 /* Info.plist */ = {isa = PBXFileReference; lastKnownFileType = text.plist.xml; path = Info.plist; sourceTree = "<group>"; };
		9FCE2D0A1E6C258A00E34457 /* API.swift */ = {isa = PBXFileReference; fileEncoding = 4; lastKnownFileType = sourcecode.swift; path = API.swift; sourceTree = "<group>"; };
		9FCE2D0C1E6C259B00E34457 /* CreateReviewForEpisode.graphql */ = {isa = PBXFileReference; fileEncoding = 4; lastKnownFileType = text; path = CreateReviewForEpisode.graphql; sourceTree = "<group>"; };
		9FCE2D0D1E6C259B00E34457 /* HeroAndFriendsNames.graphql */ = {isa = PBXFileReference; fileEncoding = 4; lastKnownFileType = text; path = HeroAndFriendsNames.graphql; sourceTree = "<group>"; };
		9FCE2D0E1E6C259B00E34457 /* HeroAppearsIn.graphql */ = {isa = PBXFileReference; fileEncoding = 4; lastKnownFileType = text; path = HeroAppearsIn.graphql; sourceTree = "<group>"; };
		9FCE2D0F1E6C259B00E34457 /* HeroDetails.graphql */ = {isa = PBXFileReference; fileEncoding = 4; lastKnownFileType = text; path = HeroDetails.graphql; sourceTree = "<group>"; };
		9FCE2D111E6C259B00E34457 /* HeroName.graphql */ = {isa = PBXFileReference; fileEncoding = 4; lastKnownFileType = text; path = HeroName.graphql; sourceTree = "<group>"; };
		9FCE2D121E6C259B00E34457 /* HeroConditional.graphql */ = {isa = PBXFileReference; fileEncoding = 4; lastKnownFileType = text; path = HeroConditional.graphql; sourceTree = "<group>"; };
		9FCE2D131E6C259B00E34457 /* HeroParentTypeDependentField.graphql */ = {isa = PBXFileReference; fileEncoding = 4; lastKnownFileType = text; path = HeroParentTypeDependentField.graphql; sourceTree = "<group>"; };
		9FCE2D141E6C259B00E34457 /* HeroTypeDependentAliasedField.graphql */ = {isa = PBXFileReference; fileEncoding = 4; lastKnownFileType = text; path = HeroTypeDependentAliasedField.graphql; sourceTree = "<group>"; };
		9FCE2D151E6C259B00E34457 /* Human.graphql */ = {isa = PBXFileReference; fileEncoding = 4; lastKnownFileType = text; path = Human.graphql; sourceTree = "<group>"; };
		9FCE2D161E6C259B00E34457 /* SameHeroTwice.graphql */ = {isa = PBXFileReference; fileEncoding = 4; lastKnownFileType = text; path = SameHeroTwice.graphql; sourceTree = "<group>"; };
		9FCE2D171E6C259B00E34457 /* Starship.graphql */ = {isa = PBXFileReference; fileEncoding = 4; lastKnownFileType = text; path = Starship.graphql; sourceTree = "<group>"; };
		9FCE2D181E6C259B00E34457 /* TwoHeroes.graphql */ = {isa = PBXFileReference; fileEncoding = 4; lastKnownFileType = text; path = TwoHeroes.graphql; sourceTree = "<group>"; };
		9FD111D31F2A179A00E7B586 /* HeroFriendsOfFriends.graphql */ = {isa = PBXFileReference; lastKnownFileType = text; path = HeroFriendsOfFriends.graphql; sourceTree = "<group>"; };
		9FD637E11E6ACF88001EDBC8 /* TestHost iOS.app */ = {isa = PBXFileReference; explicitFileType = wrapper.application; includeInIndex = 0; path = "TestHost iOS.app"; sourceTree = BUILT_PRODUCTS_DIR; };
		9FD637E31E6ACF88001EDBC8 /* AppDelegate.swift */ = {isa = PBXFileReference; lastKnownFileType = sourcecode.swift; path = AppDelegate.swift; sourceTree = "<group>"; };
		9FD637E51E6ACF88001EDBC8 /* ViewController.swift */ = {isa = PBXFileReference; lastKnownFileType = sourcecode.swift; path = ViewController.swift; sourceTree = "<group>"; };
		9FD637E81E6ACF88001EDBC8 /* Base */ = {isa = PBXFileReference; lastKnownFileType = file.storyboard; name = Base; path = Base.lproj/Main.storyboard; sourceTree = "<group>"; };
		9FD637EA1E6ACF88001EDBC8 /* Assets.xcassets */ = {isa = PBXFileReference; lastKnownFileType = folder.assetcatalog; path = Assets.xcassets; sourceTree = "<group>"; };
		9FD637ED1E6ACF88001EDBC8 /* Base */ = {isa = PBXFileReference; lastKnownFileType = file.storyboard; name = Base; path = Base.lproj/LaunchScreen.storyboard; sourceTree = "<group>"; };
		9FD637EF1E6ACF88001EDBC8 /* Info.plist */ = {isa = PBXFileReference; lastKnownFileType = text.plist.xml; path = Info.plist; sourceTree = "<group>"; };
		9FE1C6E61E634C8D00C02284 /* PromiseTests.swift */ = {isa = PBXFileReference; fileEncoding = 4; lastKnownFileType = sourcecode.swift; path = PromiseTests.swift; sourceTree = "<group>"; };
		9FE3F3971DADBD870072078F /* check-and-run-apollo-codegen.sh */ = {isa = PBXFileReference; fileEncoding = 4; lastKnownFileType = text.script.sh; name = "check-and-run-apollo-codegen.sh"; path = "scripts/check-and-run-apollo-codegen.sh"; sourceTree = SOURCE_ROOT; };
		9FE941CF1E62C771007CDD89 /* Promise.swift */ = {isa = PBXFileReference; fileEncoding = 4; lastKnownFileType = sourcecode.swift; path = Promise.swift; sourceTree = "<group>"; };
		9FEB050C1DB5732300DA3B44 /* JSONSerializationFormat.swift */ = {isa = PBXFileReference; fileEncoding = 4; lastKnownFileType = sourcecode.swift; path = JSONSerializationFormat.swift; sourceTree = "<group>"; };
		9FEC15B31E681DAD00D461B4 /* Collections.swift */ = {isa = PBXFileReference; fileEncoding = 4; lastKnownFileType = sourcecode.swift; path = Collections.swift; sourceTree = "<group>"; };
		9FEC15B81E6965E300D461B4 /* Result.swift */ = {isa = PBXFileReference; fileEncoding = 4; lastKnownFileType = sourcecode.swift; path = Result.swift; sourceTree = "<group>"; };
		9FF90A5B1DDDEB100034C3B6 /* GraphQLResponse.swift */ = {isa = PBXFileReference; fileEncoding = 4; lastKnownFileType = sourcecode.swift; path = GraphQLResponse.swift; sourceTree = "<group>"; };
		9FF90A5C1DDDEB100034C3B6 /* GraphQLExecutor.swift */ = {isa = PBXFileReference; fileEncoding = 4; lastKnownFileType = sourcecode.swift; path = GraphQLExecutor.swift; sourceTree = "<group>"; };
		9FF90A6A1DDDEB420034C3B6 /* InputValueEncodingTests.swift */ = {isa = PBXFileReference; fileEncoding = 4; lastKnownFileType = sourcecode.swift; path = InputValueEncodingTests.swift; sourceTree = "<group>"; };
		9FF90A6B1DDDEB420034C3B6 /* ReadFieldValueTests.swift */ = {isa = PBXFileReference; fileEncoding = 4; lastKnownFileType = sourcecode.swift; path = ReadFieldValueTests.swift; sourceTree = "<group>"; };
		9FF90A6C1DDDEB420034C3B6 /* ParseQueryResponseTests.swift */ = {isa = PBXFileReference; fileEncoding = 4; lastKnownFileType = sourcecode.swift; path = ParseQueryResponseTests.swift; sourceTree = "<group>"; };
/* End PBXFileReference section */

/* Begin PBXFrameworksBuildPhase section */
		9F8A95741EC0FC1200304A2D /* Frameworks */ = {
			isa = PBXFrameworksBuildPhase;
			buildActionMask = 2147483647;
			files = (
				9FB9D1551EC102CB0086EEB5 /* XCTest.framework in Frameworks */,
				9F65B1211EC106F30090B25F /* Apollo.framework in Frameworks */,
			);
			runOnlyForDeploymentPostprocessing = 0;
		};
		9FA6ABB91EC0A988000017BE /* Frameworks */ = {
			isa = PBXFrameworksBuildPhase;
			buildActionMask = 2147483647;
			files = (
				9FA6ABD61EC0AA4D000017BE /* Apollo.framework in Frameworks */,
				9F8A95901EC0FFC100304A2D /* ApolloTestSupport.framework in Frameworks */,
				9FA6ABD51EC0AA49000017BE /* StarWarsAPI.framework in Frameworks */,
			);
			runOnlyForDeploymentPostprocessing = 0;
		};
		9FACA9BD1F42E67200AE2DBD /* Frameworks */ = {
			isa = PBXFrameworksBuildPhase;
			buildActionMask = 2147483647;
			files = (
				9FACA9BE1F42E67200AE2DBD /* Apollo.framework in Frameworks */,
			);
			runOnlyForDeploymentPostprocessing = 0;
		};
		9FC631301E6AE2080062707E /* Frameworks */ = {
			isa = PBXFrameworksBuildPhase;
			buildActionMask = 2147483647;
			files = (
				9FC631381E6AE2080062707E /* Apollo.framework in Frameworks */,
				9F8A95931EC0FFD100304A2D /* ApolloTestSupport.framework in Frameworks */,
				9F438D081E6C30B1007BDC1A /* StarWarsAPI.framework in Frameworks */,
			);
			runOnlyForDeploymentPostprocessing = 0;
		};
		9FC750401D2A532C00458D91 /* Frameworks */ = {
			isa = PBXFrameworksBuildPhase;
			buildActionMask = 2147483647;
			files = (
			);
			runOnlyForDeploymentPostprocessing = 0;
		};
		9FC7504B1D2A532D00458D91 /* Frameworks */ = {
			isa = PBXFrameworksBuildPhase;
			buildActionMask = 2147483647;
			files = (
				9FC7504F1D2A532D00458D91 /* Apollo.framework in Frameworks */,
				9F8A958D1EC0FFAB00304A2D /* ApolloTestSupport.framework in Frameworks */,
				9FCE2D091E6C254700E34457 /* StarWarsAPI.framework in Frameworks */,
			);
			runOnlyForDeploymentPostprocessing = 0;
		};
		9FCE2CF61E6C213D00E34457 /* Frameworks */ = {
			isa = PBXFrameworksBuildPhase;
			buildActionMask = 2147483647;
			files = (
				9F438D071E6C2FD9007BDC1A /* Apollo.framework in Frameworks */,
			);
			runOnlyForDeploymentPostprocessing = 0;
		};
		9FD637DE1E6ACF88001EDBC8 /* Frameworks */ = {
			isa = PBXFrameworksBuildPhase;
			buildActionMask = 2147483647;
			files = (
				9FCE2D011E6C213D00E34457 /* StarWarsAPI.framework in Frameworks */,
				9F0CA4451EE7F9E90032DD39 /* ApolloTestSupport.framework in Frameworks */,
				9FD637F51E6AD43F001EDBC8 /* Apollo.framework in Frameworks */,
			);
			runOnlyForDeploymentPostprocessing = 0;
		};
/* End PBXFrameworksBuildPhase section */

/* Begin PBXGroup section */
		9F27D4601D40363A00715680 /* Execution */ = {
			isa = PBXGroup;
			children = (
				9FF90A5C1DDDEB100034C3B6 /* GraphQLExecutor.swift */,
				9FA6F3671E65DF4700BF8D73 /* GraphQLResultAccumulator.swift */,
				9F86B68A1E6438D700B885FF /* GraphQLSelectionSetMapper.swift */,
				9F295E371E277B2A00A24949 /* GraphQLResultNormalizer.swift */,
				9FC2333C1E66BBF7001E4541 /* GraphQLDependencyTracker.swift */,
				9F86B68F1E65533D00B885FF /* GraphQLResponseGenerator.swift */,
				9FC9A9C41E2D6CE70023C4D5 /* GraphQLSelectionSet.swift */,
				9FC9A9C11E2D3CAF0023C4D5 /* GraphQLInputValue.swift */,
			);
			name = Execution;
			sourceTree = "<group>";
		};
		9F8A95791EC0FC1200304A2D /* ApolloTestSupport */ = {
			isa = PBXGroup;
			children = (
				9F8A95811EC0FD3300304A2D /* XCTAssertHelpers.swift */,
				9F8A95831EC0FD6100304A2D /* XCTestCase+Promise.swift */,
				9F10A51D1EC1BA0F0045E62B /* MockNetworkTransport.swift */,
				9F8A95851EC0FD9800304A2D /* TestCacheProvider.swift */,
				9F8A957A1EC0FC1200304A2D /* ApolloTestSupport.h */,
				9F8A957B1EC0FC1200304A2D /* Info.plist */,
			);
			path = ApolloTestSupport;
			sourceTree = "<group>";
		};
		9F98C84C1EC0859C00FFD919 /* Configuration */ = {
			isa = PBXGroup;
			children = (
				9F98C84D1EC085C400FFD919 /* Framework.xcconfig */,
			);
			name = Configuration;
			sourceTree = "<group>";
		};
		9FA6ABBD1EC0A988000017BE /* ApolloCacheDependentTests */ = {
			isa = PBXGroup;
			children = (
				9FA6ABC51EC0A9F7000017BE /* FetchQueryTests.swift */,
				9FA6ABC61EC0A9F7000017BE /* LoadQueryFromStoreTests.swift */,
				9FA6ABC81EC0A9F7000017BE /* StarWarsServerCachingRoundtripTests.swift */,
				9FA6ABC91EC0A9F7000017BE /* StarWarsServerTests.swift */,
				9F8622F71EC2004200C38162 /* ReadWriteFromStoreTests.swift */,
				9FA6ABCB1EC0A9F7000017BE /* WatchQueryTests.swift */,
				9FA6ABC01EC0A988000017BE /* Info.plist */,
			);
			path = ApolloCacheDependentTests;
			sourceTree = "<group>";
		};
		9FACA9C81F42E6E900AE2DBD /* GitHubAPI */ = {
			isa = PBXGroup;
			children = (
				9FACA9C91F42E6E900AE2DBD /* API.swift */,
				9FACA9CB1F42E6E900AE2DBD /* Repository.graphql */,
				9FACA9CA1F42E6E900AE2DBD /* GitHubAPI.h */,
				9FACA9CC1F42E6E900AE2DBD /* Info.plist */,
				9FACA9CD1F42E6E900AE2DBD /* schema.json */,
			);
			path = GitHubAPI;
			sourceTree = "<group>";
		};
		9FB9D1531EC102CB0086EEB5 /* Frameworks */ = {
			isa = PBXGroup;
			children = (
				9FB9D1541EC102CB0086EEB5 /* XCTest.framework */,
			);
			name = Frameworks;
			sourceTree = "<group>";
		};
		9FC4B9231D2BE4F00046A641 /* JSON */ = {
			isa = PBXGroup;
			children = (
				9FC4B91F1D2A6F8D0046A641 /* JSON.swift */,
				9FEB050C1DB5732300DA3B44 /* JSONSerializationFormat.swift */,
				9F27D4631D40379500715680 /* JSONStandardTypeConversions.swift */,
			);
			name = JSON;
			sourceTree = "<group>";
		};
		9FC631341E6AE2080062707E /* ApolloPerformanceTests */ = {
			isa = PBXGroup;
			children = (
				9FC631351E6AE2080062707E /* PromiseTests.swift */,
				9FCE2CEB1E6BDAD100E34457 /* NormalizedCachingTests.swift */,
				9FC631371E6AE2080062707E /* Info.plist */,
			);
			path = ApolloPerformanceTests;
			sourceTree = "<group>";
		};
		9FC7503A1D2A532C00458D91 = {
			isa = PBXGroup;
			children = (
				9FC750461D2A532C00458D91 /* Apollo */,
				9FCE2CF41E6C20E000E34457 /* Tests */,
				9F98C84C1EC0859C00FFD919 /* Configuration */,
				9FC750451D2A532C00458D91 /* Products */,
				9FB9D1531EC102CB0086EEB5 /* Frameworks */,
			);
			sourceTree = "<group>";
		};
		9FC750451D2A532C00458D91 /* Products */ = {
			isa = PBXGroup;
			children = (
				9FC750441D2A532C00458D91 /* Apollo.framework */,
				9FC7504E1D2A532D00458D91 /* ApolloTests.xctest */,
				9FD637E11E6ACF88001EDBC8 /* TestHost iOS.app */,
				9FC631331E6AE2080062707E /* ApolloPerformanceTests.xctest */,
				9FCE2CFA1E6C213D00E34457 /* StarWarsAPI.framework */,
				9FA6ABBC1EC0A988000017BE /* ApolloCacheDependentTests.xctest */,
				9F8A95781EC0FC1200304A2D /* ApolloTestSupport.framework */,
				9FACA9C61F42E67200AE2DBD /* GitHubAPI.framework */,
			);
			name = Products;
			sourceTree = "<group>";
		};
		9FC750461D2A532C00458D91 /* Apollo */ = {
			isa = PBXGroup;
			children = (
				9FC750621D2A59F600458D91 /* ApolloClient.swift */,
				9FC750601D2A59C300458D91 /* GraphQLOperation.swift */,
				9FC9A9BE1E2C27FB0023C4D5 /* GraphQLResult.swift */,
				9FC9A9D21E2FD48B0023C4D5 /* GraphQLError.swift */,
				9FCDFD281E33D0CE007519DC /* GraphQLQueryWatcher.swift */,
				9FC9A9CE1E2FD0CC0023C4D5 /* Network */,
				9FC9A9CA1E2FD05C0023C4D5 /* Store */,
				9F27D4601D40363A00715680 /* Execution */,
				9FC4B9231D2BE4F00046A641 /* JSON */,
				9FCDFD211E33A09F007519DC /* Utilities */,
				9FE3F3961DADBD0D0072078F /* Supporting Files */,
			);
			name = Apollo;
			path = Sources/Apollo;
			sourceTree = "<group>";
		};
		9FC750521D2A532D00458D91 /* ApolloTests */ = {
			isa = PBXGroup;
			children = (
				9FF90A6C1DDDEB420034C3B6 /* ParseQueryResponseTests.swift */,
				9F295E301E27534800A24949 /* NormalizeQueryResults.swift */,
				9F438D0B1E6C494C007BDC1A /* BatchedLoadTests.swift */,
				9FF90A6A1DDDEB420034C3B6 /* InputValueEncodingTests.swift */,
				9FF90A6B1DDDEB420034C3B6 /* ReadFieldValueTests.swift */,
				9F8622F91EC2117C00C38162 /* FragmentConstructionAndConversionTests.swift */,
				9F91CF8E1F6C0DB2008DD0BE /* MutatingResultsTests.swift */,
				9FC9A9C71E2EFE6E0023C4D5 /* CacheKeyForFieldTests.swift */,
				9FE1C6E61E634C8D00C02284 /* PromiseTests.swift */,
				9F19D8451EED8D3B00C57247 /* ResultOrPromiseTests.swift */,
				9FADC8531E6B86D900C677E6 /* DataLoaderTests.swift */,
				9FC750551D2A532D00458D91 /* Info.plist */,
			);
			path = ApolloTests;
			sourceTree = "<group>";
		};
		9FC9A9CA1E2FD05C0023C4D5 /* Store */ = {
			isa = PBXGroup;
			children = (
				9F55347A1DE1DB2100E54264 /* ApolloStore.swift */,
				9FCE2CED1E6BE2D800E34457 /* NormalizedCache.swift */,
				54DDB0911EA045870009DD99 /* InMemoryNormalizedCache.swift */,
				9FC9A9BC1E2C271C0023C4D5 /* RecordSet.swift */,
				9FC9A9CB1E2FD0760023C4D5 /* Record.swift */,
				9FADC84E1E6B865E00C677E6 /* DataLoader.swift */,
			);
			name = Store;
			sourceTree = "<group>";
		};
		9FC9A9CE1E2FD0CC0023C4D5 /* Network */ = {
			isa = PBXGroup;
			children = (
				9F69FFA81D42855900E000B1 /* NetworkTransport.swift */,
				9F4DAF2D1E48B84B00EBFF0B /* HTTPNetworkTransport.swift */,
				9FF90A5B1DDDEB100034C3B6 /* GraphQLResponse.swift */,
			);
			name = Network;
			sourceTree = "<group>";
		};
		9FCDFD211E33A09F007519DC /* Utilities */ = {
			isa = PBXGroup;
			children = (
				9F578D8F1D8D2CB300C0EA36 /* Utilities.swift */,
				9FCDFD221E33A0D8007519DC /* AsynchronousOperation.swift */,
				9FEC15B81E6965E300D461B4 /* Result.swift */,
				9FE941CF1E62C771007CDD89 /* Promise.swift */,
				9F19D8431EED568200C57247 /* ResultOrPromise.swift */,
				9FEC15B31E681DAD00D461B4 /* Collections.swift */,
				9FADC8491E6B0B2300C677E6 /* Locking.swift */,
			);
			name = Utilities;
			sourceTree = "<group>";
		};
		9FCE2CF41E6C20E000E34457 /* Tests */ = {
			isa = PBXGroup;
			children = (
				9FC750521D2A532D00458D91 /* ApolloTests */,
				9FA6ABBD1EC0A988000017BE /* ApolloCacheDependentTests */,
				9FC631341E6AE2080062707E /* ApolloPerformanceTests */,
				9F8A95791EC0FC1200304A2D /* ApolloTestSupport */,
				9FCE2CFB1E6C213D00E34457 /* StarWarsAPI */,
				9FACA9C81F42E6E900AE2DBD /* GitHubAPI */,
				9FD637E21E6ACF88001EDBC8 /* TestHost iOS */,
			);
			path = Tests;
			sourceTree = "<group>";
		};
		9FCE2CFB1E6C213D00E34457 /* StarWarsAPI */ = {
			isa = PBXGroup;
			children = (
				9FCE2D111E6C259B00E34457 /* HeroName.graphql */,
				9FCE2D0E1E6C259B00E34457 /* HeroAppearsIn.graphql */,
				9F8622FE1EC44A8600C38162 /* HeroNameAndAppearsIn.graphql */,
				9FCE2D121E6C259B00E34457 /* HeroConditional.graphql */,
				9FCE2D0D1E6C259B00E34457 /* HeroAndFriendsNames.graphql */,
				9FD111D31F2A179A00E7B586 /* HeroFriendsOfFriends.graphql */,
				9F3750501ECEFD2300C68F5E /* CharacterAndSubTypesFragments.graphql */,
				9FCE2D0F1E6C259B00E34457 /* HeroDetails.graphql */,
				9FCE2D131E6C259B00E34457 /* HeroParentTypeDependentField.graphql */,
				9FCE2D141E6C259B00E34457 /* HeroTypeDependentAliasedField.graphql */,
				9FCE2D151E6C259B00E34457 /* Human.graphql */,
				9FCE2D181E6C259B00E34457 /* TwoHeroes.graphql */,
				9FCE2D161E6C259B00E34457 /* SameHeroTwice.graphql */,
				9FCE2D171E6C259B00E34457 /* Starship.graphql */,
				9FCE2D0C1E6C259B00E34457 /* CreateReviewForEpisode.graphql */,
				9FCE2D0A1E6C258A00E34457 /* API.swift */,
				9FCE2CFC1E6C213D00E34457 /* StarWarsAPI.h */,
				9FCE2CFD1E6C213D00E34457 /* Info.plist */,
			);
			path = StarWarsAPI;
			sourceTree = "<group>";
		};
		9FD637E21E6ACF88001EDBC8 /* TestHost iOS */ = {
			isa = PBXGroup;
			children = (
				9FD637E31E6ACF88001EDBC8 /* AppDelegate.swift */,
				9FD637E51E6ACF88001EDBC8 /* ViewController.swift */,
				9FD637E71E6ACF88001EDBC8 /* Main.storyboard */,
				9FD637EA1E6ACF88001EDBC8 /* Assets.xcassets */,
				9FD637EC1E6ACF88001EDBC8 /* LaunchScreen.storyboard */,
				9FD637EF1E6ACF88001EDBC8 /* Info.plist */,
			);
			path = "TestHost iOS";
			sourceTree = "<group>";
		};
		9FE3F3961DADBD0D0072078F /* Supporting Files */ = {
			isa = PBXGroup;
			children = (
				9FC750471D2A532C00458D91 /* Apollo.h */,
				9FC750491D2A532C00458D91 /* Info.plist */,
				9FE3F3971DADBD870072078F /* check-and-run-apollo-codegen.sh */,
			);
			name = "Supporting Files";
			sourceTree = "<group>";
		};
/* End PBXGroup section */

/* Begin PBXHeadersBuildPhase section */
		9F8A95751EC0FC1200304A2D /* Headers */ = {
			isa = PBXHeadersBuildPhase;
			buildActionMask = 2147483647;
			files = (
				9F8A957C1EC0FC1200304A2D /* ApolloTestSupport.h in Headers */,
			);
			runOnlyForDeploymentPostprocessing = 0;
		};
		9FACA9BF1F42E67200AE2DBD /* Headers */ = {
			isa = PBXHeadersBuildPhase;
			buildActionMask = 2147483647;
			files = (
				9FACA9CF1F42E6E900AE2DBD /* GitHubAPI.h in Headers */,
			);
			runOnlyForDeploymentPostprocessing = 0;
		};
		9FC750411D2A532C00458D91 /* Headers */ = {
			isa = PBXHeadersBuildPhase;
			buildActionMask = 2147483647;
			files = (
				9FC750481D2A532C00458D91 /* Apollo.h in Headers */,
			);
			runOnlyForDeploymentPostprocessing = 0;
		};
		9FCE2CF71E6C213D00E34457 /* Headers */ = {
			isa = PBXHeadersBuildPhase;
			buildActionMask = 2147483647;
			files = (
				9FCE2CFE1E6C213D00E34457 /* StarWarsAPI.h in Headers */,
			);
			runOnlyForDeploymentPostprocessing = 0;
		};
/* End PBXHeadersBuildPhase section */

/* Begin PBXNativeTarget section */
		9F8A95771EC0FC1200304A2D /* ApolloTestSupport */ = {
			isa = PBXNativeTarget;
			buildConfigurationList = 9F8A95801EC0FC1200304A2D /* Build configuration list for PBXNativeTarget "ApolloTestSupport" */;
			buildPhases = (
				9F8A95731EC0FC1200304A2D /* Sources */,
				9F8A95741EC0FC1200304A2D /* Frameworks */,
				9F8A95751EC0FC1200304A2D /* Headers */,
				9F8A95761EC0FC1200304A2D /* Resources */,
			);
			buildRules = (
			);
			dependencies = (
				9F65B1201EC106E80090B25F /* PBXTargetDependency */,
			);
			name = ApolloTestSupport;
			productName = ApolloTestSupport;
			productReference = 9F8A95781EC0FC1200304A2D /* ApolloTestSupport.framework */;
			productType = "com.apple.product-type.framework";
		};
		9FA6ABBB1EC0A988000017BE /* ApolloCacheDependentTests */ = {
			isa = PBXNativeTarget;
			buildConfigurationList = 9FA6ABC11EC0A988000017BE /* Build configuration list for PBXNativeTarget "ApolloCacheDependentTests" */;
			buildPhases = (
				9FA6ABB81EC0A988000017BE /* Sources */,
				9FA6ABB91EC0A988000017BE /* Frameworks */,
				9FA6ABBA1EC0A988000017BE /* Resources */,
			);
			buildRules = (
			);
			dependencies = (
				9FA6ABD81EC0AA55000017BE /* PBXTargetDependency */,
				9F8A958F1EC0FFB800304A2D /* PBXTargetDependency */,
				9FA6ABD41EC0AA42000017BE /* PBXTargetDependency */,
			);
			name = ApolloCacheDependentTests;
			productName = ApolloCacheDependentTests;
			productReference = 9FA6ABBC1EC0A988000017BE /* ApolloCacheDependentTests.xctest */;
			productType = "com.apple.product-type.bundle.unit-test";
		};
		9FACA9B71F42E67200AE2DBD /* GitHubAPI */ = {
			isa = PBXNativeTarget;
			buildConfigurationList = 9FACA9C21F42E67200AE2DBD /* Build configuration list for PBXNativeTarget "GitHubAPI" */;
			buildPhases = (
				9FACA9BA1F42E67200AE2DBD /* Generate Apollo Client API */,
				9FACA9BB1F42E67200AE2DBD /* Sources */,
				9FACA9BD1F42E67200AE2DBD /* Frameworks */,
				9FACA9BF1F42E67200AE2DBD /* Headers */,
				9FACA9C11F42E67200AE2DBD /* Resources */,
			);
			buildRules = (
			);
			dependencies = (
				9FACA9B81F42E67200AE2DBD /* PBXTargetDependency */,
			);
			name = GitHubAPI;
			productName = StarWarsAPI;
			productReference = 9FACA9C61F42E67200AE2DBD /* GitHubAPI.framework */;
			productType = "com.apple.product-type.framework";
		};
		9FC631321E6AE2080062707E /* ApolloPerformanceTests */ = {
			isa = PBXNativeTarget;
			buildConfigurationList = 9FC6313B1E6AE2080062707E /* Build configuration list for PBXNativeTarget "ApolloPerformanceTests" */;
			buildPhases = (
				9FC6312F1E6AE2080062707E /* Sources */,
				9FC631301E6AE2080062707E /* Frameworks */,
				9FC631311E6AE2080062707E /* Resources */,
			);
			buildRules = (
			);
			dependencies = (
				9FC6313A1E6AE2080062707E /* PBXTargetDependency */,
				9F8A95921EC0FFCB00304A2D /* PBXTargetDependency */,
				9F438D0A1E6C30C3007BDC1A /* PBXTargetDependency */,
				9FC6313F1E6AE2D90062707E /* PBXTargetDependency */,
			);
			name = ApolloPerformanceTests;
			productName = ApolloPerformanceTests;
			productReference = 9FC631331E6AE2080062707E /* ApolloPerformanceTests.xctest */;
			productType = "com.apple.product-type.bundle.unit-test";
		};
		9FC750431D2A532C00458D91 /* Apollo */ = {
			isa = PBXNativeTarget;
			buildConfigurationList = 9FC750581D2A532D00458D91 /* Build configuration list for PBXNativeTarget "Apollo" */;
			buildPhases = (
				9FC7503F1D2A532C00458D91 /* Sources */,
				9FC750401D2A532C00458D91 /* Frameworks */,
				9FC750411D2A532C00458D91 /* Headers */,
				9FC750421D2A532C00458D91 /* Resources */,
			);
			buildRules = (
			);
			dependencies = (
			);
			name = Apollo;
			productName = Apollo;
			productReference = 9FC750441D2A532C00458D91 /* Apollo.framework */;
			productType = "com.apple.product-type.framework";
		};
		9FC7504D1D2A532D00458D91 /* ApolloTests */ = {
			isa = PBXNativeTarget;
			buildConfigurationList = 9FC7505B1D2A532D00458D91 /* Build configuration list for PBXNativeTarget "ApolloTests" */;
			buildPhases = (
				9FC7504A1D2A532D00458D91 /* Sources */,
				9FC7504B1D2A532D00458D91 /* Frameworks */,
				9FC7504C1D2A532D00458D91 /* Resources */,
			);
			buildRules = (
			);
			dependencies = (
				9FC750511D2A532D00458D91 /* PBXTargetDependency */,
				9F8A958C1EC0FF9F00304A2D /* PBXTargetDependency */,
				9FCE2D081E6C254000E34457 /* PBXTargetDependency */,
			);
			name = ApolloTests;
			productName = ApolloTests;
			productReference = 9FC7504E1D2A532D00458D91 /* ApolloTests.xctest */;
			productType = "com.apple.product-type.bundle.unit-test";
		};
		9FCE2CF91E6C213D00E34457 /* StarWarsAPI */ = {
			isa = PBXNativeTarget;
			buildConfigurationList = 9FCE2D031E6C213D00E34457 /* Build configuration list for PBXNativeTarget "StarWarsAPI" */;
			buildPhases = (
				9FCE2D061E6C251100E34457 /* Generate Apollo Client API */,
				9FCE2CF51E6C213D00E34457 /* Sources */,
				9FCE2CF61E6C213D00E34457 /* Frameworks */,
				9FCE2CF71E6C213D00E34457 /* Headers */,
				9FCE2CF81E6C213D00E34457 /* Resources */,
			);
			buildRules = (
			);
			dependencies = (
				9FA5FBB61EC05CE900304A9D /* PBXTargetDependency */,
			);
			name = StarWarsAPI;
			productName = StarWarsAPI;
			productReference = 9FCE2CFA1E6C213D00E34457 /* StarWarsAPI.framework */;
			productType = "com.apple.product-type.framework";
		};
		9FD637E01E6ACF88001EDBC8 /* TestHost iOS */ = {
			isa = PBXNativeTarget;
			buildConfigurationList = 9FD637F01E6ACF88001EDBC8 /* Build configuration list for PBXNativeTarget "TestHost iOS" */;
			buildPhases = (
				9FD637DD1E6ACF88001EDBC8 /* Sources */,
				9FD637DE1E6ACF88001EDBC8 /* Frameworks */,
				9FD637DF1E6ACF88001EDBC8 /* Resources */,
				9FD637F91E6AD440001EDBC8 /* Embed Frameworks */,
			);
			buildRules = (
			);
			dependencies = (
				9FD637F81E6AD43F001EDBC8 /* PBXTargetDependency */,
				9FCE2D001E6C213D00E34457 /* PBXTargetDependency */,
				9F0CA4481EE7F9E90032DD39 /* PBXTargetDependency */,
			);
			name = "TestHost iOS";
			productName = "TestHost iOS";
			productReference = 9FD637E11E6ACF88001EDBC8 /* TestHost iOS.app */;
			productType = "com.apple.product-type.application";
		};
/* End PBXNativeTarget section */

/* Begin PBXProject section */
		9FC7503B1D2A532C00458D91 /* Project object */ = {
			isa = PBXProject;
			attributes = {
				LastSwiftUpdateCheck = 0830;
				LastUpgradeCheck = 0900;
				ORGANIZATIONNAME = "Apollo GraphQL";
				TargetAttributes = {
					9F8A95771EC0FC1200304A2D = {
						CreatedOnToolsVersion = 8.3.2;
						DevelopmentTeam = 5TL236FN6U;
						LastSwiftMigration = 0900;
						ProvisioningStyle = Automatic;
					};
					9FA6ABBB1EC0A988000017BE = {
						CreatedOnToolsVersion = 8.3.2;
						DevelopmentTeam = 5TL236FN6U;
						LastSwiftMigration = 0900;
						ProvisioningStyle = Automatic;
					};
					9FC631321E6AE2080062707E = {
						CreatedOnToolsVersion = 8.2.1;
						DevelopmentTeam = 5TL236FN6U;
						ProvisioningStyle = Automatic;
						TestTargetID = 9FD637E01E6ACF88001EDBC8;
					};
					9FC750431D2A532C00458D91 = {
						CreatedOnToolsVersion = 8.0;
						DevelopmentTeamName = "Martijn Walraven";
						LastSwiftMigration = 0900;
						ProvisioningStyle = Manual;
					};
					9FC7504D1D2A532D00458D91 = {
						CreatedOnToolsVersion = 8.0;
						DevelopmentTeam = 5TL236FN6U;
						DevelopmentTeamName = "Martijn Walraven";
						LastSwiftMigration = 0900;
						ProvisioningStyle = Automatic;
					};
					9FCE2CF91E6C213D00E34457 = {
						CreatedOnToolsVersion = 8.2.1;
						DevelopmentTeam = 5TL236FN6U;
						LastSwiftMigration = 0900;
						ProvisioningStyle = Automatic;
					};
					9FD637E01E6ACF88001EDBC8 = {
						CreatedOnToolsVersion = 8.2.1;
						DevelopmentTeam = 5TL236FN6U;
						ProvisioningStyle = Automatic;
					};
				};
			};
			buildConfigurationList = 9FC7503E1D2A532C00458D91 /* Build configuration list for PBXProject "Apollo" */;
			compatibilityVersion = "Xcode 3.2";
			developmentRegion = English;
			hasScannedForEncodings = 0;
			knownRegions = (
				en,
				Base,
			);
			mainGroup = 9FC7503A1D2A532C00458D91;
			productRefGroup = 9FC750451D2A532C00458D91 /* Products */;
			projectDirPath = "";
			projectRoot = "";
			targets = (
				9FC750431D2A532C00458D91 /* Apollo */,
				9FC7504D1D2A532D00458D91 /* ApolloTests */,
				9FA6ABBB1EC0A988000017BE /* ApolloCacheDependentTests */,
				9FC631321E6AE2080062707E /* ApolloPerformanceTests */,
				9FCE2CF91E6C213D00E34457 /* StarWarsAPI */,
				9FACA9B71F42E67200AE2DBD /* GitHubAPI */,
				9FD637E01E6ACF88001EDBC8 /* TestHost iOS */,
				9F8A95771EC0FC1200304A2D /* ApolloTestSupport */,
			);
		};
/* End PBXProject section */

/* Begin PBXResourcesBuildPhase section */
		9F8A95761EC0FC1200304A2D /* Resources */ = {
			isa = PBXResourcesBuildPhase;
			buildActionMask = 2147483647;
			files = (
			);
			runOnlyForDeploymentPostprocessing = 0;
		};
		9FA6ABBA1EC0A988000017BE /* Resources */ = {
			isa = PBXResourcesBuildPhase;
			buildActionMask = 2147483647;
			files = (
			);
			runOnlyForDeploymentPostprocessing = 0;
		};
		9FACA9C11F42E67200AE2DBD /* Resources */ = {
			isa = PBXResourcesBuildPhase;
			buildActionMask = 2147483647;
			files = (
			);
			runOnlyForDeploymentPostprocessing = 0;
		};
		9FC631311E6AE2080062707E /* Resources */ = {
			isa = PBXResourcesBuildPhase;
			buildActionMask = 2147483647;
			files = (
			);
			runOnlyForDeploymentPostprocessing = 0;
		};
		9FC750421D2A532C00458D91 /* Resources */ = {
			isa = PBXResourcesBuildPhase;
			buildActionMask = 2147483647;
			files = (
				9FE3F3981DADBD870072078F /* check-and-run-apollo-codegen.sh in Resources */,
			);
			runOnlyForDeploymentPostprocessing = 0;
		};
		9FC7504C1D2A532D00458D91 /* Resources */ = {
			isa = PBXResourcesBuildPhase;
			buildActionMask = 2147483647;
			files = (
			);
			runOnlyForDeploymentPostprocessing = 0;
		};
		9FCE2CF81E6C213D00E34457 /* Resources */ = {
			isa = PBXResourcesBuildPhase;
			buildActionMask = 2147483647;
			files = (
			);
			runOnlyForDeploymentPostprocessing = 0;
		};
		9FD637DF1E6ACF88001EDBC8 /* Resources */ = {
			isa = PBXResourcesBuildPhase;
			buildActionMask = 2147483647;
			files = (
				9FD637EE1E6ACF88001EDBC8 /* LaunchScreen.storyboard in Resources */,
				9FD637EB1E6ACF88001EDBC8 /* Assets.xcassets in Resources */,
				9FD637E91E6ACF88001EDBC8 /* Main.storyboard in Resources */,
			);
			runOnlyForDeploymentPostprocessing = 0;
		};
/* End PBXResourcesBuildPhase section */

/* Begin PBXShellScriptBuildPhase section */
		9FACA9BA1F42E67200AE2DBD /* Generate Apollo Client API */ = {
			isa = PBXShellScriptBuildPhase;
			buildActionMask = 2147483647;
			files = (
			);
			inputPaths = (
			);
			name = "Generate Apollo Client API";
			outputPaths = (
			);
			runOnlyForDeploymentPostprocessing = 0;
			shellPath = /bin/sh;
			shellScript = "APOLLO_FRAMEWORK_PATH=$(eval find $FRAMEWORK_SEARCH_PATHS -name \"Apollo.framework\" -maxdepth 1)\n\nif [ -z \"$APOLLO_FRAMEWORK_PATH\" ]; then\necho \"error: Couldn't find Apollo.framework in FRAMEWORK_SEARCH_PATHS; make sure to add the framework to your project.\"\nexit 1\nfi\n\ncd ${SRCROOT}/Tests/GitHubAPI\n$(find $APOLLO_FRAMEWORK_PATH -name 'check-and-run-apollo-codegen.sh') generate $(find . -name '*.graphql') --schema schema.json --merge-in-fields-from-fragment-spreads true --output API.swift";
		};
		9FCE2D061E6C251100E34457 /* Generate Apollo Client API */ = {
			isa = PBXShellScriptBuildPhase;
			buildActionMask = 2147483647;
			files = (
			);
			inputPaths = (
			);
			name = "Generate Apollo Client API";
			outputPaths = (
			);
			runOnlyForDeploymentPostprocessing = 0;
			shellPath = /bin/sh;
			shellScript = "APOLLO_FRAMEWORK_PATH=$(eval find $FRAMEWORK_SEARCH_PATHS -name \"Apollo.framework\" -maxdepth 1)\n\nif [ -z \"$APOLLO_FRAMEWORK_PATH\" ]; then\necho \"error: Couldn't find Apollo.framework in FRAMEWORK_SEARCH_PATHS; make sure to add the framework to your project.\"\nexit 1\nfi\n\ncd ${SRCROOT}/Tests/StarWarsAPI\n$(find $APOLLO_FRAMEWORK_PATH -name 'check-and-run-apollo-codegen.sh') generate $(find . -name '*.graphql') --schema schema.json --merge-in-fields-from-fragment-spreads true --output API.swift";
		};
/* End PBXShellScriptBuildPhase section */

/* Begin PBXSourcesBuildPhase section */
		9F8A95731EC0FC1200304A2D /* Sources */ = {
			isa = PBXSourcesBuildPhase;
			buildActionMask = 2147483647;
			files = (
				9F8A95841EC0FD6100304A2D /* XCTestCase+Promise.swift in Sources */,
				9F8A95821EC0FD3300304A2D /* XCTAssertHelpers.swift in Sources */,
				9F10A51E1EC1BA0F0045E62B /* MockNetworkTransport.swift in Sources */,
				9F8A95861EC0FD9800304A2D /* TestCacheProvider.swift in Sources */,
			);
			runOnlyForDeploymentPostprocessing = 0;
		};
		9FA6ABB81EC0A988000017BE /* Sources */ = {
			isa = PBXSourcesBuildPhase;
			buildActionMask = 2147483647;
			files = (
				9FA6ABCD1EC0A9F7000017BE /* LoadQueryFromStoreTests.swift in Sources */,
				9FA6ABCF1EC0A9F7000017BE /* StarWarsServerCachingRoundtripTests.swift in Sources */,
				9FA6ABD21EC0A9F7000017BE /* WatchQueryTests.swift in Sources */,
				9FA6ABD01EC0A9F7000017BE /* StarWarsServerTests.swift in Sources */,
				9FA6ABCC1EC0A9F7000017BE /* FetchQueryTests.swift in Sources */,
				9F8622F81EC2004200C38162 /* ReadWriteFromStoreTests.swift in Sources */,
			);
			runOnlyForDeploymentPostprocessing = 0;
		};
		9FACA9BB1F42E67200AE2DBD /* Sources */ = {
			isa = PBXSourcesBuildPhase;
			buildActionMask = 2147483647;
			files = (
				9FACA9CE1F42E6E900AE2DBD /* API.swift in Sources */,
			);
			runOnlyForDeploymentPostprocessing = 0;
		};
		9FC6312F1E6AE2080062707E /* Sources */ = {
			isa = PBXSourcesBuildPhase;
			buildActionMask = 2147483647;
			files = (
				9FC631361E6AE2080062707E /* PromiseTests.swift in Sources */,
				9FCE2CEC1E6BDAD100E34457 /* NormalizedCachingTests.swift in Sources */,
			);
			runOnlyForDeploymentPostprocessing = 0;
		};
		9FC7503F1D2A532C00458D91 /* Sources */ = {
			isa = PBXSourcesBuildPhase;
			buildActionMask = 2147483647;
			files = (
				9FF33D811E48B98200F608A4 /* HTTPNetworkTransport.swift in Sources */,
				9FCE2CEE1E6BE2D900E34457 /* NormalizedCache.swift in Sources */,
				9FADC84A1E6B0B2300C677E6 /* Locking.swift in Sources */,
				9F295E381E277B2A00A24949 /* GraphQLResultNormalizer.swift in Sources */,
				9F86B68B1E6438D700B885FF /* GraphQLSelectionSetMapper.swift in Sources */,
				9F55347B1DE1DB2100E54264 /* ApolloStore.swift in Sources */,
				9F69FFA91D42855900E000B1 /* NetworkTransport.swift in Sources */,
				9FCDFD291E33D0CE007519DC /* GraphQLQueryWatcher.swift in Sources */,
				9FC2333D1E66BBF7001E4541 /* GraphQLDependencyTracker.swift in Sources */,
				9F19D8441EED568200C57247 /* ResultOrPromise.swift in Sources */,
				9FC9A9BF1E2C27FB0023C4D5 /* GraphQLResult.swift in Sources */,
				9FC9A9D31E2FD48B0023C4D5 /* GraphQLError.swift in Sources */,
				9FEB050D1DB5732300DA3B44 /* JSONSerializationFormat.swift in Sources */,
				54DDB0921EA045870009DD99 /* InMemoryNormalizedCache.swift in Sources */,
				9FC9A9C51E2D6CE70023C4D5 /* GraphQLSelectionSet.swift in Sources */,
				9FCDFD231E33A0D8007519DC /* AsynchronousOperation.swift in Sources */,
				9FC9A9CC1E2FD0760023C4D5 /* Record.swift in Sources */,
				9FC4B9201D2A6F8D0046A641 /* JSON.swift in Sources */,
				9FEC15B41E681DAD00D461B4 /* Collections.swift in Sources */,
				9F578D901D8D2CB300C0EA36 /* Utilities.swift in Sources */,
				9FC9A9BD1E2C271C0023C4D5 /* RecordSet.swift in Sources */,
				9FEC15B91E6965E300D461B4 /* Result.swift in Sources */,
				9FADC84F1E6B865E00C677E6 /* DataLoader.swift in Sources */,
				9FF90A611DDDEB100034C3B6 /* GraphQLResponse.swift in Sources */,
				9F27D4641D40379500715680 /* JSONStandardTypeConversions.swift in Sources */,
				9FA6F3681E65DF4700BF8D73 /* GraphQLResultAccumulator.swift in Sources */,
				9FF90A651DDDEB100034C3B6 /* GraphQLExecutor.swift in Sources */,
				9FC750611D2A59C300458D91 /* GraphQLOperation.swift in Sources */,
				9FE941D01E62C771007CDD89 /* Promise.swift in Sources */,
				9FC750631D2A59F600458D91 /* ApolloClient.swift in Sources */,
				9F86B6901E65533D00B885FF /* GraphQLResponseGenerator.swift in Sources */,
				9FC9A9C21E2D3CAF0023C4D5 /* GraphQLInputValue.swift in Sources */,
			);
			runOnlyForDeploymentPostprocessing = 0;
		};
		9FC7504A1D2A532D00458D91 /* Sources */ = {
			isa = PBXSourcesBuildPhase;
			buildActionMask = 2147483647;
			files = (
				9FC9A9C81E2EFE6E0023C4D5 /* CacheKeyForFieldTests.swift in Sources */,
				9F91CF8F1F6C0DB2008DD0BE /* MutatingResultsTests.swift in Sources */,
				9F19D8461EED8D3B00C57247 /* ResultOrPromiseTests.swift in Sources */,
				9F533AB31E6C4A4200CBE097 /* BatchedLoadTests.swift in Sources */,
				9FF90A6F1DDDEB420034C3B6 /* InputValueEncodingTests.swift in Sources */,
				9FE1C6E71E634C8D00C02284 /* PromiseTests.swift in Sources */,
				9FADC8541E6B86D900C677E6 /* DataLoaderTests.swift in Sources */,
				9F8622FA1EC2117C00C38162 /* FragmentConstructionAndConversionTests.swift in Sources */,
				9FF90A711DDDEB420034C3B6 /* ReadFieldValueTests.swift in Sources */,
				9F295E311E27534800A24949 /* NormalizeQueryResults.swift in Sources */,
				9FF90A731DDDEB420034C3B6 /* ParseQueryResponseTests.swift in Sources */,
			);
			runOnlyForDeploymentPostprocessing = 0;
		};
		9FCE2CF51E6C213D00E34457 /* Sources */ = {
			isa = PBXSourcesBuildPhase;
			buildActionMask = 2147483647;
			files = (
				9FCE2D0B1E6C258A00E34457 /* API.swift in Sources */,
			);
			runOnlyForDeploymentPostprocessing = 0;
		};
		9FD637DD1E6ACF88001EDBC8 /* Sources */ = {
			isa = PBXSourcesBuildPhase;
			buildActionMask = 2147483647;
			files = (
				9FD637E61E6ACF88001EDBC8 /* ViewController.swift in Sources */,
				9FD637E41E6ACF88001EDBC8 /* AppDelegate.swift in Sources */,
			);
			runOnlyForDeploymentPostprocessing = 0;
		};
/* End PBXSourcesBuildPhase section */

/* Begin PBXTargetDependency section */
		9F0CA4481EE7F9E90032DD39 /* PBXTargetDependency */ = {
			isa = PBXTargetDependency;
			target = 9F8A95771EC0FC1200304A2D /* ApolloTestSupport */;
			targetProxy = 9F0CA4471EE7F9E90032DD39 /* PBXContainerItemProxy */;
		};
		9F438D0A1E6C30C3007BDC1A /* PBXTargetDependency */ = {
			isa = PBXTargetDependency;
			target = 9FCE2CF91E6C213D00E34457 /* StarWarsAPI */;
			targetProxy = 9F438D091E6C30C3007BDC1A /* PBXContainerItemProxy */;
		};
		9F65B1201EC106E80090B25F /* PBXTargetDependency */ = {
			isa = PBXTargetDependency;
			target = 9FC750431D2A532C00458D91 /* Apollo */;
			targetProxy = 9F65B11F1EC106E80090B25F /* PBXContainerItemProxy */;
		};
		9F8A958C1EC0FF9F00304A2D /* PBXTargetDependency */ = {
			isa = PBXTargetDependency;
			target = 9F8A95771EC0FC1200304A2D /* ApolloTestSupport */;
			targetProxy = 9F8A958B1EC0FF9F00304A2D /* PBXContainerItemProxy */;
		};
		9F8A958F1EC0FFB800304A2D /* PBXTargetDependency */ = {
			isa = PBXTargetDependency;
			target = 9F8A95771EC0FC1200304A2D /* ApolloTestSupport */;
			targetProxy = 9F8A958E1EC0FFB800304A2D /* PBXContainerItemProxy */;
		};
		9F8A95921EC0FFCB00304A2D /* PBXTargetDependency */ = {
			isa = PBXTargetDependency;
			target = 9F8A95771EC0FC1200304A2D /* ApolloTestSupport */;
			targetProxy = 9F8A95911EC0FFCB00304A2D /* PBXContainerItemProxy */;
		};
		9FA5FBB61EC05CE900304A9D /* PBXTargetDependency */ = {
			isa = PBXTargetDependency;
			target = 9FC750431D2A532C00458D91 /* Apollo */;
			targetProxy = 9FA5FBB51EC05CE900304A9D /* PBXContainerItemProxy */;
		};
		9FA6ABD41EC0AA42000017BE /* PBXTargetDependency */ = {
			isa = PBXTargetDependency;
			target = 9FCE2CF91E6C213D00E34457 /* StarWarsAPI */;
			targetProxy = 9FA6ABD31EC0AA42000017BE /* PBXContainerItemProxy */;
		};
		9FA6ABD81EC0AA55000017BE /* PBXTargetDependency */ = {
			isa = PBXTargetDependency;
			target = 9FC750431D2A532C00458D91 /* Apollo */;
			targetProxy = 9FA6ABD71EC0AA55000017BE /* PBXContainerItemProxy */;
		};
		9FACA9B81F42E67200AE2DBD /* PBXTargetDependency */ = {
			isa = PBXTargetDependency;
			target = 9FC750431D2A532C00458D91 /* Apollo */;
			targetProxy = 9FACA9B91F42E67200AE2DBD /* PBXContainerItemProxy */;
		};
		9FC6313A1E6AE2080062707E /* PBXTargetDependency */ = {
			isa = PBXTargetDependency;
			target = 9FC750431D2A532C00458D91 /* Apollo */;
			targetProxy = 9FC631391E6AE2080062707E /* PBXContainerItemProxy */;
		};
		9FC6313F1E6AE2D90062707E /* PBXTargetDependency */ = {
			isa = PBXTargetDependency;
			target = 9FD637E01E6ACF88001EDBC8 /* TestHost iOS */;
			targetProxy = 9FC6313E1E6AE2D90062707E /* PBXContainerItemProxy */;
		};
		9FC750511D2A532D00458D91 /* PBXTargetDependency */ = {
			isa = PBXTargetDependency;
			target = 9FC750431D2A532C00458D91 /* Apollo */;
			targetProxy = 9FC750501D2A532D00458D91 /* PBXContainerItemProxy */;
		};
		9FCE2D001E6C213D00E34457 /* PBXTargetDependency */ = {
			isa = PBXTargetDependency;
			target = 9FCE2CF91E6C213D00E34457 /* StarWarsAPI */;
			targetProxy = 9FCE2CFF1E6C213D00E34457 /* PBXContainerItemProxy */;
		};
		9FCE2D081E6C254000E34457 /* PBXTargetDependency */ = {
			isa = PBXTargetDependency;
			target = 9FCE2CF91E6C213D00E34457 /* StarWarsAPI */;
			targetProxy = 9FCE2D071E6C254000E34457 /* PBXContainerItemProxy */;
		};
		9FD637F81E6AD43F001EDBC8 /* PBXTargetDependency */ = {
			isa = PBXTargetDependency;
			target = 9FC750431D2A532C00458D91 /* Apollo */;
			targetProxy = 9FD637F71E6AD43F001EDBC8 /* PBXContainerItemProxy */;
		};
/* End PBXTargetDependency section */

/* Begin PBXVariantGroup section */
		9FD637E71E6ACF88001EDBC8 /* Main.storyboard */ = {
			isa = PBXVariantGroup;
			children = (
				9FD637E81E6ACF88001EDBC8 /* Base */,
			);
			name = Main.storyboard;
			sourceTree = "<group>";
		};
		9FD637EC1E6ACF88001EDBC8 /* LaunchScreen.storyboard */ = {
			isa = PBXVariantGroup;
			children = (
				9FD637ED1E6ACF88001EDBC8 /* Base */,
			);
			name = LaunchScreen.storyboard;
			sourceTree = "<group>";
		};
/* End PBXVariantGroup section */

/* Begin XCBuildConfiguration section */
		9F8A957D1EC0FC1200304A2D /* Debug */ = {
			isa = XCBuildConfiguration;
			baseConfigurationReference = 9F98C84D1EC085C400FFD919 /* Framework.xcconfig */;
			buildSettings = {
				CLANG_ANALYZER_NUMBER_OBJECT_CONVERSION = YES_AGGRESSIVE;
				CLANG_ENABLE_MODULES = YES;
				CODE_SIGN_IDENTITY = "";
				CURRENT_PROJECT_VERSION = 1;
				DEFINES_MODULE = YES;
				DEVELOPMENT_TEAM = 5TL236FN6U;
				DYLIB_COMPATIBILITY_VERSION = 1;
				DYLIB_CURRENT_VERSION = 1;
				DYLIB_INSTALL_NAME_BASE = "@rpath";
				ENABLE_BITCODE = NO;
				FRAMEWORK_SEARCH_PATHS = (
					"$(DEVELOPER_FRAMEWORKS_DIR)",
					"$(PLATFORM_DIR)/Developer/Library/Frameworks",
				);
				INFOPLIST_FILE = Tests/ApolloTestSupport/Info.plist;
				INSTALL_PATH = "$(LOCAL_LIBRARY_DIR)/Frameworks";
				LD_RUNPATH_SEARCH_PATHS = "$(inherited) @executable_path/Frameworks @loader_path/Frameworks";
				OTHER_LDFLAGS = (
					"-weak_framework",
					XCTest,
					"-weak-lswiftXCTest",
				);
				PRODUCT_BUNDLE_IDENTIFIER = com.apollographql.ApolloTestSupport;
				PRODUCT_NAME = "$(TARGET_NAME)";
				SKIP_INSTALL = YES;
				SWIFT_OPTIMIZATION_LEVEL = "-Onone";
				TARGETED_DEVICE_FAMILY = "1,2";
				VERSIONING_SYSTEM = "apple-generic";
			};
			name = Debug;
		};
		9F8A957E1EC0FC1200304A2D /* Release */ = {
			isa = XCBuildConfiguration;
			baseConfigurationReference = 9F98C84D1EC085C400FFD919 /* Framework.xcconfig */;
			buildSettings = {
				CLANG_ANALYZER_NUMBER_OBJECT_CONVERSION = YES_AGGRESSIVE;
				CLANG_ENABLE_MODULES = YES;
				CODE_SIGN_IDENTITY = "";
				CURRENT_PROJECT_VERSION = 1;
				DEFINES_MODULE = YES;
				DEVELOPMENT_TEAM = 5TL236FN6U;
				DYLIB_COMPATIBILITY_VERSION = 1;
				DYLIB_CURRENT_VERSION = 1;
				DYLIB_INSTALL_NAME_BASE = "@rpath";
				ENABLE_BITCODE = NO;
				FRAMEWORK_SEARCH_PATHS = (
					"$(DEVELOPER_FRAMEWORKS_DIR)",
					"$(PLATFORM_DIR)/Developer/Library/Frameworks",
				);
				INFOPLIST_FILE = Tests/ApolloTestSupport/Info.plist;
				INSTALL_PATH = "$(LOCAL_LIBRARY_DIR)/Frameworks";
				LD_RUNPATH_SEARCH_PATHS = "$(inherited) @executable_path/Frameworks @loader_path/Frameworks";
				OTHER_LDFLAGS = (
					"-weak_framework",
					XCTest,
					"-weak-lswiftXCTest",
				);
				PRODUCT_BUNDLE_IDENTIFIER = com.apollographql.ApolloTestSupport;
				PRODUCT_NAME = "$(TARGET_NAME)";
				SKIP_INSTALL = YES;
				TARGETED_DEVICE_FAMILY = "1,2";
				VERSIONING_SYSTEM = "apple-generic";
			};
			name = Release;
		};
		9F8A957F1EC0FC1200304A2D /* PerformanceTesting */ = {
			isa = XCBuildConfiguration;
			baseConfigurationReference = 9F98C84D1EC085C400FFD919 /* Framework.xcconfig */;
			buildSettings = {
				CLANG_ANALYZER_NUMBER_OBJECT_CONVERSION = YES_AGGRESSIVE;
				CLANG_ENABLE_MODULES = YES;
				CODE_SIGN_IDENTITY = "";
				CURRENT_PROJECT_VERSION = 1;
				DEFINES_MODULE = YES;
				DEVELOPMENT_TEAM = 5TL236FN6U;
				DYLIB_COMPATIBILITY_VERSION = 1;
				DYLIB_CURRENT_VERSION = 1;
				DYLIB_INSTALL_NAME_BASE = "@rpath";
				ENABLE_BITCODE = NO;
				FRAMEWORK_SEARCH_PATHS = (
					"$(DEVELOPER_FRAMEWORKS_DIR)",
					"$(PLATFORM_DIR)/Developer/Library/Frameworks",
				);
				INFOPLIST_FILE = Tests/ApolloTestSupport/Info.plist;
				INSTALL_PATH = "$(LOCAL_LIBRARY_DIR)/Frameworks";
				LD_RUNPATH_SEARCH_PATHS = "$(inherited) @executable_path/Frameworks @loader_path/Frameworks";
				OTHER_LDFLAGS = (
					"-weak_framework",
					XCTest,
					"-weak-lswiftXCTest",
				);
				PRODUCT_BUNDLE_IDENTIFIER = com.apollographql.ApolloTestSupport;
				PRODUCT_NAME = "$(TARGET_NAME)";
				SKIP_INSTALL = YES;
				TARGETED_DEVICE_FAMILY = "1,2";
				VERSIONING_SYSTEM = "apple-generic";
			};
			name = PerformanceTesting;
		};
		9FA6ABC21EC0A988000017BE /* Debug */ = {
			isa = XCBuildConfiguration;
			baseConfigurationReference = 9F98C84D1EC085C400FFD919 /* Framework.xcconfig */;
			buildSettings = {
				CLANG_ANALYZER_NUMBER_OBJECT_CONVERSION = YES_AGGRESSIVE;
				CLANG_ENABLE_MODULES = YES;
				DEVELOPMENT_TEAM = 5TL236FN6U;
				INFOPLIST_FILE = Tests/ApolloCacheDependentTests/Info.plist;
				IPHONEOS_DEPLOYMENT_TARGET = 10.3;
				LD_RUNPATH_SEARCH_PATHS = "$(inherited) @executable_path/Frameworks @loader_path/Frameworks";
				PRODUCT_BUNDLE_IDENTIFIER = com.apollographql.ApolloCacheDependentTests;
				PRODUCT_NAME = "$(TARGET_NAME)";
				SWIFT_OPTIMIZATION_LEVEL = "-Onone";
			};
			name = Debug;
		};
		9FA6ABC31EC0A988000017BE /* Release */ = {
			isa = XCBuildConfiguration;
			baseConfigurationReference = 9F98C84D1EC085C400FFD919 /* Framework.xcconfig */;
			buildSettings = {
				CLANG_ANALYZER_NUMBER_OBJECT_CONVERSION = YES_AGGRESSIVE;
				CLANG_ENABLE_MODULES = YES;
				DEVELOPMENT_TEAM = 5TL236FN6U;
				INFOPLIST_FILE = Tests/ApolloCacheDependentTests/Info.plist;
				IPHONEOS_DEPLOYMENT_TARGET = 10.3;
				LD_RUNPATH_SEARCH_PATHS = "$(inherited) @executable_path/Frameworks @loader_path/Frameworks";
				PRODUCT_BUNDLE_IDENTIFIER = com.apollographql.ApolloCacheDependentTests;
				PRODUCT_NAME = "$(TARGET_NAME)";
			};
			name = Release;
		};
		9FA6ABC41EC0A988000017BE /* PerformanceTesting */ = {
			isa = XCBuildConfiguration;
			baseConfigurationReference = 9F98C84D1EC085C400FFD919 /* Framework.xcconfig */;
			buildSettings = {
				CLANG_ANALYZER_NUMBER_OBJECT_CONVERSION = YES_AGGRESSIVE;
				CLANG_ENABLE_MODULES = YES;
				DEVELOPMENT_TEAM = 5TL236FN6U;
				INFOPLIST_FILE = Tests/ApolloCacheDependentTests/Info.plist;
				IPHONEOS_DEPLOYMENT_TARGET = 10.3;
				LD_RUNPATH_SEARCH_PATHS = "$(inherited) @executable_path/Frameworks @loader_path/Frameworks";
				PRODUCT_BUNDLE_IDENTIFIER = com.apollographql.ApolloCacheDependentTests;
				PRODUCT_NAME = "$(TARGET_NAME)";
			};
			name = PerformanceTesting;
		};
		9FACA9C31F42E67200AE2DBD /* Debug */ = {
			isa = XCBuildConfiguration;
			baseConfigurationReference = 9F98C84D1EC085C400FFD919 /* Framework.xcconfig */;
			buildSettings = {
				DEFINES_MODULE = YES;
				INFOPLIST_FILE = Tests/GitHubAPI/Info.plist;
				PRODUCT_BUNDLE_IDENTIFIER = com.apollographql.;
				PRODUCT_NAME = "$(TARGET_NAME)";
			};
			name = Debug;
		};
		9FACA9C41F42E67200AE2DBD /* Release */ = {
			isa = XCBuildConfiguration;
			baseConfigurationReference = 9F98C84D1EC085C400FFD919 /* Framework.xcconfig */;
			buildSettings = {
				DEFINES_MODULE = YES;
				INFOPLIST_FILE = Tests/GitHubAPI/Info.plist;
				PRODUCT_BUNDLE_IDENTIFIER = com.apollographql.;
				PRODUCT_NAME = "$(TARGET_NAME)";
			};
			name = Release;
		};
		9FACA9C51F42E67200AE2DBD /* PerformanceTesting */ = {
			isa = XCBuildConfiguration;
			baseConfigurationReference = 9F98C84D1EC085C400FFD919 /* Framework.xcconfig */;
			buildSettings = {
				DEFINES_MODULE = YES;
				INFOPLIST_FILE = Tests/GitHubAPI/Info.plist;
				PRODUCT_BUNDLE_IDENTIFIER = com.apollographql.;
				PRODUCT_NAME = "$(TARGET_NAME)";
			};
			name = PerformanceTesting;
		};
		9FC6313C1E6AE2080062707E /* Debug */ = {
			isa = XCBuildConfiguration;
			buildSettings = {
				DEVELOPMENT_TEAM = 5TL236FN6U;
				INFOPLIST_FILE = Tests/ApolloPerformanceTests/Info.plist;
				LD_RUNPATH_SEARCH_PATHS = "$(inherited) @executable_path/Frameworks @loader_path/Frameworks";
				PRODUCT_BUNDLE_IDENTIFIER = com.apollographql.ApolloPerformanceTests;
				PRODUCT_NAME = "$(TARGET_NAME)";
				TEST_HOST = "$(BUILT_PRODUCTS_DIR)/TestHost iOS.app/TestHost iOS";
			};
			name = Debug;
		};
		9FC6313D1E6AE2080062707E /* Release */ = {
			isa = XCBuildConfiguration;
			buildSettings = {
				DEVELOPMENT_TEAM = 5TL236FN6U;
				INFOPLIST_FILE = Tests/ApolloPerformanceTests/Info.plist;
				LD_RUNPATH_SEARCH_PATHS = "$(inherited) @executable_path/Frameworks @loader_path/Frameworks";
				PRODUCT_BUNDLE_IDENTIFIER = com.apollographql.ApolloPerformanceTests;
				PRODUCT_NAME = "$(TARGET_NAME)";
				TEST_HOST = "$(BUILT_PRODUCTS_DIR)/TestHost iOS.app/TestHost iOS";
			};
			name = Release;
		};
		9FC750561D2A532D00458D91 /* Debug */ = {
			isa = XCBuildConfiguration;
			buildSettings = {
				ALWAYS_SEARCH_USER_PATHS = NO;
				CLANG_ANALYZER_NONNULL = YES;
				CLANG_CXX_LANGUAGE_STANDARD = "gnu++0x";
				CLANG_CXX_LIBRARY = "libc++";
				CLANG_ENABLE_MODULES = YES;
				CLANG_ENABLE_OBJC_ARC = YES;
				CLANG_WARN_BLOCK_CAPTURE_AUTORELEASING = YES;
				CLANG_WARN_BOOL_CONVERSION = YES;
				CLANG_WARN_COMMA = YES;
				CLANG_WARN_CONSTANT_CONVERSION = YES;
				CLANG_WARN_DIRECT_OBJC_ISA_USAGE = YES_ERROR;
				CLANG_WARN_DOCUMENTATION_COMMENTS = YES;
				CLANG_WARN_EMPTY_BODY = YES;
				CLANG_WARN_ENUM_CONVERSION = YES;
				CLANG_WARN_INFINITE_RECURSION = YES;
				CLANG_WARN_INT_CONVERSION = YES;
				CLANG_WARN_NON_LITERAL_NULL_CONVERSION = YES;
				CLANG_WARN_OBJC_LITERAL_CONVERSION = YES;
				CLANG_WARN_OBJC_ROOT_CLASS = YES_ERROR;
				CLANG_WARN_RANGE_LOOP_ANALYSIS = YES;
				CLANG_WARN_STRICT_PROTOTYPES = YES;
				CLANG_WARN_SUSPICIOUS_MOVE = YES;
				CLANG_WARN_UNREACHABLE_CODE = YES;
				CLANG_WARN__DUPLICATE_METHOD_MATCH = YES;
				"CODE_SIGN_IDENTITY[sdk=iphoneos*]" = "iPhone Developer";
				COPY_PHASE_STRIP = NO;
				CURRENT_PROJECT_VERSION = "";
				DEBUG_INFORMATION_FORMAT = dwarf;
				ENABLE_STRICT_OBJC_MSGSEND = YES;
				ENABLE_TESTABILITY = YES;
				GCC_C_LANGUAGE_STANDARD = gnu99;
				GCC_DYNAMIC_NO_PIC = NO;
				GCC_NO_COMMON_BLOCKS = YES;
				GCC_OPTIMIZATION_LEVEL = 0;
				GCC_PREPROCESSOR_DEFINITIONS = (
					"DEBUG=1",
					"$(inherited)",
				);
				GCC_WARN_64_TO_32_BIT_CONVERSION = YES;
				GCC_WARN_ABOUT_RETURN_TYPE = YES_ERROR;
				GCC_WARN_UNDECLARED_SELECTOR = YES;
				GCC_WARN_UNINITIALIZED_AUTOS = YES_AGGRESSIVE;
				GCC_WARN_UNUSED_FUNCTION = YES;
				GCC_WARN_UNUSED_VARIABLE = YES;
				MTL_ENABLE_DEBUG_INFO = YES;
				ONLY_ACTIVE_ARCH = YES;
				SUPPORTED_PLATFORMS = "iphonesimulator iphoneos";
				SWIFT_ACTIVE_COMPILATION_CONDITIONS = DEBUG;
				SWIFT_OPTIMIZATION_LEVEL = "-Onone";
				SWIFT_VERSION = 4.0;
				VERSIONING_SYSTEM = "";
				VERSION_INFO_PREFIX = "";
			};
			name = Debug;
		};
		9FC750571D2A532D00458D91 /* Release */ = {
			isa = XCBuildConfiguration;
			buildSettings = {
				ALWAYS_SEARCH_USER_PATHS = NO;
				CLANG_ANALYZER_NONNULL = YES;
				CLANG_CXX_LANGUAGE_STANDARD = "gnu++0x";
				CLANG_CXX_LIBRARY = "libc++";
				CLANG_ENABLE_MODULES = YES;
				CLANG_ENABLE_OBJC_ARC = YES;
				CLANG_WARN_BLOCK_CAPTURE_AUTORELEASING = YES;
				CLANG_WARN_BOOL_CONVERSION = YES;
				CLANG_WARN_COMMA = YES;
				CLANG_WARN_CONSTANT_CONVERSION = YES;
				CLANG_WARN_DIRECT_OBJC_ISA_USAGE = YES_ERROR;
				CLANG_WARN_DOCUMENTATION_COMMENTS = YES;
				CLANG_WARN_EMPTY_BODY = YES;
				CLANG_WARN_ENUM_CONVERSION = YES;
				CLANG_WARN_INFINITE_RECURSION = YES;
				CLANG_WARN_INT_CONVERSION = YES;
				CLANG_WARN_NON_LITERAL_NULL_CONVERSION = YES;
				CLANG_WARN_OBJC_LITERAL_CONVERSION = YES;
				CLANG_WARN_OBJC_ROOT_CLASS = YES_ERROR;
				CLANG_WARN_RANGE_LOOP_ANALYSIS = YES;
				CLANG_WARN_STRICT_PROTOTYPES = YES;
				CLANG_WARN_SUSPICIOUS_MOVE = YES;
				CLANG_WARN_UNREACHABLE_CODE = YES;
				CLANG_WARN__DUPLICATE_METHOD_MATCH = YES;
				"CODE_SIGN_IDENTITY[sdk=iphoneos*]" = "iPhone Developer";
				COPY_PHASE_STRIP = NO;
				CURRENT_PROJECT_VERSION = "";
				DEBUG_INFORMATION_FORMAT = "dwarf-with-dsym";
				ENABLE_NS_ASSERTIONS = NO;
				ENABLE_STRICT_OBJC_MSGSEND = YES;
				GCC_C_LANGUAGE_STANDARD = gnu99;
				GCC_NO_COMMON_BLOCKS = YES;
				GCC_WARN_64_TO_32_BIT_CONVERSION = YES;
				GCC_WARN_ABOUT_RETURN_TYPE = YES_ERROR;
				GCC_WARN_UNDECLARED_SELECTOR = YES;
				GCC_WARN_UNINITIALIZED_AUTOS = YES_AGGRESSIVE;
				GCC_WARN_UNUSED_FUNCTION = YES;
				GCC_WARN_UNUSED_VARIABLE = YES;
				MTL_ENABLE_DEBUG_INFO = NO;
				SUPPORTED_PLATFORMS = "iphonesimulator iphoneos";
				SWIFT_OPTIMIZATION_LEVEL = "-Owholemodule";
				SWIFT_VERSION = 4.0;
				VALIDATE_PRODUCT = YES;
				VERSIONING_SYSTEM = "";
				VERSION_INFO_PREFIX = "";
			};
			name = Release;
		};
		9FC750591D2A532D00458D91 /* Debug */ = {
			isa = XCBuildConfiguration;
			baseConfigurationReference = 9F98C84D1EC085C400FFD919 /* Framework.xcconfig */;
			buildSettings = {
				APPLICATION_EXTENSION_API_ONLY = YES;
				DEFINES_MODULE = YES;
				DEVELOPMENT_TEAM = "";
				INFOPLIST_FILE = Sources/Apollo/Info.plist;
				PRODUCT_BUNDLE_IDENTIFIER = com.apollographql.Apollo;
				PRODUCT_NAME = Apollo;
				PROVISIONING_PROFILE_SPECIFIER = "";
			};
			name = Debug;
		};
		9FC7505A1D2A532D00458D91 /* Release */ = {
			isa = XCBuildConfiguration;
			baseConfigurationReference = 9F98C84D1EC085C400FFD919 /* Framework.xcconfig */;
			buildSettings = {
				APPLICATION_EXTENSION_API_ONLY = YES;
				DEFINES_MODULE = YES;
				DEVELOPMENT_TEAM = "";
				INFOPLIST_FILE = Sources/Apollo/Info.plist;
				PRODUCT_BUNDLE_IDENTIFIER = com.apollographql.Apollo;
				PRODUCT_NAME = Apollo;
				PROVISIONING_PROFILE_SPECIFIER = "";
			};
			name = Release;
		};
		9FC7505C1D2A532D00458D91 /* Debug */ = {
			isa = XCBuildConfiguration;
			baseConfigurationReference = 9F98C84D1EC085C400FFD919 /* Framework.xcconfig */;
			buildSettings = {
				ALWAYS_EMBED_SWIFT_STANDARD_LIBRARIES = YES;
				FRAMEWORK_SEARCH_PATHS = "$(inherited)";
				INFOPLIST_FILE = Tests/ApolloTests/Info.plist;
				PRODUCT_BUNDLE_IDENTIFIER = com.apollostack.ApolloTests;
				PRODUCT_NAME = "$(TARGET_NAME)";
			};
			name = Debug;
		};
		9FC7505D1D2A532D00458D91 /* Release */ = {
			isa = XCBuildConfiguration;
			baseConfigurationReference = 9F98C84D1EC085C400FFD919 /* Framework.xcconfig */;
			buildSettings = {
				ALWAYS_EMBED_SWIFT_STANDARD_LIBRARIES = YES;
				FRAMEWORK_SEARCH_PATHS = "$(inherited)";
				INFOPLIST_FILE = Tests/ApolloTests/Info.plist;
				PRODUCT_BUNDLE_IDENTIFIER = com.apollostack.ApolloTests;
				PRODUCT_NAME = "$(TARGET_NAME)";
			};
			name = Release;
		};
		9FCE2D041E6C213D00E34457 /* Debug */ = {
			isa = XCBuildConfiguration;
			baseConfigurationReference = 9F98C84D1EC085C400FFD919 /* Framework.xcconfig */;
			buildSettings = {
				DEFINES_MODULE = YES;
				INFOPLIST_FILE = Tests/StarWarsAPI/Info.plist;
				PRODUCT_BUNDLE_IDENTIFIER = com.apollographql.StarWarsAPI;
				PRODUCT_NAME = "$(TARGET_NAME)";
			};
			name = Debug;
		};
		9FCE2D051E6C213D00E34457 /* Release */ = {
			isa = XCBuildConfiguration;
			baseConfigurationReference = 9F98C84D1EC085C400FFD919 /* Framework.xcconfig */;
			buildSettings = {
				DEFINES_MODULE = YES;
				INFOPLIST_FILE = Tests/StarWarsAPI/Info.plist;
				PRODUCT_BUNDLE_IDENTIFIER = com.apollographql.StarWarsAPI;
				PRODUCT_NAME = "$(TARGET_NAME)";
			};
			name = Release;
		};
		9FD637F11E6ACF88001EDBC8 /* Debug */ = {
			isa = XCBuildConfiguration;
			buildSettings = {
				ALWAYS_EMBED_SWIFT_STANDARD_LIBRARIES = YES;
				ASSETCATALOG_COMPILER_APPICON_NAME = AppIcon;
				DEVELOPMENT_TEAM = 5TL236FN6U;
				ENABLE_BITCODE = NO;
				INFOPLIST_FILE = "Tests/TestHost iOS/Info.plist";
				IPHONEOS_DEPLOYMENT_TARGET = 8.0;
				LD_RUNPATH_SEARCH_PATHS = "$(inherited) @executable_path/Frameworks";
				PRODUCT_BUNDLE_IDENTIFIER = com.apollographql.TestHost;
				PRODUCT_NAME = "$(TARGET_NAME)";
				SDKROOT = iphoneos;
				SUPPORTED_PLATFORMS = "iphonesimulator iphoneos";
			};
			name = Debug;
		};
		9FD637F21E6ACF88001EDBC8 /* Release */ = {
			isa = XCBuildConfiguration;
			buildSettings = {
				ALWAYS_EMBED_SWIFT_STANDARD_LIBRARIES = YES;
				ASSETCATALOG_COMPILER_APPICON_NAME = AppIcon;
				DEVELOPMENT_TEAM = 5TL236FN6U;
				ENABLE_BITCODE = NO;
				INFOPLIST_FILE = "Tests/TestHost iOS/Info.plist";
				IPHONEOS_DEPLOYMENT_TARGET = 8.0;
				LD_RUNPATH_SEARCH_PATHS = "$(inherited) @executable_path/Frameworks";
				PRODUCT_BUNDLE_IDENTIFIER = com.apollographql.TestHost;
				PRODUCT_NAME = "$(TARGET_NAME)";
				SDKROOT = iphoneos;
				SUPPORTED_PLATFORMS = "iphonesimulator iphoneos";
			};
			name = Release;
		};
		9FEFCFCD1E6C65CE0061834C /* PerformanceTesting */ = {
			isa = XCBuildConfiguration;
			buildSettings = {
				ALWAYS_SEARCH_USER_PATHS = NO;
				CLANG_ANALYZER_NONNULL = YES;
				CLANG_CXX_LANGUAGE_STANDARD = "gnu++0x";
				CLANG_CXX_LIBRARY = "libc++";
				CLANG_ENABLE_MODULES = YES;
				CLANG_ENABLE_OBJC_ARC = YES;
				CLANG_WARN_BLOCK_CAPTURE_AUTORELEASING = YES;
				CLANG_WARN_BOOL_CONVERSION = YES;
				CLANG_WARN_COMMA = YES;
				CLANG_WARN_CONSTANT_CONVERSION = YES;
				CLANG_WARN_DIRECT_OBJC_ISA_USAGE = YES_ERROR;
				CLANG_WARN_DOCUMENTATION_COMMENTS = YES;
				CLANG_WARN_EMPTY_BODY = YES;
				CLANG_WARN_ENUM_CONVERSION = YES;
				CLANG_WARN_INFINITE_RECURSION = YES;
				CLANG_WARN_INT_CONVERSION = YES;
				CLANG_WARN_NON_LITERAL_NULL_CONVERSION = YES;
				CLANG_WARN_OBJC_LITERAL_CONVERSION = YES;
				CLANG_WARN_OBJC_ROOT_CLASS = YES_ERROR;
				CLANG_WARN_RANGE_LOOP_ANALYSIS = YES;
				CLANG_WARN_STRICT_PROTOTYPES = YES;
				CLANG_WARN_SUSPICIOUS_MOVE = YES;
				CLANG_WARN_UNREACHABLE_CODE = YES;
				CLANG_WARN__DUPLICATE_METHOD_MATCH = YES;
				"CODE_SIGN_IDENTITY[sdk=iphoneos*]" = "iPhone Developer";
				COPY_PHASE_STRIP = NO;
				CURRENT_PROJECT_VERSION = "";
				DEBUG_INFORMATION_FORMAT = "dwarf-with-dsym";
				ENABLE_NS_ASSERTIONS = NO;
				ENABLE_STRICT_OBJC_MSGSEND = YES;
				GCC_C_LANGUAGE_STANDARD = gnu99;
				GCC_NO_COMMON_BLOCKS = YES;
				GCC_WARN_64_TO_32_BIT_CONVERSION = YES;
				GCC_WARN_ABOUT_RETURN_TYPE = YES_ERROR;
				GCC_WARN_UNDECLARED_SELECTOR = YES;
				GCC_WARN_UNINITIALIZED_AUTOS = YES_AGGRESSIVE;
				GCC_WARN_UNUSED_FUNCTION = YES;
				GCC_WARN_UNUSED_VARIABLE = YES;
				MTL_ENABLE_DEBUG_INFO = NO;
				SUPPORTED_PLATFORMS = "iphonesimulator iphoneos";
				SWIFT_OPTIMIZATION_LEVEL = "-Owholemodule";
				SWIFT_VERSION = 4.0;
				VALIDATE_PRODUCT = YES;
				VERSIONING_SYSTEM = "";
				VERSION_INFO_PREFIX = "";
			};
			name = PerformanceTesting;
		};
		9FEFCFCE1E6C65CE0061834C /* PerformanceTesting */ = {
			isa = XCBuildConfiguration;
			baseConfigurationReference = 9F98C84D1EC085C400FFD919 /* Framework.xcconfig */;
			buildSettings = {
				APPLICATION_EXTENSION_API_ONLY = YES;
				DEFINES_MODULE = YES;
				DEVELOPMENT_TEAM = "";
				ENABLE_TESTABILITY = YES;
				INFOPLIST_FILE = Sources/Apollo/Info.plist;
				PRODUCT_BUNDLE_IDENTIFIER = com.apollographql.Apollo;
				PRODUCT_NAME = Apollo;
				PROVISIONING_PROFILE_SPECIFIER = "";
			};
			name = PerformanceTesting;
		};
		9FEFCFCF1E6C65CE0061834C /* PerformanceTesting */ = {
			isa = XCBuildConfiguration;
			buildSettings = {
				DEVELOPMENT_TEAM = 5TL236FN6U;
				INFOPLIST_FILE = Tests/ApolloPerformanceTests/Info.plist;
				LD_RUNPATH_SEARCH_PATHS = "$(inherited) @executable_path/Frameworks @loader_path/Frameworks";
				PRODUCT_BUNDLE_IDENTIFIER = com.apollographql.ApolloPerformanceTests;
				PRODUCT_NAME = "$(TARGET_NAME)";
				TEST_HOST = "$(BUILT_PRODUCTS_DIR)/TestHost iOS.app/TestHost iOS";
			};
			name = PerformanceTesting;
		};
		9FEFCFD01E6C65CE0061834C /* PerformanceTesting */ = {
			isa = XCBuildConfiguration;
			baseConfigurationReference = 9F98C84D1EC085C400FFD919 /* Framework.xcconfig */;
			buildSettings = {
				ALWAYS_EMBED_SWIFT_STANDARD_LIBRARIES = YES;
				FRAMEWORK_SEARCH_PATHS = "$(inherited)";
				INFOPLIST_FILE = Tests/ApolloTests/Info.plist;
				PRODUCT_BUNDLE_IDENTIFIER = com.apollostack.ApolloTests;
				PRODUCT_NAME = "$(TARGET_NAME)";
			};
			name = PerformanceTesting;
		};
		9FEFCFD61E6C65CE0061834C /* PerformanceTesting */ = {
			isa = XCBuildConfiguration;
			baseConfigurationReference = 9F98C84D1EC085C400FFD919 /* Framework.xcconfig */;
			buildSettings = {
				DEFINES_MODULE = YES;
				INFOPLIST_FILE = Tests/StarWarsAPI/Info.plist;
				PRODUCT_BUNDLE_IDENTIFIER = com.apollographql.StarWarsAPI;
				PRODUCT_NAME = "$(TARGET_NAME)";
			};
			name = PerformanceTesting;
		};
		9FEFCFD71E6C65CE0061834C /* PerformanceTesting */ = {
			isa = XCBuildConfiguration;
			buildSettings = {
				ALWAYS_EMBED_SWIFT_STANDARD_LIBRARIES = YES;
				ASSETCATALOG_COMPILER_APPICON_NAME = AppIcon;
				DEVELOPMENT_TEAM = 5TL236FN6U;
				ENABLE_BITCODE = NO;
				INFOPLIST_FILE = "Tests/TestHost iOS/Info.plist";
				IPHONEOS_DEPLOYMENT_TARGET = 8.0;
				LD_RUNPATH_SEARCH_PATHS = "$(inherited) @executable_path/Frameworks";
				PRODUCT_BUNDLE_IDENTIFIER = com.apollographql.TestHost;
				PRODUCT_NAME = "$(TARGET_NAME)";
				SDKROOT = iphoneos;
				SUPPORTED_PLATFORMS = "iphonesimulator iphoneos";
			};
			name = PerformanceTesting;
		};
/* End XCBuildConfiguration section */

/* Begin XCConfigurationList section */
		9F8A95801EC0FC1200304A2D /* Build configuration list for PBXNativeTarget "ApolloTestSupport" */ = {
			isa = XCConfigurationList;
			buildConfigurations = (
				9F8A957D1EC0FC1200304A2D /* Debug */,
				9F8A957E1EC0FC1200304A2D /* Release */,
				9F8A957F1EC0FC1200304A2D /* PerformanceTesting */,
			);
			defaultConfigurationIsVisible = 0;
			defaultConfigurationName = Release;
		};
		9FA6ABC11EC0A988000017BE /* Build configuration list for PBXNativeTarget "ApolloCacheDependentTests" */ = {
			isa = XCConfigurationList;
			buildConfigurations = (
				9FA6ABC21EC0A988000017BE /* Debug */,
				9FA6ABC31EC0A988000017BE /* Release */,
				9FA6ABC41EC0A988000017BE /* PerformanceTesting */,
			);
			defaultConfigurationIsVisible = 0;
			defaultConfigurationName = Release;
		};
		9FACA9C21F42E67200AE2DBD /* Build configuration list for PBXNativeTarget "GitHubAPI" */ = {
			isa = XCConfigurationList;
			buildConfigurations = (
				9FACA9C31F42E67200AE2DBD /* Debug */,
				9FACA9C41F42E67200AE2DBD /* Release */,
				9FACA9C51F42E67200AE2DBD /* PerformanceTesting */,
			);
			defaultConfigurationIsVisible = 0;
			defaultConfigurationName = Release;
		};
		9FC6313B1E6AE2080062707E /* Build configuration list for PBXNativeTarget "ApolloPerformanceTests" */ = {
			isa = XCConfigurationList;
			buildConfigurations = (
				9FC6313C1E6AE2080062707E /* Debug */,
				9FC6313D1E6AE2080062707E /* Release */,
				9FEFCFCF1E6C65CE0061834C /* PerformanceTesting */,
			);
			defaultConfigurationIsVisible = 0;
			defaultConfigurationName = Release;
		};
		9FC7503E1D2A532C00458D91 /* Build configuration list for PBXProject "Apollo" */ = {
			isa = XCConfigurationList;
			buildConfigurations = (
				9FC750561D2A532D00458D91 /* Debug */,
				9FC750571D2A532D00458D91 /* Release */,
				9FEFCFCD1E6C65CE0061834C /* PerformanceTesting */,
			);
			defaultConfigurationIsVisible = 0;
			defaultConfigurationName = Release;
		};
		9FC750581D2A532D00458D91 /* Build configuration list for PBXNativeTarget "Apollo" */ = {
			isa = XCConfigurationList;
			buildConfigurations = (
				9FC750591D2A532D00458D91 /* Debug */,
				9FC7505A1D2A532D00458D91 /* Release */,
				9FEFCFCE1E6C65CE0061834C /* PerformanceTesting */,
			);
			defaultConfigurationIsVisible = 0;
			defaultConfigurationName = Release;
		};
		9FC7505B1D2A532D00458D91 /* Build configuration list for PBXNativeTarget "ApolloTests" */ = {
			isa = XCConfigurationList;
			buildConfigurations = (
				9FC7505C1D2A532D00458D91 /* Debug */,
				9FC7505D1D2A532D00458D91 /* Release */,
				9FEFCFD01E6C65CE0061834C /* PerformanceTesting */,
			);
			defaultConfigurationIsVisible = 0;
			defaultConfigurationName = Release;
		};
		9FCE2D031E6C213D00E34457 /* Build configuration list for PBXNativeTarget "StarWarsAPI" */ = {
			isa = XCConfigurationList;
			buildConfigurations = (
				9FCE2D041E6C213D00E34457 /* Debug */,
				9FCE2D051E6C213D00E34457 /* Release */,
				9FEFCFD61E6C65CE0061834C /* PerformanceTesting */,
			);
			defaultConfigurationIsVisible = 0;
			defaultConfigurationName = Release;
		};
		9FD637F01E6ACF88001EDBC8 /* Build configuration list for PBXNativeTarget "TestHost iOS" */ = {
			isa = XCConfigurationList;
			buildConfigurations = (
				9FD637F11E6ACF88001EDBC8 /* Debug */,
				9FD637F21E6ACF88001EDBC8 /* Release */,
				9FEFCFD71E6C65CE0061834C /* PerformanceTesting */,
			);
			defaultConfigurationIsVisible = 0;
			defaultConfigurationName = Release;
		};
/* End XCConfigurationList section */
	};
	rootObject = 9FC7503B1D2A532C00458D91 /* Project object */;
}
