// !$*UTF8*$!
{
	archiveVersion = 1;
	classes = {
	};
	objectVersion = 46;
	objects = {

/* Begin PBXBuildFile section */
		54623F541E9D8CD2005D1A76 /* InMemoryNormalizedCache.swift in Sources */ = {isa = PBXBuildFile; fileRef = 54623F531E9D8CD2005D1A76 /* InMemoryNormalizedCache.swift */; };
		9F0F98E11E7BCC3400BF0371 /* Dictionary+KeyPath.swift in Sources */ = {isa = PBXBuildFile; fileRef = 9F0F98E01E7BCC3400BF0371 /* Dictionary+KeyPath.swift */; };
		9F27D4641D40379500715680 /* JSONStandardTypeConversions.swift in Sources */ = {isa = PBXBuildFile; fileRef = 9F27D4631D40379500715680 /* JSONStandardTypeConversions.swift */; };
		9F295E381E277B2A00A24949 /* GraphQLResultNormalizer.swift in Sources */ = {isa = PBXBuildFile; fileRef = 9F295E371E277B2A00A24949 /* GraphQLResultNormalizer.swift */; };
		9F55347B1DE1DB2100E54264 /* ApolloStore.swift in Sources */ = {isa = PBXBuildFile; fileRef = 9F55347A1DE1DB2100E54264 /* ApolloStore.swift */; };
		9F578D901D8D2CB300C0EA36 /* Utilities.swift in Sources */ = {isa = PBXBuildFile; fileRef = 9F578D8F1D8D2CB300C0EA36 /* Utilities.swift */; };
		9F69FFA91D42855900E000B1 /* NetworkTransport.swift in Sources */ = {isa = PBXBuildFile; fileRef = 9F69FFA81D42855900E000B1 /* NetworkTransport.swift */; };
		9F86B68B1E6438D700B885FF /* GraphQLResultMapper.swift in Sources */ = {isa = PBXBuildFile; fileRef = 9F86B68A1E6438D700B885FF /* GraphQLResultMapper.swift */; };
		9F86B6901E65533D00B885FF /* GraphQLResponseGenerator.swift in Sources */ = {isa = PBXBuildFile; fileRef = 9F86B68F1E65533D00B885FF /* GraphQLResponseGenerator.swift */; };
		9FA6F3681E65DF4700BF8D73 /* GraphQLResultAccumulator.swift in Sources */ = {isa = PBXBuildFile; fileRef = 9FA6F3671E65DF4700BF8D73 /* GraphQLResultAccumulator.swift */; };
		9FADC84A1E6B0B2300C677E6 /* Locking.swift in Sources */ = {isa = PBXBuildFile; fileRef = 9FADC8491E6B0B2300C677E6 /* Locking.swift */; };
		9FADC84F1E6B865E00C677E6 /* DataLoader.swift in Sources */ = {isa = PBXBuildFile; fileRef = 9FADC84E1E6B865E00C677E6 /* DataLoader.swift */; };
		9FC2333D1E66BBF7001E4541 /* GraphQLDependencyTracker.swift in Sources */ = {isa = PBXBuildFile; fileRef = 9FC2333C1E66BBF7001E4541 /* GraphQLDependencyTracker.swift */; };
		9FC4B9201D2A6F8D0046A641 /* JSON.swift in Sources */ = {isa = PBXBuildFile; fileRef = 9FC4B91F1D2A6F8D0046A641 /* JSON.swift */; };
		9FC750481D2A532C00458D91 /* Apollo.h in Headers */ = {isa = PBXBuildFile; fileRef = 9FC750471D2A532C00458D91 /* Apollo.h */; settings = {ATTRIBUTES = (Public, ); }; };
		9FC750611D2A59C300458D91 /* GraphQLOperation.swift in Sources */ = {isa = PBXBuildFile; fileRef = 9FC750601D2A59C300458D91 /* GraphQLOperation.swift */; };
		9FC750631D2A59F600458D91 /* ApolloClient.swift in Sources */ = {isa = PBXBuildFile; fileRef = 9FC750621D2A59F600458D91 /* ApolloClient.swift */; };
		9FC9A9BD1E2C271C0023C4D5 /* RecordSet.swift in Sources */ = {isa = PBXBuildFile; fileRef = 9FC9A9BC1E2C271C0023C4D5 /* RecordSet.swift */; };
		9FC9A9BF1E2C27FB0023C4D5 /* GraphQLResult.swift in Sources */ = {isa = PBXBuildFile; fileRef = 9FC9A9BE1E2C27FB0023C4D5 /* GraphQLResult.swift */; };
		9FC9A9C21E2D3CAF0023C4D5 /* GraphQLValues.swift in Sources */ = {isa = PBXBuildFile; fileRef = 9FC9A9C11E2D3CAF0023C4D5 /* GraphQLValues.swift */; };
		9FC9A9C51E2D6CE70023C4D5 /* Selections.swift in Sources */ = {isa = PBXBuildFile; fileRef = 9FC9A9C41E2D6CE70023C4D5 /* Selections.swift */; };
		9FC9A9CC1E2FD0760023C4D5 /* Record.swift in Sources */ = {isa = PBXBuildFile; fileRef = 9FC9A9CB1E2FD0760023C4D5 /* Record.swift */; };
		9FC9A9D31E2FD48B0023C4D5 /* GraphQLError.swift in Sources */ = {isa = PBXBuildFile; fileRef = 9FC9A9D21E2FD48B0023C4D5 /* GraphQLError.swift */; };
		9FCDFD231E33A0D8007519DC /* AsynchronousOperation.swift in Sources */ = {isa = PBXBuildFile; fileRef = 9FCDFD221E33A0D8007519DC /* AsynchronousOperation.swift */; };
		9FCDFD291E33D0CE007519DC /* GraphQLQueryWatcher.swift in Sources */ = {isa = PBXBuildFile; fileRef = 9FCDFD281E33D0CE007519DC /* GraphQLQueryWatcher.swift */; };
		9FCE2CEE1E6BE2D900E34457 /* NormalizedCache.swift in Sources */ = {isa = PBXBuildFile; fileRef = 9FCE2CED1E6BE2D800E34457 /* NormalizedCache.swift */; };
		9FE3F3981DADBD870072078F /* check-and-run-apollo-codegen.sh in Resources */ = {isa = PBXBuildFile; fileRef = 9FE3F3971DADBD870072078F /* check-and-run-apollo-codegen.sh */; };
		9FE941CB1E5F20CA007CDD89 /* GraphQLOutputType.swift in Sources */ = {isa = PBXBuildFile; fileRef = 9FE941CA1E5F20CA007CDD89 /* GraphQLOutputType.swift */; };
		9FE941D01E62C771007CDD89 /* Promise.swift in Sources */ = {isa = PBXBuildFile; fileRef = 9FE941CF1E62C771007CDD89 /* Promise.swift */; };
		9FEB050D1DB5732300DA3B44 /* JSONSerializationFormat.swift in Sources */ = {isa = PBXBuildFile; fileRef = 9FEB050C1DB5732300DA3B44 /* JSONSerializationFormat.swift */; };
		9FEC15B41E681DAD00D461B4 /* Collections.swift in Sources */ = {isa = PBXBuildFile; fileRef = 9FEC15B31E681DAD00D461B4 /* Collections.swift */; };
		9FEC15B91E6965E300D461B4 /* Result.swift in Sources */ = {isa = PBXBuildFile; fileRef = 9FEC15B81E6965E300D461B4 /* Result.swift */; };
		9FF33D811E48B98200F608A4 /* HTTPNetworkTransport.swift in Sources */ = {isa = PBXBuildFile; fileRef = 9F4DAF2D1E48B84B00EBFF0B /* HTTPNetworkTransport.swift */; };
		9FF90A611DDDEB100034C3B6 /* GraphQLResponse.swift in Sources */ = {isa = PBXBuildFile; fileRef = 9FF90A5B1DDDEB100034C3B6 /* GraphQLResponse.swift */; };
		9FF90A651DDDEB100034C3B6 /* GraphQLExecutor.swift in Sources */ = {isa = PBXBuildFile; fileRef = 9FF90A5C1DDDEB100034C3B6 /* GraphQLExecutor.swift */; };
/* End PBXBuildFile section */

/* Begin PBXFileReference section */
		54623F531E9D8CD2005D1A76 /* InMemoryNormalizedCache.swift */ = {isa = PBXFileReference; fileEncoding = 4; lastKnownFileType = sourcecode.swift; path = InMemoryNormalizedCache.swift; sourceTree = "<group>"; };
		9F0F98E01E7BCC3400BF0371 /* Dictionary+KeyPath.swift */ = {isa = PBXFileReference; fileEncoding = 4; lastKnownFileType = sourcecode.swift; path = "Dictionary+KeyPath.swift"; sourceTree = "<group>"; };
		9F27D4631D40379500715680 /* JSONStandardTypeConversions.swift */ = {isa = PBXFileReference; fileEncoding = 4; lastKnownFileType = sourcecode.swift; path = JSONStandardTypeConversions.swift; sourceTree = "<group>"; };
		9F295E371E277B2A00A24949 /* GraphQLResultNormalizer.swift */ = {isa = PBXFileReference; fileEncoding = 4; lastKnownFileType = sourcecode.swift; path = GraphQLResultNormalizer.swift; sourceTree = "<group>"; };
		9F4DAF2D1E48B84B00EBFF0B /* HTTPNetworkTransport.swift */ = {isa = PBXFileReference; fileEncoding = 4; lastKnownFileType = sourcecode.swift; path = HTTPNetworkTransport.swift; sourceTree = "<group>"; };
		9F55347A1DE1DB2100E54264 /* ApolloStore.swift */ = {isa = PBXFileReference; fileEncoding = 4; lastKnownFileType = sourcecode.swift; path = ApolloStore.swift; sourceTree = "<group>"; };
		9F578D8F1D8D2CB300C0EA36 /* Utilities.swift */ = {isa = PBXFileReference; fileEncoding = 4; lastKnownFileType = sourcecode.swift; path = Utilities.swift; sourceTree = "<group>"; };
		9F64D5681E6D691E00F12B14 /* Framework.xcconfig */ = {isa = PBXFileReference; lastKnownFileType = text.xcconfig; name = Framework.xcconfig; path = ../Framework.xcconfig; sourceTree = "<group>"; };
		9F69FFA81D42855900E000B1 /* NetworkTransport.swift */ = {isa = PBXFileReference; fileEncoding = 4; lastKnownFileType = sourcecode.swift; path = NetworkTransport.swift; sourceTree = "<group>"; };
		9F86B68A1E6438D700B885FF /* GraphQLResultMapper.swift */ = {isa = PBXFileReference; fileEncoding = 4; lastKnownFileType = sourcecode.swift; path = GraphQLResultMapper.swift; sourceTree = "<group>"; };
		9F86B68F1E65533D00B885FF /* GraphQLResponseGenerator.swift */ = {isa = PBXFileReference; fileEncoding = 4; lastKnownFileType = sourcecode.swift; path = GraphQLResponseGenerator.swift; sourceTree = "<group>"; };
		9FA6F3671E65DF4700BF8D73 /* GraphQLResultAccumulator.swift */ = {isa = PBXFileReference; fileEncoding = 4; lastKnownFileType = sourcecode.swift; path = GraphQLResultAccumulator.swift; sourceTree = "<group>"; };
		9FADC8491E6B0B2300C677E6 /* Locking.swift */ = {isa = PBXFileReference; fileEncoding = 4; lastKnownFileType = sourcecode.swift; path = Locking.swift; sourceTree = "<group>"; };
		9FADC84E1E6B865E00C677E6 /* DataLoader.swift */ = {isa = PBXFileReference; fileEncoding = 4; lastKnownFileType = sourcecode.swift; path = DataLoader.swift; sourceTree = "<group>"; };
		9FC2333C1E66BBF7001E4541 /* GraphQLDependencyTracker.swift */ = {isa = PBXFileReference; fileEncoding = 4; lastKnownFileType = sourcecode.swift; path = GraphQLDependencyTracker.swift; sourceTree = "<group>"; };
		9FC4B91F1D2A6F8D0046A641 /* JSON.swift */ = {isa = PBXFileReference; fileEncoding = 4; lastKnownFileType = sourcecode.swift; path = JSON.swift; sourceTree = "<group>"; };
		9FC750441D2A532C00458D91 /* Apollo.framework */ = {isa = PBXFileReference; explicitFileType = wrapper.framework; includeInIndex = 0; path = Apollo.framework; sourceTree = BUILT_PRODUCTS_DIR; };
		9FC750471D2A532C00458D91 /* Apollo.h */ = {isa = PBXFileReference; lastKnownFileType = sourcecode.c.h; path = Apollo.h; sourceTree = "<group>"; };
		9FC750491D2A532C00458D91 /* Info.plist */ = {isa = PBXFileReference; lastKnownFileType = text.plist.xml; path = Info.plist; sourceTree = "<group>"; };
		9FC750601D2A59C300458D91 /* GraphQLOperation.swift */ = {isa = PBXFileReference; fileEncoding = 4; lastKnownFileType = sourcecode.swift; path = GraphQLOperation.swift; sourceTree = "<group>"; };
		9FC750621D2A59F600458D91 /* ApolloClient.swift */ = {isa = PBXFileReference; fileEncoding = 4; lastKnownFileType = sourcecode.swift; path = ApolloClient.swift; sourceTree = "<group>"; };
		9FC9A9BC1E2C271C0023C4D5 /* RecordSet.swift */ = {isa = PBXFileReference; fileEncoding = 4; lastKnownFileType = sourcecode.swift; path = RecordSet.swift; sourceTree = "<group>"; };
		9FC9A9BE1E2C27FB0023C4D5 /* GraphQLResult.swift */ = {isa = PBXFileReference; fileEncoding = 4; lastKnownFileType = sourcecode.swift; path = GraphQLResult.swift; sourceTree = "<group>"; };
		9FC9A9C11E2D3CAF0023C4D5 /* GraphQLValues.swift */ = {isa = PBXFileReference; fileEncoding = 4; lastKnownFileType = sourcecode.swift; path = GraphQLValues.swift; sourceTree = "<group>"; };
		9FC9A9C41E2D6CE70023C4D5 /* Selections.swift */ = {isa = PBXFileReference; fileEncoding = 4; lastKnownFileType = sourcecode.swift; path = Selections.swift; sourceTree = "<group>"; };
		9FC9A9CB1E2FD0760023C4D5 /* Record.swift */ = {isa = PBXFileReference; fileEncoding = 4; lastKnownFileType = sourcecode.swift; path = Record.swift; sourceTree = "<group>"; };
		9FC9A9D21E2FD48B0023C4D5 /* GraphQLError.swift */ = {isa = PBXFileReference; fileEncoding = 4; lastKnownFileType = sourcecode.swift; path = GraphQLError.swift; sourceTree = "<group>"; };
		9FCDFD221E33A0D8007519DC /* AsynchronousOperation.swift */ = {isa = PBXFileReference; fileEncoding = 4; lastKnownFileType = sourcecode.swift; path = AsynchronousOperation.swift; sourceTree = "<group>"; };
		9FCDFD281E33D0CE007519DC /* GraphQLQueryWatcher.swift */ = {isa = PBXFileReference; fileEncoding = 4; lastKnownFileType = sourcecode.swift; path = GraphQLQueryWatcher.swift; sourceTree = "<group>"; };
		9FCE2CED1E6BE2D800E34457 /* NormalizedCache.swift */ = {isa = PBXFileReference; fileEncoding = 4; lastKnownFileType = sourcecode.swift; path = NormalizedCache.swift; sourceTree = "<group>"; };
		9FE3F3971DADBD870072078F /* check-and-run-apollo-codegen.sh */ = {isa = PBXFileReference; fileEncoding = 4; lastKnownFileType = text.script.sh; name = "check-and-run-apollo-codegen.sh"; path = "scripts/check-and-run-apollo-codegen.sh"; sourceTree = SOURCE_ROOT; };
		9FE941CA1E5F20CA007CDD89 /* GraphQLOutputType.swift */ = {isa = PBXFileReference; fileEncoding = 4; lastKnownFileType = sourcecode.swift; path = GraphQLOutputType.swift; sourceTree = "<group>"; };
		9FE941CF1E62C771007CDD89 /* Promise.swift */ = {isa = PBXFileReference; fileEncoding = 4; lastKnownFileType = sourcecode.swift; path = Promise.swift; sourceTree = "<group>"; };
		9FEB050C1DB5732300DA3B44 /* JSONSerializationFormat.swift */ = {isa = PBXFileReference; fileEncoding = 4; lastKnownFileType = sourcecode.swift; path = JSONSerializationFormat.swift; sourceTree = "<group>"; };
		9FEC15B31E681DAD00D461B4 /* Collections.swift */ = {isa = PBXFileReference; fileEncoding = 4; lastKnownFileType = sourcecode.swift; path = Collections.swift; sourceTree = "<group>"; };
		9FEC15B81E6965E300D461B4 /* Result.swift */ = {isa = PBXFileReference; fileEncoding = 4; lastKnownFileType = sourcecode.swift; path = Result.swift; sourceTree = "<group>"; };
		9FF90A5B1DDDEB100034C3B6 /* GraphQLResponse.swift */ = {isa = PBXFileReference; fileEncoding = 4; lastKnownFileType = sourcecode.swift; path = GraphQLResponse.swift; sourceTree = "<group>"; };
		9FF90A5C1DDDEB100034C3B6 /* GraphQLExecutor.swift */ = {isa = PBXFileReference; fileEncoding = 4; lastKnownFileType = sourcecode.swift; path = GraphQLExecutor.swift; sourceTree = "<group>"; };
/* End PBXFileReference section */

/* Begin PBXFrameworksBuildPhase section */
		9FC750401D2A532C00458D91 /* Frameworks */ = {
			isa = PBXFrameworksBuildPhase;
			buildActionMask = 2147483647;
			files = (
			);
			runOnlyForDeploymentPostprocessing = 0;
		};
/* End PBXFrameworksBuildPhase section */

/* Begin PBXGroup section */
		9F27D4601D40363A00715680 /* Execution */ = {
			isa = PBXGroup;
			children = (
				9FF90A5C1DDDEB100034C3B6 /* GraphQLExecutor.swift */,
				9FA6F3671E65DF4700BF8D73 /* GraphQLResultAccumulator.swift */,
				9F86B68A1E6438D700B885FF /* GraphQLResultMapper.swift */,
				9F295E371E277B2A00A24949 /* GraphQLResultNormalizer.swift */,
				9FC2333C1E66BBF7001E4541 /* GraphQLDependencyTracker.swift */,
				9F86B68F1E65533D00B885FF /* GraphQLResponseGenerator.swift */,
				9FC9A9C41E2D6CE70023C4D5 /* Selections.swift */,
				9FC9A9C11E2D3CAF0023C4D5 /* GraphQLValues.swift */,
				9FE941CA1E5F20CA007CDD89 /* GraphQLOutputType.swift */,
			);
			name = Execution;
			sourceTree = "<group>";
		};
		9FC4B9231D2BE4F00046A641 /* JSON */ = {
			isa = PBXGroup;
			children = (
				9FC4B91F1D2A6F8D0046A641 /* JSON.swift */,
				9FEB050C1DB5732300DA3B44 /* JSONSerializationFormat.swift */,
				9F27D4631D40379500715680 /* JSONStandardTypeConversions.swift */,
			);
			name = JSON;
			sourceTree = "<group>";
		};
		9FC7503A1D2A532C00458D91 = {
			isa = PBXGroup;
			children = (
				9FC750461D2A532C00458D91 /* Apollo */,
				9FC750451D2A532C00458D91 /* Products */,
			);
			sourceTree = "<group>";
		};
		9FC750451D2A532C00458D91 /* Products */ = {
			isa = PBXGroup;
			children = (
				9FC750441D2A532C00458D91 /* Apollo.framework */,
			);
			name = Products;
			sourceTree = "<group>";
		};
		9FC750461D2A532C00458D91 /* Apollo */ = {
			isa = PBXGroup;
			children = (
				9FC750621D2A59F600458D91 /* ApolloClient.swift */,
				9FC750601D2A59C300458D91 /* GraphQLOperation.swift */,
				9FC9A9BE1E2C27FB0023C4D5 /* GraphQLResult.swift */,
				9FC9A9D21E2FD48B0023C4D5 /* GraphQLError.swift */,
				9FCDFD281E33D0CE007519DC /* GraphQLQueryWatcher.swift */,
				9FC9A9CE1E2FD0CC0023C4D5 /* Network */,
				9FC9A9CA1E2FD05C0023C4D5 /* Store */,
				9F27D4601D40363A00715680 /* Execution */,
				9FC4B9231D2BE4F00046A641 /* JSON */,
				9FCDFD211E33A09F007519DC /* Utilities */,
				9FE3F3961DADBD0D0072078F /* Supporting Files */,
			);
			name = Apollo;
			path = Sources;
			sourceTree = "<group>";
		};
		9FC9A9CA1E2FD05C0023C4D5 /* Store */ = {
			isa = PBXGroup;
			children = (
				54623F531E9D8CD2005D1A76 /* InMemoryNormalizedCache.swift */,
				9F55347A1DE1DB2100E54264 /* ApolloStore.swift */,
				9FCE2CED1E6BE2D800E34457 /* NormalizedCache.swift */,
				9FC9A9BC1E2C271C0023C4D5 /* RecordSet.swift */,
				9FC9A9CB1E2FD0760023C4D5 /* Record.swift */,
				9FADC84E1E6B865E00C677E6 /* DataLoader.swift */,
			);
			name = Store;
			sourceTree = "<group>";
		};
		9FC9A9CE1E2FD0CC0023C4D5 /* Network */ = {
			isa = PBXGroup;
			children = (
				9F69FFA81D42855900E000B1 /* NetworkTransport.swift */,
				9F4DAF2D1E48B84B00EBFF0B /* HTTPNetworkTransport.swift */,
				9FF90A5B1DDDEB100034C3B6 /* GraphQLResponse.swift */,
			);
			name = Network;
			sourceTree = "<group>";
		};
		9FCDFD211E33A09F007519DC /* Utilities */ = {
			isa = PBXGroup;
			children = (
				9F578D8F1D8D2CB300C0EA36 /* Utilities.swift */,
				9FCDFD221E33A0D8007519DC /* AsynchronousOperation.swift */,
				9FEC15B81E6965E300D461B4 /* Result.swift */,
				9FE941CF1E62C771007CDD89 /* Promise.swift */,
				9FEC15B31E681DAD00D461B4 /* Collections.swift */,
				9F0F98E01E7BCC3400BF0371 /* Dictionary+KeyPath.swift */,
				9FADC8491E6B0B2300C677E6 /* Locking.swift */,
			);
			name = Utilities;
			sourceTree = "<group>";
		};
		9FE3F3961DADBD0D0072078F /* Supporting Files */ = {
			isa = PBXGroup;
			children = (
				9FC750471D2A532C00458D91 /* Apollo.h */,
				9FC750491D2A532C00458D91 /* Info.plist */,
				9F64D5681E6D691E00F12B14 /* Framework.xcconfig */,
				9FE3F3971DADBD870072078F /* check-and-run-apollo-codegen.sh */,
			);
			name = "Supporting Files";
			sourceTree = "<group>";
		};
/* End PBXGroup section */

/* Begin PBXHeadersBuildPhase section */
		9FC750411D2A532C00458D91 /* Headers */ = {
			isa = PBXHeadersBuildPhase;
			buildActionMask = 2147483647;
			files = (
				9FC750481D2A532C00458D91 /* Apollo.h in Headers */,
			);
			runOnlyForDeploymentPostprocessing = 0;
		};
/* End PBXHeadersBuildPhase section */

/* Begin PBXNativeTarget section */
		9FC750431D2A532C00458D91 /* Apollo */ = {
			isa = PBXNativeTarget;
			buildConfigurationList = 9FC750581D2A532D00458D91 /* Build configuration list for PBXNativeTarget "Apollo" */;
			buildPhases = (
				9FC7503F1D2A532C00458D91 /* Sources */,
				9FC750401D2A532C00458D91 /* Frameworks */,
				9FC750411D2A532C00458D91 /* Headers */,
				9FC750421D2A532C00458D91 /* Resources */,
			);
			buildRules = (
			);
			dependencies = (
			);
			name = Apollo;
			productName = Apollo;
			productReference = 9FC750441D2A532C00458D91 /* Apollo.framework */;
			productType = "com.apple.product-type.framework";
		};
/* End PBXNativeTarget section */

/* Begin PBXProject section */
		9FC7503B1D2A532C00458D91 /* Project object */ = {
			isa = PBXProject;
			attributes = {
				LastSwiftUpdateCheck = 0820;
				LastUpgradeCheck = 0810;
				ORGANIZATIONNAME = "Apollo GraphQL";
				TargetAttributes = {
					9FC750431D2A532C00458D91 = {
						CreatedOnToolsVersion = 8.0;
						DevelopmentTeam = 5TL236FN6U;
						DevelopmentTeamName = "Martijn Walraven";
						LastSwiftMigration = 0800;
						ProvisioningStyle = Automatic;
					};
				};
			};
			buildConfigurationList = 9FC7503E1D2A532C00458D91 /* Build configuration list for PBXProject "Apollo" */;
			compatibilityVersion = "Xcode 3.2";
			developmentRegion = English;
			hasScannedForEncodings = 0;
			knownRegions = (
				en,
				Base,
			);
			mainGroup = 9FC7503A1D2A532C00458D91;
			productRefGroup = 9FC750451D2A532C00458D91 /* Products */;
			projectDirPath = "";
			projectRoot = "";
			targets = (
				9FC750431D2A532C00458D91 /* Apollo */,
			);
		};
/* End PBXProject section */

/* Begin PBXResourcesBuildPhase section */
		9FC750421D2A532C00458D91 /* Resources */ = {
			isa = PBXResourcesBuildPhase;
			buildActionMask = 2147483647;
			files = (
				9FE3F3981DADBD870072078F /* check-and-run-apollo-codegen.sh in Resources */,
			);
			runOnlyForDeploymentPostprocessing = 0;
		};
/* End PBXResourcesBuildPhase section */

/* Begin PBXSourcesBuildPhase section */
		9FC7503F1D2A532C00458D91 /* Sources */ = {
			isa = PBXSourcesBuildPhase;
			buildActionMask = 2147483647;
			files = (
				9FF33D811E48B98200F608A4 /* HTTPNetworkTransport.swift in Sources */,
				9FCE2CEE1E6BE2D900E34457 /* NormalizedCache.swift in Sources */,
				9FADC84A1E6B0B2300C677E6 /* Locking.swift in Sources */,
				9F295E381E277B2A00A24949 /* GraphQLResultNormalizer.swift in Sources */,
				9FE941CB1E5F20CA007CDD89 /* GraphQLOutputType.swift in Sources */,
				9F86B68B1E6438D700B885FF /* GraphQLResultMapper.swift in Sources */,
				9F55347B1DE1DB2100E54264 /* ApolloStore.swift in Sources */,
				9F69FFA91D42855900E000B1 /* NetworkTransport.swift in Sources */,
				9FCDFD291E33D0CE007519DC /* GraphQLQueryWatcher.swift in Sources */,
				9FC2333D1E66BBF7001E4541 /* GraphQLDependencyTracker.swift in Sources */,
				9F0F98E11E7BCC3400BF0371 /* Dictionary+KeyPath.swift in Sources */,
				9FC9A9BF1E2C27FB0023C4D5 /* GraphQLResult.swift in Sources */,
				9FC9A9D31E2FD48B0023C4D5 /* GraphQLError.swift in Sources */,
				9FEB050D1DB5732300DA3B44 /* JSONSerializationFormat.swift in Sources */,
				54623F541E9D8CD2005D1A76 /* InMemoryNormalizedCache.swift in Sources */,
				9FC9A9C51E2D6CE70023C4D5 /* Selections.swift in Sources */,
				9FCDFD231E33A0D8007519DC /* AsynchronousOperation.swift in Sources */,
				9FC9A9CC1E2FD0760023C4D5 /* Record.swift in Sources */,
				9FC4B9201D2A6F8D0046A641 /* JSON.swift in Sources */,
				9FEC15B41E681DAD00D461B4 /* Collections.swift in Sources */,
				9F578D901D8D2CB300C0EA36 /* Utilities.swift in Sources */,
				9FC9A9BD1E2C271C0023C4D5 /* RecordSet.swift in Sources */,
				9FEC15B91E6965E300D461B4 /* Result.swift in Sources */,
				9FADC84F1E6B865E00C677E6 /* DataLoader.swift in Sources */,
				9FF90A611DDDEB100034C3B6 /* GraphQLResponse.swift in Sources */,
				9F27D4641D40379500715680 /* JSONStandardTypeConversions.swift in Sources */,
				9FA6F3681E65DF4700BF8D73 /* GraphQLResultAccumulator.swift in Sources */,
				9FF90A651DDDEB100034C3B6 /* GraphQLExecutor.swift in Sources */,
				9FC750611D2A59C300458D91 /* GraphQLOperation.swift in Sources */,
				9FE941D01E62C771007CDD89 /* Promise.swift in Sources */,
				9FC750631D2A59F600458D91 /* ApolloClient.swift in Sources */,
				9F86B6901E65533D00B885FF /* GraphQLResponseGenerator.swift in Sources */,
				9FC9A9C21E2D3CAF0023C4D5 /* GraphQLValues.swift in Sources */,
			);
			runOnlyForDeploymentPostprocessing = 0;
		};
/* End PBXSourcesBuildPhase section */

/* Begin XCBuildConfiguration section */
		9FC750561D2A532D00458D91 /* Debug */ = {
			isa = XCBuildConfiguration;
			buildSettings = {
				ALWAYS_SEARCH_USER_PATHS = NO;
				CLANG_ANALYZER_NONNULL = YES;
				CLANG_CXX_LANGUAGE_STANDARD = "gnu++0x";
				CLANG_CXX_LIBRARY = "libc++";
				CLANG_ENABLE_MODULES = YES;
				CLANG_ENABLE_OBJC_ARC = YES;
				CLANG_WARN_BOOL_CONVERSION = YES;
				CLANG_WARN_CONSTANT_CONVERSION = YES;
				CLANG_WARN_DIRECT_OBJC_ISA_USAGE = YES_ERROR;
				CLANG_WARN_DOCUMENTATION_COMMENTS = YES;
				CLANG_WARN_EMPTY_BODY = YES;
				CLANG_WARN_ENUM_CONVERSION = YES;
				CLANG_WARN_INFINITE_RECURSION = YES;
				CLANG_WARN_INT_CONVERSION = YES;
				CLANG_WARN_OBJC_ROOT_CLASS = YES_ERROR;
				CLANG_WARN_SUSPICIOUS_MOVE = YES;
				CLANG_WARN_UNREACHABLE_CODE = YES;
				CLANG_WARN__DUPLICATE_METHOD_MATCH = YES;
				"CODE_SIGN_IDENTITY[sdk=iphoneos*]" = "iPhone Developer";
				COPY_PHASE_STRIP = NO;
				CURRENT_PROJECT_VERSION = 0.5.6;
				DEBUG_INFORMATION_FORMAT = dwarf;
				ENABLE_STRICT_OBJC_MSGSEND = YES;
				ENABLE_TESTABILITY = YES;
				GCC_C_LANGUAGE_STANDARD = gnu99;
				GCC_DYNAMIC_NO_PIC = NO;
				GCC_NO_COMMON_BLOCKS = YES;
				GCC_OPTIMIZATION_LEVEL = 0;
				GCC_PREPROCESSOR_DEFINITIONS = (
					"DEBUG=1",
					"$(inherited)",
				);
				GCC_WARN_64_TO_32_BIT_CONVERSION = YES;
				GCC_WARN_ABOUT_RETURN_TYPE = YES_ERROR;
				GCC_WARN_UNDECLARED_SELECTOR = YES;
				GCC_WARN_UNINITIALIZED_AUTOS = YES_AGGRESSIVE;
				GCC_WARN_UNUSED_FUNCTION = YES;
				GCC_WARN_UNUSED_VARIABLE = YES;
				MTL_ENABLE_DEBUG_INFO = YES;
				ONLY_ACTIVE_ARCH = YES;
				SUPPORTED_PLATFORMS = "iphonesimulator iphoneos";
				SWIFT_ACTIVE_COMPILATION_CONDITIONS = DEBUG;
				SWIFT_OPTIMIZATION_LEVEL = "-Onone";
				SWIFT_VERSION = 3.0;
				VERSIONING_SYSTEM = "apple-generic";
				VERSION_INFO_PREFIX = "";
			};
			name = Debug;
		};
		9FC750571D2A532D00458D91 /* Release */ = {
			isa = XCBuildConfiguration;
			buildSettings = {
				ALWAYS_SEARCH_USER_PATHS = NO;
				CLANG_ANALYZER_NONNULL = YES;
				CLANG_CXX_LANGUAGE_STANDARD = "gnu++0x";
				CLANG_CXX_LIBRARY = "libc++";
				CLANG_ENABLE_MODULES = YES;
				CLANG_ENABLE_OBJC_ARC = YES;
				CLANG_WARN_BOOL_CONVERSION = YES;
				CLANG_WARN_CONSTANT_CONVERSION = YES;
				CLANG_WARN_DIRECT_OBJC_ISA_USAGE = YES_ERROR;
				CLANG_WARN_DOCUMENTATION_COMMENTS = YES;
				CLANG_WARN_EMPTY_BODY = YES;
				CLANG_WARN_ENUM_CONVERSION = YES;
				CLANG_WARN_INFINITE_RECURSION = YES;
				CLANG_WARN_INT_CONVERSION = YES;
				CLANG_WARN_OBJC_ROOT_CLASS = YES_ERROR;
				CLANG_WARN_SUSPICIOUS_MOVE = YES;
				CLANG_WARN_UNREACHABLE_CODE = YES;
				CLANG_WARN__DUPLICATE_METHOD_MATCH = YES;
				"CODE_SIGN_IDENTITY[sdk=iphoneos*]" = "iPhone Developer";
				COPY_PHASE_STRIP = NO;
				CURRENT_PROJECT_VERSION = 0.5.6;
				DEBUG_INFORMATION_FORMAT = "dwarf-with-dsym";
				ENABLE_NS_ASSERTIONS = NO;
				ENABLE_STRICT_OBJC_MSGSEND = YES;
				GCC_C_LANGUAGE_STANDARD = gnu99;
				GCC_NO_COMMON_BLOCKS = YES;
				GCC_WARN_64_TO_32_BIT_CONVERSION = YES;
				GCC_WARN_ABOUT_RETURN_TYPE = YES_ERROR;
				GCC_WARN_UNDECLARED_SELECTOR = YES;
				GCC_WARN_UNINITIALIZED_AUTOS = YES_AGGRESSIVE;
				GCC_WARN_UNUSED_FUNCTION = YES;
				GCC_WARN_UNUSED_VARIABLE = YES;
				MTL_ENABLE_DEBUG_INFO = NO;
				SUPPORTED_PLATFORMS = "iphonesimulator iphoneos";
				SWIFT_OPTIMIZATION_LEVEL = "-Owholemodule";
				SWIFT_VERSION = 3.0;
				VALIDATE_PRODUCT = YES;
				VERSIONING_SYSTEM = "apple-generic";
				VERSION_INFO_PREFIX = "";
			};
			name = Release;
		};
		9FC750591D2A532D00458D91 /* Debug */ = {
			isa = XCBuildConfiguration;
			baseConfigurationReference = 9F64D5681E6D691E00F12B14 /* Framework.xcconfig */;
			buildSettings = {
				APPLICATION_EXTENSION_API_ONLY = YES;
				DEFINES_MODULE = YES;
				INFOPLIST_FILE = Sources/Info.plist;
				PRODUCT_BUNDLE_IDENTIFIER = com.apollographql.Apollo;
				PRODUCT_NAME = Apollo;
			};
			name = Debug;
		};
		9FC7505A1D2A532D00458D91 /* Release */ = {
			isa = XCBuildConfiguration;
			baseConfigurationReference = 9F64D5681E6D691E00F12B14 /* Framework.xcconfig */;
			buildSettings = {
				APPLICATION_EXTENSION_API_ONLY = YES;
				DEFINES_MODULE = YES;
				INFOPLIST_FILE = Sources/Info.plist;
				PRODUCT_BUNDLE_IDENTIFIER = com.apollographql.Apollo;
				PRODUCT_NAME = Apollo;
			};
			name = Release;
		};
		9FEFCFCD1E6C65CE0061834C /* PerformanceTesting */ = {
			isa = XCBuildConfiguration;
			buildSettings = {
				ALWAYS_SEARCH_USER_PATHS = NO;
				CLANG_ANALYZER_NONNULL = YES;
				CLANG_CXX_LANGUAGE_STANDARD = "gnu++0x";
				CLANG_CXX_LIBRARY = "libc++";
				CLANG_ENABLE_MODULES = YES;
				CLANG_ENABLE_OBJC_ARC = YES;
				CLANG_WARN_BOOL_CONVERSION = YES;
				CLANG_WARN_CONSTANT_CONVERSION = YES;
				CLANG_WARN_DIRECT_OBJC_ISA_USAGE = YES_ERROR;
				CLANG_WARN_DOCUMENTATION_COMMENTS = YES;
				CLANG_WARN_EMPTY_BODY = YES;
				CLANG_WARN_ENUM_CONVERSION = YES;
				CLANG_WARN_INFINITE_RECURSION = YES;
				CLANG_WARN_INT_CONVERSION = YES;
				CLANG_WARN_OBJC_ROOT_CLASS = YES_ERROR;
				CLANG_WARN_SUSPICIOUS_MOVE = YES;
				CLANG_WARN_UNREACHABLE_CODE = YES;
				CLANG_WARN__DUPLICATE_METHOD_MATCH = YES;
				"CODE_SIGN_IDENTITY[sdk=iphoneos*]" = "iPhone Developer";
				COPY_PHASE_STRIP = NO;
				CURRENT_PROJECT_VERSION = 0.5.6;
				DEBUG_INFORMATION_FORMAT = "dwarf-with-dsym";
				ENABLE_NS_ASSERTIONS = NO;
				ENABLE_STRICT_OBJC_MSGSEND = YES;
				GCC_C_LANGUAGE_STANDARD = gnu99;
				GCC_NO_COMMON_BLOCKS = YES;
				GCC_WARN_64_TO_32_BIT_CONVERSION = YES;
				GCC_WARN_ABOUT_RETURN_TYPE = YES_ERROR;
				GCC_WARN_UNDECLARED_SELECTOR = YES;
				GCC_WARN_UNINITIALIZED_AUTOS = YES_AGGRESSIVE;
				GCC_WARN_UNUSED_FUNCTION = YES;
				GCC_WARN_UNUSED_VARIABLE = YES;
				MTL_ENABLE_DEBUG_INFO = NO;
				SUPPORTED_PLATFORMS = "iphonesimulator iphoneos";
				SWIFT_OPTIMIZATION_LEVEL = "-Owholemodule";
				SWIFT_VERSION = 3.0;
				VALIDATE_PRODUCT = YES;
				VERSIONING_SYSTEM = "apple-generic";
				VERSION_INFO_PREFIX = "";
			};
			name = PerformanceTesting;
		};
		9FEFCFCE1E6C65CE0061834C /* PerformanceTesting */ = {
			isa = XCBuildConfiguration;
			baseConfigurationReference = 9F64D5681E6D691E00F12B14 /* Framework.xcconfig */;
			buildSettings = {
				APPLICATION_EXTENSION_API_ONLY = YES;
				DEFINES_MODULE = YES;
				ENABLE_TESTABILITY = YES;
				INFOPLIST_FILE = Sources/Info.plist;
				PRODUCT_BUNDLE_IDENTIFIER = com.apollographql.Apollo;
				PRODUCT_NAME = Apollo;
			};
			name = PerformanceTesting;
		};
/* End XCBuildConfiguration section */

/* Begin XCConfigurationList section */
		9FC7503E1D2A532C00458D91 /* Build configuration list for PBXProject "Apollo" */ = {
			isa = XCConfigurationList;
			buildConfigurations = (
				9FC750561D2A532D00458D91 /* Debug */,
				9FC750571D2A532D00458D91 /* Release */,
				9FEFCFCD1E6C65CE0061834C /* PerformanceTesting */,
			);
			defaultConfigurationIsVisible = 0;
			defaultConfigurationName = Release;
		};
		9FC750581D2A532D00458D91 /* Build configuration list for PBXNativeTarget "Apollo" */ = {
			isa = XCConfigurationList;
			buildConfigurations = (
				9FC750591D2A532D00458D91 /* Debug */,
				9FC7505A1D2A532D00458D91 /* Release */,
				9FEFCFCE1E6C65CE0061834C /* PerformanceTesting */,
			);
			defaultConfigurationIsVisible = 0;
			defaultConfigurationName = Release;
		};
/* End XCConfigurationList section */
	};
	rootObject = 9FC7503B1D2A532C00458D91 /* Project object */;
}
