// !$*UTF8*$!
{
	archiveVersion = 1;
	classes = {
	};
	objectVersion = 55;
	objects = {

/* Begin PBXBuildFile section */
		1C98760AB5B40E1401DDF821 /* Pods_MyCustomProjectTests.framework in Frameworks */ = {isa = PBXBuildFile; fileRef = 2CBF7A36D0C3D1CD7EC9D4CF /* Pods_MyCustomProjectTests.framework */; };
		5D67144674DAAB0B1F98747C /* Pods_MyCustomProject_MyCustomProjectUITests.framework in Frameworks */ = {isa = PBXBuildFile; fileRef = 59797E6F214AE334589049EB /* Pods_MyCustomProject_MyCustomProjectUITests.framework */; };
		93CCEB0BE199041D1E4A3561 /* Pods_MyCustomProject.framework in Frameworks */ = {isa = PBXBuildFile; fileRef = B8D1830AF086FA9B1E9A074C /* Pods_MyCustomProject.framework */; };
		DE35122428E25C4C000F1E52 /* MyCustomProjectApp.swift in Sources */ = {isa = PBXBuildFile; fileRef = DE35122328E25C4C000F1E52 /* MyCustomProjectApp.swift */; };
		DE35122628E25C4C000F1E52 /* ContentView.swift in Sources */ = {isa = PBXBuildFile; fileRef = DE35122528E25C4C000F1E52 /* ContentView.swift */; };
		DE35122828E25C4C000F1E52 /* Assets.xcassets in Resources */ = {isa = PBXBuildFile; fileRef = DE35122728E25C4C000F1E52 /* Assets.xcassets */; };
		DE35122B28E25C4C000F1E52 /* Preview Assets.xcassets in Resources */ = {isa = PBXBuildFile; fileRef = DE35122A28E25C4C000F1E52 /* Preview Assets.xcassets */; };
		DE35123628E25C4D000F1E52 /* MyCustomProjectTests.swift in Sources */ = {isa = PBXBuildFile; fileRef = DE35123528E25C4D000F1E52 /* MyCustomProjectTests.swift */; };
		DE35124028E25C4D000F1E52 /* MyCustomProjectUITests.swift in Sources */ = {isa = PBXBuildFile; fileRef = DE35123F28E25C4D000F1E52 /* MyCustomProjectUITests.swift */; };
		DE35124228E25C4D000F1E52 /* MyCustomProjectUITestsLaunchTests.swift in Sources */ = {isa = PBXBuildFile; fileRef = DE35124128E25C4D000F1E52 /* MyCustomProjectUITestsLaunchTests.swift */; };
		DE35128E28E25CE1000F1E52 /* PetDetailsMutation.graphql.swift in Sources */ = {isa = PBXBuildFile; fileRef = DE35125B28E25CE1000F1E52 /* PetDetailsMutation.graphql.swift */; };
		DE35128F28E25CE1000F1E52 /* AllAnimalsLocalCacheMutation.graphql.swift in Sources */ = {isa = PBXBuildFile; fileRef = DE35125C28E25CE1000F1E52 /* AllAnimalsLocalCacheMutation.graphql.swift */; };
		DE35129028E25CE1000F1E52 /* ClassroomPet.graphql.swift in Sources */ = {isa = PBXBuildFile; fileRef = DE35125F28E25CE1000F1E52 /* ClassroomPet.graphql.swift */; };
		DE35129128E25CE1000F1E52 /* CustomDate.swift in Sources */ = {isa = PBXBuildFile; fileRef = DE35126128E25CE1000F1E52 /* CustomDate.swift */; };
		DE35129228E25CE1000F1E52 /* SkinCovering.graphql.swift in Sources */ = {isa = PBXBuildFile; fileRef = DE35126328E25CE1000F1E52 /* SkinCovering.graphql.swift */; };
		DE35129328E25CE1000F1E52 /* RelativeSize.graphql.swift in Sources */ = {isa = PBXBuildFile; fileRef = DE35126428E25CE1000F1E52 /* RelativeSize.graphql.swift */; };
		DE35129428E25CE1000F1E52 /* Rat.graphql.swift in Sources */ = {isa = PBXBuildFile; fileRef = DE35126628E25CE1000F1E52 /* Rat.graphql.swift */; };
		DE35129528E25CE1000F1E52 /* Bird.graphql.swift in Sources */ = {isa = PBXBuildFile; fileRef = DE35126728E25CE1000F1E52 /* Bird.graphql.swift */; };
		DE35129628E25CE1000F1E52 /* PetRock.graphql.swift in Sources */ = {isa = PBXBuildFile; fileRef = DE35126828E25CE1000F1E52 /* PetRock.graphql.swift */; };
		DE35129728E25CE1000F1E52 /* Dog.graphql.swift in Sources */ = {isa = PBXBuildFile; fileRef = DE35126928E25CE1000F1E52 /* Dog.graphql.swift */; };
		DE35129828E25CE1000F1E52 /* Height.graphql.swift in Sources */ = {isa = PBXBuildFile; fileRef = DE35126A28E25CE1000F1E52 /* Height.graphql.swift */; };
		DE35129928E25CE1000F1E52 /* Mutation.graphql.swift in Sources */ = {isa = PBXBuildFile; fileRef = DE35126B28E25CE1000F1E52 /* Mutation.graphql.swift */; };
		DE35129A28E25CE1000F1E52 /* Query.graphql.swift in Sources */ = {isa = PBXBuildFile; fileRef = DE35126C28E25CE1000F1E52 /* Query.graphql.swift */; };
		DE35129B28E25CE1000F1E52 /* Cat.graphql.swift in Sources */ = {isa = PBXBuildFile; fileRef = DE35126D28E25CE1000F1E52 /* Cat.graphql.swift */; };
		DE35129C28E25CE1000F1E52 /* Fish.graphql.swift in Sources */ = {isa = PBXBuildFile; fileRef = DE35126E28E25CE1000F1E52 /* Fish.graphql.swift */; };
		DE35129D28E25CE1000F1E52 /* Human.graphql.swift in Sources */ = {isa = PBXBuildFile; fileRef = DE35126F28E25CE1000F1E52 /* Human.graphql.swift */; };
		DE35129E28E25CE1000F1E52 /* Crocodile.graphql.swift in Sources */ = {isa = PBXBuildFile; fileRef = DE35127028E25CE1000F1E52 /* Crocodile.graphql.swift */; };
		DE35129F28E25CE1000F1E52 /* SchemaConfiguration.swift in Sources */ = {isa = PBXBuildFile; fileRef = DE35127128E25CE1000F1E52 /* SchemaConfiguration.swift */; };
		DE3512A028E25CE1000F1E52 /* PetAdoptionInput.graphql.swift in Sources */ = {isa = PBXBuildFile; fileRef = DE35127328E25CE1000F1E52 /* PetAdoptionInput.graphql.swift */; };
		DE3512A128E25CE1000F1E52 /* PetSearchFilters.graphql.swift in Sources */ = {isa = PBXBuildFile; fileRef = DE35127428E25CE1000F1E52 /* PetSearchFilters.graphql.swift */; };
		DE3512A228E25CE1000F1E52 /* MeasurementsInput.graphql.swift in Sources */ = {isa = PBXBuildFile; fileRef = DE35127528E25CE1000F1E52 /* MeasurementsInput.graphql.swift */; };
		DE3512A328E25CE1000F1E52 /* SchemaMetadata.graphql.swift in Sources */ = {isa = PBXBuildFile; fileRef = DE35127628E25CE1000F1E52 /* SchemaMetadata.graphql.swift */; };
		DE3512A428E25CE1000F1E52 /* HousePet.graphql.swift in Sources */ = {isa = PBXBuildFile; fileRef = DE35127828E25CE1000F1E52 /* HousePet.graphql.swift */; };
		DE3512A528E25CE1000F1E52 /* Pet.graphql.swift in Sources */ = {isa = PBXBuildFile; fileRef = DE35127928E25CE1000F1E52 /* Pet.graphql.swift */; };
		DE3512A628E25CE1000F1E52 /* Animal.graphql.swift in Sources */ = {isa = PBXBuildFile; fileRef = DE35127A28E25CE1000F1E52 /* Animal.graphql.swift */; };
		DE3512A728E25CE1000F1E52 /* WarmBlooded.graphql.swift in Sources */ = {isa = PBXBuildFile; fileRef = DE35127B28E25CE1000F1E52 /* WarmBlooded.graphql.swift */; };
		DE3512A828E25CE1000F1E52 /* PetDetails.graphql.swift in Sources */ = {isa = PBXBuildFile; fileRef = DE35127D28E25CE1000F1E52 /* PetDetails.graphql.swift */; };
		DE3512A928E25CE1000F1E52 /* HeightInMeters.graphql.swift in Sources */ = {isa = PBXBuildFile; fileRef = DE35127E28E25CE1000F1E52 /* HeightInMeters.graphql.swift */; };
		DE3512AA28E25CE1000F1E52 /* ClassroomPetDetails.graphql.swift in Sources */ = {isa = PBXBuildFile; fileRef = DE35127F28E25CE1000F1E52 /* ClassroomPetDetails.graphql.swift */; };
		DE3512AB28E25CE1000F1E52 /* DogFragment.graphql.swift in Sources */ = {isa = PBXBuildFile; fileRef = DE35128028E25CE1000F1E52 /* DogFragment.graphql.swift */; };
		DE3512AC28E25CE1000F1E52 /* ClassroomPetDetailsCCN.graphql.swift in Sources */ = {isa = PBXBuildFile; fileRef = DE35128128E25CE1000F1E52 /* ClassroomPetDetailsCCN.graphql.swift */; };
		DE3512AD28E25CE1000F1E52 /* WarmBloodedDetails.graphql.swift in Sources */ = {isa = PBXBuildFile; fileRef = DE35128228E25CE1000F1E52 /* WarmBloodedDetails.graphql.swift */; };
		DE3512AE28E25CE1000F1E52 /* PetAdoptionMutation.graphql.swift in Sources */ = {isa = PBXBuildFile; fileRef = DE35128528E25CE1000F1E52 /* PetAdoptionMutation.graphql.swift */; };
		DE3512AF28E25CE1000F1E52 /* DogQuery.graphql.swift in Sources */ = {isa = PBXBuildFile; fileRef = DE35128728E25CE1000F1E52 /* DogQuery.graphql.swift */; };
		DE3512B028E25CE1000F1E52 /* AllAnimalsCCNQuery.graphql.swift in Sources */ = {isa = PBXBuildFile; fileRef = DE35128828E25CE1000F1E52 /* AllAnimalsCCNQuery.graphql.swift */; };
		DE3512B128E25CE1000F1E52 /* ClassroomPetsQuery.graphql.swift in Sources */ = {isa = PBXBuildFile; fileRef = DE35128928E25CE1000F1E52 /* ClassroomPetsQuery.graphql.swift */; };
		DE3512B228E25CE1000F1E52 /* ClassroomPetsCCNQuery.graphql.swift in Sources */ = {isa = PBXBuildFile; fileRef = DE35128A28E25CE1000F1E52 /* ClassroomPetsCCNQuery.graphql.swift */; };
		DE3512B328E25CE1000F1E52 /* AllAnimalsQuery.graphql.swift in Sources */ = {isa = PBXBuildFile; fileRef = DE35128B28E25CE1000F1E52 /* AllAnimalsQuery.graphql.swift */; };
		DE3512B428E25CE1000F1E52 /* AllAnimalsIncludeSkipQuery.graphql.swift in Sources */ = {isa = PBXBuildFile; fileRef = DE35128C28E25CE1000F1E52 /* AllAnimalsIncludeSkipQuery.graphql.swift */; };
		DE3512B528E25CE1000F1E52 /* PetSearchQuery.graphql.swift in Sources */ = {isa = PBXBuildFile; fileRef = DE35128D28E25CE1000F1E52 /* PetSearchQuery.graphql.swift */; };
/* End PBXBuildFile section */

/* Begin PBXContainerItemProxy section */
		DE35123228E25C4C000F1E52 /* PBXContainerItemProxy */ = {
			isa = PBXContainerItemProxy;
			containerPortal = DE35121828E25C4C000F1E52 /* Project object */;
			proxyType = 1;
			remoteGlobalIDString = DE35121F28E25C4C000F1E52;
			remoteInfo = MyCustomProject;
		};
		DE35123C28E25C4D000F1E52 /* PBXContainerItemProxy */ = {
			isa = PBXContainerItemProxy;
			containerPortal = DE35121828E25C4C000F1E52 /* Project object */;
			proxyType = 1;
			remoteGlobalIDString = DE35121F28E25C4C000F1E52;
			remoteInfo = MyCustomProject;
		};
/* End PBXContainerItemProxy section */

/* Begin PBXFileReference section */
		156EB959D332A6A2AC310990 /* Pods-MyCustomProjectTests.release.xcconfig */ = {isa = PBXFileReference; includeInIndex = 1; lastKnownFileType = text.xcconfig; name = "Pods-MyCustomProjectTests.release.xcconfig"; path = "Target Support Files/Pods-MyCustomProjectTests/Pods-MyCustomProjectTests.release.xcconfig"; sourceTree = "<group>"; };
		220E856D539FA9A613C93CED /* Pods-MyCustomProject-MyCustomProjectUITests.release.xcconfig */ = {isa = PBXFileReference; includeInIndex = 1; lastKnownFileType = text.xcconfig; name = "Pods-MyCustomProject-MyCustomProjectUITests.release.xcconfig"; path = "Target Support Files/Pods-MyCustomProject-MyCustomProjectUITests/Pods-MyCustomProject-MyCustomProjectUITests.release.xcconfig"; sourceTree = "<group>"; };
		2CBF7A36D0C3D1CD7EC9D4CF /* Pods_MyCustomProjectTests.framework */ = {isa = PBXFileReference; explicitFileType = wrapper.framework; includeInIndex = 0; path = Pods_MyCustomProjectTests.framework; sourceTree = BUILT_PRODUCTS_DIR; };
		3FCD42EF1E75B1F54991D5C7 /* Pods-MyCustomProject-MyCustomProjectUITests.debug.xcconfig */ = {isa = PBXFileReference; includeInIndex = 1; lastKnownFileType = text.xcconfig; name = "Pods-MyCustomProject-MyCustomProjectUITests.debug.xcconfig"; path = "Target Support Files/Pods-MyCustomProject-MyCustomProjectUITests/Pods-MyCustomProject-MyCustomProjectUITests.debug.xcconfig"; sourceTree = "<group>"; };
		59797E6F214AE334589049EB /* Pods_MyCustomProject_MyCustomProjectUITests.framework */ = {isa = PBXFileReference; explicitFileType = wrapper.framework; includeInIndex = 0; path = Pods_MyCustomProject_MyCustomProjectUITests.framework; sourceTree = BUILT_PRODUCTS_DIR; };
		87221D51000C906DD5B5122A /* Pods-MyCustomProject.debug.xcconfig */ = {isa = PBXFileReference; includeInIndex = 1; lastKnownFileType = text.xcconfig; name = "Pods-MyCustomProject.debug.xcconfig"; path = "Target Support Files/Pods-MyCustomProject/Pods-MyCustomProject.debug.xcconfig"; sourceTree = "<group>"; };
		B8D1830AF086FA9B1E9A074C /* Pods_MyCustomProject.framework */ = {isa = PBXFileReference; explicitFileType = wrapper.framework; includeInIndex = 0; path = Pods_MyCustomProject.framework; sourceTree = BUILT_PRODUCTS_DIR; };
		DA093DCDE1C0CDAF6C2BDDA1 /* Pods-MyCustomProjectTests.debug.xcconfig */ = {isa = PBXFileReference; includeInIndex = 1; lastKnownFileType = text.xcconfig; name = "Pods-MyCustomProjectTests.debug.xcconfig"; path = "Target Support Files/Pods-MyCustomProjectTests/Pods-MyCustomProjectTests.debug.xcconfig"; sourceTree = "<group>"; };
		DE35122028E25C4C000F1E52 /* MyCustomProject.app */ = {isa = PBXFileReference; explicitFileType = wrapper.application; includeInIndex = 0; path = MyCustomProject.app; sourceTree = BUILT_PRODUCTS_DIR; };
		DE35122328E25C4C000F1E52 /* MyCustomProjectApp.swift */ = {isa = PBXFileReference; lastKnownFileType = sourcecode.swift; path = MyCustomProjectApp.swift; sourceTree = "<group>"; };
		DE35122528E25C4C000F1E52 /* ContentView.swift */ = {isa = PBXFileReference; lastKnownFileType = sourcecode.swift; path = ContentView.swift; sourceTree = "<group>"; };
		DE35122728E25C4C000F1E52 /* Assets.xcassets */ = {isa = PBXFileReference; lastKnownFileType = folder.assetcatalog; path = Assets.xcassets; sourceTree = "<group>"; };
		DE35122A28E25C4C000F1E52 /* Preview Assets.xcassets */ = {isa = PBXFileReference; lastKnownFileType = folder.assetcatalog; path = "Preview Assets.xcassets"; sourceTree = "<group>"; };
		DE35123128E25C4C000F1E52 /* MyCustomProjectTests.xctest */ = {isa = PBXFileReference; explicitFileType = wrapper.cfbundle; includeInIndex = 0; path = MyCustomProjectTests.xctest; sourceTree = BUILT_PRODUCTS_DIR; };
		DE35123528E25C4D000F1E52 /* MyCustomProjectTests.swift */ = {isa = PBXFileReference; lastKnownFileType = sourcecode.swift; path = MyCustomProjectTests.swift; sourceTree = "<group>"; };
		DE35123B28E25C4D000F1E52 /* MyCustomProjectUITests.xctest */ = {isa = PBXFileReference; explicitFileType = wrapper.cfbundle; includeInIndex = 0; path = MyCustomProjectUITests.xctest; sourceTree = BUILT_PRODUCTS_DIR; };
		DE35123F28E25C4D000F1E52 /* MyCustomProjectUITests.swift */ = {isa = PBXFileReference; lastKnownFileType = sourcecode.swift; path = MyCustomProjectUITests.swift; sourceTree = "<group>"; };
		DE35124128E25C4D000F1E52 /* MyCustomProjectUITestsLaunchTests.swift */ = {isa = PBXFileReference; lastKnownFileType = sourcecode.swift; path = MyCustomProjectUITestsLaunchTests.swift; sourceTree = "<group>"; };
		DE35125B28E25CE1000F1E52 /* PetDetailsMutation.graphql.swift */ = {isa = PBXFileReference; fileEncoding = 4; lastKnownFileType = sourcecode.swift; path = PetDetailsMutation.graphql.swift; sourceTree = "<group>"; };
		DE35125C28E25CE1000F1E52 /* AllAnimalsLocalCacheMutation.graphql.swift */ = {isa = PBXFileReference; fileEncoding = 4; lastKnownFileType = sourcecode.swift; path = AllAnimalsLocalCacheMutation.graphql.swift; sourceTree = "<group>"; };
		DE35125F28E25CE1000F1E52 /* ClassroomPet.graphql.swift */ = {isa = PBXFileReference; fileEncoding = 4; lastKnownFileType = sourcecode.swift; path = ClassroomPet.graphql.swift; sourceTree = "<group>"; };
		DE35126128E25CE1000F1E52 /* CustomDate.swift */ = {isa = PBXFileReference; fileEncoding = 4; lastKnownFileType = sourcecode.swift; path = CustomDate.swift; sourceTree = "<group>"; };
		DE35126328E25CE1000F1E52 /* SkinCovering.graphql.swift */ = {isa = PBXFileReference; fileEncoding = 4; lastKnownFileType = sourcecode.swift; path = SkinCovering.graphql.swift; sourceTree = "<group>"; };
		DE35126428E25CE1000F1E52 /* RelativeSize.graphql.swift */ = {isa = PBXFileReference; fileEncoding = 4; lastKnownFileType = sourcecode.swift; path = RelativeSize.graphql.swift; sourceTree = "<group>"; };
		DE35126628E25CE1000F1E52 /* Rat.graphql.swift */ = {isa = PBXFileReference; fileEncoding = 4; lastKnownFileType = sourcecode.swift; path = Rat.graphql.swift; sourceTree = "<group>"; };
		DE35126728E25CE1000F1E52 /* Bird.graphql.swift */ = {isa = PBXFileReference; fileEncoding = 4; lastKnownFileType = sourcecode.swift; path = Bird.graphql.swift; sourceTree = "<group>"; };
		DE35126828E25CE1000F1E52 /* PetRock.graphql.swift */ = {isa = PBXFileReference; fileEncoding = 4; lastKnownFileType = sourcecode.swift; path = PetRock.graphql.swift; sourceTree = "<group>"; };
		DE35126928E25CE1000F1E52 /* Dog.graphql.swift */ = {isa = PBXFileReference; fileEncoding = 4; lastKnownFileType = sourcecode.swift; path = Dog.graphql.swift; sourceTree = "<group>"; };
		DE35126A28E25CE1000F1E52 /* Height.graphql.swift */ = {isa = PBXFileReference; fileEncoding = 4; lastKnownFileType = sourcecode.swift; path = Height.graphql.swift; sourceTree = "<group>"; };
		DE35126B28E25CE1000F1E52 /* Mutation.graphql.swift */ = {isa = PBXFileReference; fileEncoding = 4; lastKnownFileType = sourcecode.swift; path = Mutation.graphql.swift; sourceTree = "<group>"; };
		DE35126C28E25CE1000F1E52 /* Query.graphql.swift */ = {isa = PBXFileReference; fileEncoding = 4; lastKnownFileType = sourcecode.swift; path = Query.graphql.swift; sourceTree = "<group>"; };
		DE35126D28E25CE1000F1E52 /* Cat.graphql.swift */ = {isa = PBXFileReference; fileEncoding = 4; lastKnownFileType = sourcecode.swift; path = Cat.graphql.swift; sourceTree = "<group>"; };
		DE35126E28E25CE1000F1E52 /* Fish.graphql.swift */ = {isa = PBXFileReference; fileEncoding = 4; lastKnownFileType = sourcecode.swift; path = Fish.graphql.swift; sourceTree = "<group>"; };
		DE35126F28E25CE1000F1E52 /* Human.graphql.swift */ = {isa = PBXFileReference; fileEncoding = 4; lastKnownFileType = sourcecode.swift; path = Human.graphql.swift; sourceTree = "<group>"; };
		DE35127028E25CE1000F1E52 /* Crocodile.graphql.swift */ = {isa = PBXFileReference; fileEncoding = 4; lastKnownFileType = sourcecode.swift; path = Crocodile.graphql.swift; sourceTree = "<group>"; };
		DE35127128E25CE1000F1E52 /* SchemaConfiguration.swift */ = {isa = PBXFileReference; fileEncoding = 4; lastKnownFileType = sourcecode.swift; path = SchemaConfiguration.swift; sourceTree = "<group>"; };
		DE35127328E25CE1000F1E52 /* PetAdoptionInput.graphql.swift */ = {isa = PBXFileReference; fileEncoding = 4; lastKnownFileType = sourcecode.swift; path = PetAdoptionInput.graphql.swift; sourceTree = "<group>"; };
		DE35127428E25CE1000F1E52 /* PetSearchFilters.graphql.swift */ = {isa = PBXFileReference; fileEncoding = 4; lastKnownFileType = sourcecode.swift; path = PetSearchFilters.graphql.swift; sourceTree = "<group>"; };
		DE35127528E25CE1000F1E52 /* MeasurementsInput.graphql.swift */ = {isa = PBXFileReference; fileEncoding = 4; lastKnownFileType = sourcecode.swift; path = MeasurementsInput.graphql.swift; sourceTree = "<group>"; };
		DE35127628E25CE1000F1E52 /* SchemaMetadata.graphql.swift */ = {isa = PBXFileReference; fileEncoding = 4; lastKnownFileType = sourcecode.swift; path = SchemaMetadata.graphql.swift; sourceTree = "<group>"; };
		DE35127828E25CE1000F1E52 /* HousePet.graphql.swift */ = {isa = PBXFileReference; fileEncoding = 4; lastKnownFileType = sourcecode.swift; path = HousePet.graphql.swift; sourceTree = "<group>"; };
		DE35127928E25CE1000F1E52 /* Pet.graphql.swift */ = {isa = PBXFileReference; fileEncoding = 4; lastKnownFileType = sourcecode.swift; path = Pet.graphql.swift; sourceTree = "<group>"; };
		DE35127A28E25CE1000F1E52 /* Animal.graphql.swift */ = {isa = PBXFileReference; fileEncoding = 4; lastKnownFileType = sourcecode.swift; path = Animal.graphql.swift; sourceTree = "<group>"; };
		DE35127B28E25CE1000F1E52 /* WarmBlooded.graphql.swift */ = {isa = PBXFileReference; fileEncoding = 4; lastKnownFileType = sourcecode.swift; path = WarmBlooded.graphql.swift; sourceTree = "<group>"; };
		DE35127D28E25CE1000F1E52 /* PetDetails.graphql.swift */ = {isa = PBXFileReference; fileEncoding = 4; lastKnownFileType = sourcecode.swift; path = PetDetails.graphql.swift; sourceTree = "<group>"; };
		DE35127E28E25CE1000F1E52 /* HeightInMeters.graphql.swift */ = {isa = PBXFileReference; fileEncoding = 4; lastKnownFileType = sourcecode.swift; path = HeightInMeters.graphql.swift; sourceTree = "<group>"; };
		DE35127F28E25CE1000F1E52 /* ClassroomPetDetails.graphql.swift */ = {isa = PBXFileReference; fileEncoding = 4; lastKnownFileType = sourcecode.swift; path = ClassroomPetDetails.graphql.swift; sourceTree = "<group>"; };
		DE35128028E25CE1000F1E52 /* DogFragment.graphql.swift */ = {isa = PBXFileReference; fileEncoding = 4; lastKnownFileType = sourcecode.swift; path = DogFragment.graphql.swift; sourceTree = "<group>"; };
		DE35128128E25CE1000F1E52 /* ClassroomPetDetailsCCN.graphql.swift */ = {isa = PBXFileReference; fileEncoding = 4; lastKnownFileType = sourcecode.swift; path = ClassroomPetDetailsCCN.graphql.swift; sourceTree = "<group>"; };
		DE35128228E25CE1000F1E52 /* WarmBloodedDetails.graphql.swift */ = {isa = PBXFileReference; fileEncoding = 4; lastKnownFileType = sourcecode.swift; path = WarmBloodedDetails.graphql.swift; sourceTree = "<group>"; };
		DE35128528E25CE1000F1E52 /* PetAdoptionMutation.graphql.swift */ = {isa = PBXFileReference; fileEncoding = 4; lastKnownFileType = sourcecode.swift; path = PetAdoptionMutation.graphql.swift; sourceTree = "<group>"; };
		DE35128728E25CE1000F1E52 /* DogQuery.graphql.swift */ = {isa = PBXFileReference; fileEncoding = 4; lastKnownFileType = sourcecode.swift; path = DogQuery.graphql.swift; sourceTree = "<group>"; };
		DE35128828E25CE1000F1E52 /* AllAnimalsCCNQuery.graphql.swift */ = {isa = PBXFileReference; fileEncoding = 4; lastKnownFileType = sourcecode.swift; path = AllAnimalsCCNQuery.graphql.swift; sourceTree = "<group>"; };
		DE35128928E25CE1000F1E52 /* ClassroomPetsQuery.graphql.swift */ = {isa = PBXFileReference; fileEncoding = 4; lastKnownFileType = sourcecode.swift; path = ClassroomPetsQuery.graphql.swift; sourceTree = "<group>"; };
		DE35128A28E25CE1000F1E52 /* ClassroomPetsCCNQuery.graphql.swift */ = {isa = PBXFileReference; fileEncoding = 4; lastKnownFileType = sourcecode.swift; path = ClassroomPetsCCNQuery.graphql.swift; sourceTree = "<group>"; };
		DE35128B28E25CE1000F1E52 /* AllAnimalsQuery.graphql.swift */ = {isa = PBXFileReference; fileEncoding = 4; lastKnownFileType = sourcecode.swift; path = AllAnimalsQuery.graphql.swift; sourceTree = "<group>"; };
		DE35128C28E25CE1000F1E52 /* AllAnimalsIncludeSkipQuery.graphql.swift */ = {isa = PBXFileReference; fileEncoding = 4; lastKnownFileType = sourcecode.swift; path = AllAnimalsIncludeSkipQuery.graphql.swift; sourceTree = "<group>"; };
		DE35128D28E25CE1000F1E52 /* PetSearchQuery.graphql.swift */ = {isa = PBXFileReference; fileEncoding = 4; lastKnownFileType = sourcecode.swift; path = PetSearchQuery.graphql.swift; sourceTree = "<group>"; };
		F5DEBE445719BEA0FEF902CF /* Pods-MyCustomProject.release.xcconfig */ = {isa = PBXFileReference; includeInIndex = 1; lastKnownFileType = text.xcconfig; name = "Pods-MyCustomProject.release.xcconfig"; path = "Target Support Files/Pods-MyCustomProject/Pods-MyCustomProject.release.xcconfig"; sourceTree = "<group>"; };
/* End PBXFileReference section */

/* Begin PBXFrameworksBuildPhase section */
		DE35121D28E25C4C000F1E52 /* Frameworks */ = {
			isa = PBXFrameworksBuildPhase;
			buildActionMask = 2147483647;
			files = (
				93CCEB0BE199041D1E4A3561 /* Pods_MyCustomProject.framework in Frameworks */,
			);
			runOnlyForDeploymentPostprocessing = 0;
		};
		DE35122E28E25C4C000F1E52 /* Frameworks */ = {
			isa = PBXFrameworksBuildPhase;
			buildActionMask = 2147483647;
			files = (
				1C98760AB5B40E1401DDF821 /* Pods_MyCustomProjectTests.framework in Frameworks */,
			);
			runOnlyForDeploymentPostprocessing = 0;
		};
		DE35123828E25C4D000F1E52 /* Frameworks */ = {
			isa = PBXFrameworksBuildPhase;
			buildActionMask = 2147483647;
			files = (
				5D67144674DAAB0B1F98747C /* Pods_MyCustomProject_MyCustomProjectUITests.framework in Frameworks */,
			);
			runOnlyForDeploymentPostprocessing = 0;
		};
/* End PBXFrameworksBuildPhase section */

/* Begin PBXGroup section */
		683691804F24E6853031EF62 /* Pods */ = {
			isa = PBXGroup;
			children = (
				87221D51000C906DD5B5122A /* Pods-MyCustomProject.debug.xcconfig */,
				F5DEBE445719BEA0FEF902CF /* Pods-MyCustomProject.release.xcconfig */,
				3FCD42EF1E75B1F54991D5C7 /* Pods-MyCustomProject-MyCustomProjectUITests.debug.xcconfig */,
				220E856D539FA9A613C93CED /* Pods-MyCustomProject-MyCustomProjectUITests.release.xcconfig */,
				DA093DCDE1C0CDAF6C2BDDA1 /* Pods-MyCustomProjectTests.debug.xcconfig */,
				156EB959D332A6A2AC310990 /* Pods-MyCustomProjectTests.release.xcconfig */,
			);
			name = Pods;
			path = Pods;
			sourceTree = "<group>";
		};
		82E06B1037A331BFF34F4BD3 /* Frameworks */ = {
			isa = PBXGroup;
			children = (
				B8D1830AF086FA9B1E9A074C /* Pods_MyCustomProject.framework */,
				59797E6F214AE334589049EB /* Pods_MyCustomProject_MyCustomProjectUITests.framework */,
				2CBF7A36D0C3D1CD7EC9D4CF /* Pods_MyCustomProjectTests.framework */,
			);
			name = Frameworks;
			sourceTree = "<group>";
		};
		DE35121728E25C4C000F1E52 = {
			isa = PBXGroup;
			children = (
				DE35122228E25C4C000F1E52 /* MyCustomProject */,
				DE35123428E25C4C000F1E52 /* MyCustomProjectTests */,
				DE35123E28E25C4D000F1E52 /* MyCustomProjectUITests */,
				DE35122128E25C4C000F1E52 /* Products */,
				683691804F24E6853031EF62 /* Pods */,
				82E06B1037A331BFF34F4BD3 /* Frameworks */,
			);
			sourceTree = "<group>";
		};
		DE35122128E25C4C000F1E52 /* Products */ = {
			isa = PBXGroup;
			children = (
				DE35122028E25C4C000F1E52 /* MyCustomProject.app */,
				DE35123128E25C4C000F1E52 /* MyCustomProjectTests.xctest */,
				DE35123B28E25C4D000F1E52 /* MyCustomProjectUITests.xctest */,
			);
			name = Products;
			sourceTree = "<group>";
		};
		DE35122228E25C4C000F1E52 /* MyCustomProject */ = {
			isa = PBXGroup;
			children = (
				DE35127C28E25CE1000F1E52 /* Fragments */,
				DE35125A28E25CE1000F1E52 /* LocalCacheMutations */,
				DE35128328E25CE1000F1E52 /* Operations */,
				DE35125D28E25CE1000F1E52 /* Schema */,
				DE35122328E25C4C000F1E52 /* MyCustomProjectApp.swift */,
				DE35122528E25C4C000F1E52 /* ContentView.swift */,
				DE35122728E25C4C000F1E52 /* Assets.xcassets */,
				DE35122928E25C4C000F1E52 /* Preview Content */,
			);
			path = MyCustomProject;
			sourceTree = "<group>";
		};
		DE35122928E25C4C000F1E52 /* Preview Content */ = {
			isa = PBXGroup;
			children = (
				DE35122A28E25C4C000F1E52 /* Preview Assets.xcassets */,
			);
			path = "Preview Content";
			sourceTree = "<group>";
		};
		DE35123428E25C4C000F1E52 /* MyCustomProjectTests */ = {
			isa = PBXGroup;
			children = (
				DE35123528E25C4D000F1E52 /* MyCustomProjectTests.swift */,
			);
			path = MyCustomProjectTests;
			sourceTree = "<group>";
		};
		DE35123E28E25C4D000F1E52 /* MyCustomProjectUITests */ = {
			isa = PBXGroup;
			children = (
				DE35123F28E25C4D000F1E52 /* MyCustomProjectUITests.swift */,
				DE35124128E25C4D000F1E52 /* MyCustomProjectUITestsLaunchTests.swift */,
			);
			path = MyCustomProjectUITests;
			sourceTree = "<group>";
		};
		DE35125A28E25CE1000F1E52 /* LocalCacheMutations */ = {
			isa = PBXGroup;
			children = (
				DE35125B28E25CE1000F1E52 /* PetDetailsMutation.graphql.swift */,
				DE35125C28E25CE1000F1E52 /* AllAnimalsLocalCacheMutation.graphql.swift */,
			);
			path = LocalCacheMutations;
			sourceTree = "<group>";
		};
		DE35125D28E25CE1000F1E52 /* Schema */ = {
			isa = PBXGroup;
			children = (
				DE35125E28E25CE1000F1E52 /* Unions */,
				DE35126028E25CE1000F1E52 /* CustomScalars */,
				DE35126228E25CE1000F1E52 /* Enums */,
				DE35126528E25CE1000F1E52 /* Objects */,
				DE35127128E25CE1000F1E52 /* SchemaConfiguration.swift */,
				DE35127228E25CE1000F1E52 /* InputObjects */,
				DE35127628E25CE1000F1E52 /* SchemaMetadata.graphql.swift */,
				DE35127728E25CE1000F1E52 /* Interfaces */,
			);
			path = Schema;
			sourceTree = "<group>";
		};
		DE35125E28E25CE1000F1E52 /* Unions */ = {
			isa = PBXGroup;
			children = (
				DE35125F28E25CE1000F1E52 /* ClassroomPet.graphql.swift */,
			);
			path = Unions;
			sourceTree = "<group>";
		};
		DE35126028E25CE1000F1E52 /* CustomScalars */ = {
			isa = PBXGroup;
			children = (
				DE35126128E25CE1000F1E52 /* CustomDate.swift */,
			);
			path = CustomScalars;
			sourceTree = "<group>";
		};
		DE35126228E25CE1000F1E52 /* Enums */ = {
			isa = PBXGroup;
			children = (
				DE35126328E25CE1000F1E52 /* SkinCovering.graphql.swift */,
				DE35126428E25CE1000F1E52 /* RelativeSize.graphql.swift */,
			);
			path = Enums;
			sourceTree = "<group>";
		};
		DE35126528E25CE1000F1E52 /* Objects */ = {
			isa = PBXGroup;
			children = (
				DE35126628E25CE1000F1E52 /* Rat.graphql.swift */,
				DE35126728E25CE1000F1E52 /* Bird.graphql.swift */,
				DE35126828E25CE1000F1E52 /* PetRock.graphql.swift */,
				DE35126928E25CE1000F1E52 /* Dog.graphql.swift */,
				DE35126A28E25CE1000F1E52 /* Height.graphql.swift */,
				DE35126B28E25CE1000F1E52 /* Mutation.graphql.swift */,
				DE35126C28E25CE1000F1E52 /* Query.graphql.swift */,
				DE35126D28E25CE1000F1E52 /* Cat.graphql.swift */,
				DE35126E28E25CE1000F1E52 /* Fish.graphql.swift */,
				DE35126F28E25CE1000F1E52 /* Human.graphql.swift */,
				DE35127028E25CE1000F1E52 /* Crocodile.graphql.swift */,
			);
			path = Objects;
			sourceTree = "<group>";
		};
		DE35127228E25CE1000F1E52 /* InputObjects */ = {
			isa = PBXGroup;
			children = (
				DE35127328E25CE1000F1E52 /* PetAdoptionInput.graphql.swift */,
				DE35127428E25CE1000F1E52 /* PetSearchFilters.graphql.swift */,
				DE35127528E25CE1000F1E52 /* MeasurementsInput.graphql.swift */,
			);
			path = InputObjects;
			sourceTree = "<group>";
		};
		DE35127728E25CE1000F1E52 /* Interfaces */ = {
			isa = PBXGroup;
			children = (
				DE35127828E25CE1000F1E52 /* HousePet.graphql.swift */,
				DE35127928E25CE1000F1E52 /* Pet.graphql.swift */,
				DE35127A28E25CE1000F1E52 /* Animal.graphql.swift */,
				DE35127B28E25CE1000F1E52 /* WarmBlooded.graphql.swift */,
			);
			path = Interfaces;
			sourceTree = "<group>";
		};
		DE35127C28E25CE1000F1E52 /* Fragments */ = {
			isa = PBXGroup;
			children = (
				DE35127D28E25CE1000F1E52 /* PetDetails.graphql.swift */,
				DE35127E28E25CE1000F1E52 /* HeightInMeters.graphql.swift */,
				DE35127F28E25CE1000F1E52 /* ClassroomPetDetails.graphql.swift */,
				DE35128028E25CE1000F1E52 /* DogFragment.graphql.swift */,
				DE35128128E25CE1000F1E52 /* ClassroomPetDetailsCCN.graphql.swift */,
				DE35128228E25CE1000F1E52 /* WarmBloodedDetails.graphql.swift */,
			);
			path = Fragments;
			sourceTree = "<group>";
		};
		DE35128328E25CE1000F1E52 /* Operations */ = {
			isa = PBXGroup;
			children = (
				DE35128428E25CE1000F1E52 /* Mutations */,
				DE35128628E25CE1000F1E52 /* Queries */,
			);
			path = Operations;
			sourceTree = "<group>";
		};
		DE35128428E25CE1000F1E52 /* Mutations */ = {
			isa = PBXGroup;
			children = (
				DE35128528E25CE1000F1E52 /* PetAdoptionMutation.graphql.swift */,
			);
			path = Mutations;
			sourceTree = "<group>";
		};
		DE35128628E25CE1000F1E52 /* Queries */ = {
			isa = PBXGroup;
			children = (
				DE35128728E25CE1000F1E52 /* DogQuery.graphql.swift */,
				DE35128828E25CE1000F1E52 /* AllAnimalsCCNQuery.graphql.swift */,
				DE35128928E25CE1000F1E52 /* ClassroomPetsQuery.graphql.swift */,
				DE35128A28E25CE1000F1E52 /* ClassroomPetsCCNQuery.graphql.swift */,
				DE35128B28E25CE1000F1E52 /* AllAnimalsQuery.graphql.swift */,
				DE35128C28E25CE1000F1E52 /* AllAnimalsIncludeSkipQuery.graphql.swift */,
				DE35128D28E25CE1000F1E52 /* PetSearchQuery.graphql.swift */,
			);
			path = Queries;
			sourceTree = "<group>";
		};
/* End PBXGroup section */

/* Begin PBXNativeTarget section */
		DE35121F28E25C4C000F1E52 /* MyCustomProject */ = {
			isa = PBXNativeTarget;
			buildConfigurationList = DE35124528E25C4D000F1E52 /* Build configuration list for PBXNativeTarget "MyCustomProject" */;
			buildPhases = (
				2826D2F2D2277A3C64CC3F9F /* [CP] Check Pods Manifest.lock */,
				DE35121C28E25C4C000F1E52 /* Sources */,
				DE35121D28E25C4C000F1E52 /* Frameworks */,
				DE35121E28E25C4C000F1E52 /* Resources */,
				E617A30F906842CE7ECDC50B /* [CP] Embed Pods Frameworks */,
			);
			buildRules = (
			);
			dependencies = (
			);
			name = MyCustomProject;
			productName = MyCustomProject;
			productReference = DE35122028E25C4C000F1E52 /* MyCustomProject.app */;
			productType = "com.apple.product-type.application";
		};
		DE35123028E25C4C000F1E52 /* MyCustomProjectTests */ = {
			isa = PBXNativeTarget;
			buildConfigurationList = DE35124828E25C4D000F1E52 /* Build configuration list for PBXNativeTarget "MyCustomProjectTests" */;
			buildPhases = (
				C275868C8082CA8186256D6B /* [CP] Check Pods Manifest.lock */,
				DE35122D28E25C4C000F1E52 /* Sources */,
				DE35122E28E25C4C000F1E52 /* Frameworks */,
				DE35122F28E25C4C000F1E52 /* Resources */,
			);
			buildRules = (
			);
			dependencies = (
				DE35123328E25C4C000F1E52 /* PBXTargetDependency */,
			);
			name = MyCustomProjectTests;
			productName = MyCustomProjectTests;
			productReference = DE35123128E25C4C000F1E52 /* MyCustomProjectTests.xctest */;
			productType = "com.apple.product-type.bundle.unit-test";
		};
		DE35123A28E25C4D000F1E52 /* MyCustomProjectUITests */ = {
			isa = PBXNativeTarget;
			buildConfigurationList = DE35124B28E25C4D000F1E52 /* Build configuration list for PBXNativeTarget "MyCustomProjectUITests" */;
			buildPhases = (
				1A4D5B6219A5A3966CC9AE85 /* [CP] Check Pods Manifest.lock */,
				DE35123728E25C4D000F1E52 /* Sources */,
				DE35123828E25C4D000F1E52 /* Frameworks */,
				DE35123928E25C4D000F1E52 /* Resources */,
				A8E5762EDD93A4F033E731F8 /* [CP] Embed Pods Frameworks */,
			);
			buildRules = (
			);
			dependencies = (
				DE35123D28E25C4D000F1E52 /* PBXTargetDependency */,
			);
			name = MyCustomProjectUITests;
			productName = MyCustomProjectUITests;
			productReference = DE35123B28E25C4D000F1E52 /* MyCustomProjectUITests.xctest */;
			productType = "com.apple.product-type.bundle.ui-testing";
		};
/* End PBXNativeTarget section */

/* Begin PBXProject section */
		DE35121828E25C4C000F1E52 /* Project object */ = {
			isa = PBXProject;
			attributes = {
				BuildIndependentTargetsInParallel = 1;
				LastSwiftUpdateCheck = 1400;
				LastUpgradeCheck = 1400;
				TargetAttributes = {
					DE35121F28E25C4C000F1E52 = {
						CreatedOnToolsVersion = 14.0;
					};
					DE35123028E25C4C000F1E52 = {
						CreatedOnToolsVersion = 14.0;
						TestTargetID = DE35121F28E25C4C000F1E52;
					};
					DE35123A28E25C4D000F1E52 = {
						CreatedOnToolsVersion = 14.0;
						TestTargetID = DE35121F28E25C4C000F1E52;
					};
				};
			};
			buildConfigurationList = DE35121B28E25C4C000F1E52 /* Build configuration list for PBXProject "MyCustomProject" */;
			compatibilityVersion = "Xcode 14.0";
			developmentRegion = en;
			hasScannedForEncodings = 0;
			knownRegions = (
				en,
				Base,
			);
			mainGroup = DE35121728E25C4C000F1E52;
			productRefGroup = DE35122128E25C4C000F1E52 /* Products */;
			projectDirPath = "";
			projectRoot = "";
			targets = (
				DE35121F28E25C4C000F1E52 /* MyCustomProject */,
				DE35123028E25C4C000F1E52 /* MyCustomProjectTests */,
				DE35123A28E25C4D000F1E52 /* MyCustomProjectUITests */,
			);
		};
/* End PBXProject section */

/* Begin PBXResourcesBuildPhase section */
		DE35121E28E25C4C000F1E52 /* Resources */ = {
			isa = PBXResourcesBuildPhase;
			buildActionMask = 2147483647;
			files = (
				DE35122B28E25C4C000F1E52 /* Preview Assets.xcassets in Resources */,
				DE35122828E25C4C000F1E52 /* Assets.xcassets in Resources */,
			);
			runOnlyForDeploymentPostprocessing = 0;
		};
		DE35122F28E25C4C000F1E52 /* Resources */ = {
			isa = PBXResourcesBuildPhase;
			buildActionMask = 2147483647;
			files = (
			);
			runOnlyForDeploymentPostprocessing = 0;
		};
		DE35123928E25C4D000F1E52 /* Resources */ = {
			isa = PBXResourcesBuildPhase;
			buildActionMask = 2147483647;
			files = (
			);
			runOnlyForDeploymentPostprocessing = 0;
		};
/* End PBXResourcesBuildPhase section */

/* Begin PBXShellScriptBuildPhase section */
		1A4D5B6219A5A3966CC9AE85 /* [CP] Check Pods Manifest.lock */ = {
			isa = PBXShellScriptBuildPhase;
			buildActionMask = 2147483647;
			files = (
			);
			inputFileListPaths = (
			);
			inputPaths = (
				"${PODS_PODFILE_DIR_PATH}/Podfile.lock",
				"${PODS_ROOT}/Manifest.lock",
			);
			name = "[CP] Check Pods Manifest.lock";
			outputFileListPaths = (
			);
			outputPaths = (
				"$(DERIVED_FILE_DIR)/Pods-MyCustomProject-MyCustomProjectUITests-checkManifestLockResult.txt",
			);
			runOnlyForDeploymentPostprocessing = 0;
			shellPath = /bin/sh;
			shellScript = "diff \"${PODS_PODFILE_DIR_PATH}/Podfile.lock\" \"${PODS_ROOT}/Manifest.lock\" > /dev/null\nif [ $? != 0 ] ; then\n    # print error to STDERR\n    echo \"error: The sandbox is not in sync with the Podfile.lock. Run 'pod install' or update your CocoaPods installation.\" >&2\n    exit 1\nfi\n# This output is used by Xcode 'outputs' to avoid re-running this script phase.\necho \"SUCCESS\" > \"${SCRIPT_OUTPUT_FILE_0}\"\n";
			showEnvVarsInLog = 0;
		};
		2826D2F2D2277A3C64CC3F9F /* [CP] Check Pods Manifest.lock */ = {
			isa = PBXShellScriptBuildPhase;
			buildActionMask = 2147483647;
			files = (
			);
			inputFileListPaths = (
			);
			inputPaths = (
				"${PODS_PODFILE_DIR_PATH}/Podfile.lock",
				"${PODS_ROOT}/Manifest.lock",
			);
			name = "[CP] Check Pods Manifest.lock";
			outputFileListPaths = (
			);
			outputPaths = (
				"$(DERIVED_FILE_DIR)/Pods-MyCustomProject-checkManifestLockResult.txt",
			);
			runOnlyForDeploymentPostprocessing = 0;
			shellPath = /bin/sh;
			shellScript = "diff \"${PODS_PODFILE_DIR_PATH}/Podfile.lock\" \"${PODS_ROOT}/Manifest.lock\" > /dev/null\nif [ $? != 0 ] ; then\n    # print error to STDERR\n    echo \"error: The sandbox is not in sync with the Podfile.lock. Run 'pod install' or update your CocoaPods installation.\" >&2\n    exit 1\nfi\n# This output is used by Xcode 'outputs' to avoid re-running this script phase.\necho \"SUCCESS\" > \"${SCRIPT_OUTPUT_FILE_0}\"\n";
			showEnvVarsInLog = 0;
		};
		A8E5762EDD93A4F033E731F8 /* [CP] Embed Pods Frameworks */ = {
			isa = PBXShellScriptBuildPhase;
			buildActionMask = 2147483647;
			files = (
			);
			inputFileListPaths = (
				"${PODS_ROOT}/Target Support Files/Pods-MyCustomProject-MyCustomProjectUITests/Pods-MyCustomProject-MyCustomProjectUITests-frameworks-${CONFIGURATION}-input-files.xcfilelist",
			);
			name = "[CP] Embed Pods Frameworks";
			outputFileListPaths = (
				"${PODS_ROOT}/Target Support Files/Pods-MyCustomProject-MyCustomProjectUITests/Pods-MyCustomProject-MyCustomProjectUITests-frameworks-${CONFIGURATION}-output-files.xcfilelist",
			);
			runOnlyForDeploymentPostprocessing = 0;
			shellPath = /bin/sh;
			shellScript = "\"${PODS_ROOT}/Target Support Files/Pods-MyCustomProject-MyCustomProjectUITests/Pods-MyCustomProject-MyCustomProjectUITests-frameworks.sh\"\n";
			showEnvVarsInLog = 0;
		};
		C275868C8082CA8186256D6B /* [CP] Check Pods Manifest.lock */ = {
			isa = PBXShellScriptBuildPhase;
			buildActionMask = 2147483647;
			files = (
			);
			inputFileListPaths = (
			);
			inputPaths = (
				"${PODS_PODFILE_DIR_PATH}/Podfile.lock",
				"${PODS_ROOT}/Manifest.lock",
			);
			name = "[CP] Check Pods Manifest.lock";
			outputFileListPaths = (
			);
			outputPaths = (
				"$(DERIVED_FILE_DIR)/Pods-MyCustomProjectTests-checkManifestLockResult.txt",
			);
			runOnlyForDeploymentPostprocessing = 0;
			shellPath = /bin/sh;
			shellScript = "diff \"${PODS_PODFILE_DIR_PATH}/Podfile.lock\" \"${PODS_ROOT}/Manifest.lock\" > /dev/null\nif [ $? != 0 ] ; then\n    # print error to STDERR\n    echo \"error: The sandbox is not in sync with the Podfile.lock. Run 'pod install' or update your CocoaPods installation.\" >&2\n    exit 1\nfi\n# This output is used by Xcode 'outputs' to avoid re-running this script phase.\necho \"SUCCESS\" > \"${SCRIPT_OUTPUT_FILE_0}\"\n";
			showEnvVarsInLog = 0;
		};
		E617A30F906842CE7ECDC50B /* [CP] Embed Pods Frameworks */ = {
			isa = PBXShellScriptBuildPhase;
			buildActionMask = 2147483647;
			files = (
			);
			inputFileListPaths = (
				"${PODS_ROOT}/Target Support Files/Pods-MyCustomProject/Pods-MyCustomProject-frameworks-${CONFIGURATION}-input-files.xcfilelist",
			);
			name = "[CP] Embed Pods Frameworks";
			outputFileListPaths = (
				"${PODS_ROOT}/Target Support Files/Pods-MyCustomProject/Pods-MyCustomProject-frameworks-${CONFIGURATION}-output-files.xcfilelist",
			);
			runOnlyForDeploymentPostprocessing = 0;
			shellPath = /bin/sh;
			shellScript = "\"${PODS_ROOT}/Target Support Files/Pods-MyCustomProject/Pods-MyCustomProject-frameworks.sh\"\n";
			showEnvVarsInLog = 0;
		};
/* End PBXShellScriptBuildPhase section */

/* Begin PBXSourcesBuildPhase section */
		DE35121C28E25C4C000F1E52 /* Sources */ = {
			isa = PBXSourcesBuildPhase;
			buildActionMask = 2147483647;
			files = (
				DE3512A428E25CE1000F1E52 /* HousePet.graphql.swift in Sources */,
				DE35129C28E25CE1000F1E52 /* Fish.graphql.swift in Sources */,
				DE3512B128E25CE1000F1E52 /* ClassroomPetsQuery.graphql.swift in Sources */,
				DE35129828E25CE1000F1E52 /* Height.graphql.swift in Sources */,
				DE3512A228E25CE1000F1E52 /* MeasurementsInput.graphql.swift in Sources */,
				DE3512AA28E25CE1000F1E52 /* ClassroomPetDetails.graphql.swift in Sources */,
				DE3512AC28E25CE1000F1E52 /* ClassroomPetDetailsCCN.graphql.swift in Sources */,
				DE3512A128E25CE1000F1E52 /* PetSearchFilters.graphql.swift in Sources */,
				DE35129B28E25CE1000F1E52 /* Cat.graphql.swift in Sources */,
				DE3512B328E25CE1000F1E52 /* AllAnimalsQuery.graphql.swift in Sources */,
				DE35129128E25CE1000F1E52 /* CustomDate.swift in Sources */,
				DE35129328E25CE1000F1E52 /* RelativeSize.graphql.swift in Sources */,
				DE35129F28E25CE1000F1E52 /* SchemaConfiguration.swift in Sources */,
				DE35129428E25CE1000F1E52 /* Rat.graphql.swift in Sources */,
				DE35129728E25CE1000F1E52 /* Dog.graphql.swift in Sources */,
				DE3512A828E25CE1000F1E52 /* PetDetails.graphql.swift in Sources */,
				DE35128F28E25CE1000F1E52 /* AllAnimalsLocalCacheMutation.graphql.swift in Sources */,
				DE35129D28E25CE1000F1E52 /* Human.graphql.swift in Sources */,
				DE3512A028E25CE1000F1E52 /* PetAdoptionInput.graphql.swift in Sources */,
				DE35129E28E25CE1000F1E52 /* Crocodile.graphql.swift in Sources */,
				DE35129228E25CE1000F1E52 /* SkinCovering.graphql.swift in Sources */,
				DE35129A28E25CE1000F1E52 /* Query.graphql.swift in Sources */,
				DE3512A928E25CE1000F1E52 /* HeightInMeters.graphql.swift in Sources */,
				DE3512A728E25CE1000F1E52 /* WarmBlooded.graphql.swift in Sources */,
				DE3512AF28E25CE1000F1E52 /* DogQuery.graphql.swift in Sources */,
				DE35129928E25CE1000F1E52 /* Mutation.graphql.swift in Sources */,
				DE3512A528E25CE1000F1E52 /* Pet.graphql.swift in Sources */,
				DE35129628E25CE1000F1E52 /* PetRock.graphql.swift in Sources */,
				DE35128E28E25CE1000F1E52 /* PetDetailsMutation.graphql.swift in Sources */,
				DE35129028E25CE1000F1E52 /* ClassroomPet.graphql.swift in Sources */,
				DE35122628E25C4C000F1E52 /* ContentView.swift in Sources */,
				DE3512B428E25CE1000F1E52 /* AllAnimalsIncludeSkipQuery.graphql.swift in Sources */,
				DE35122428E25C4C000F1E52 /* MyCustomProjectApp.swift in Sources */,
				DE3512A328E25CE1000F1E52 /* SchemaMetadata.graphql.swift in Sources */,
				DE3512AD28E25CE1000F1E52 /* WarmBloodedDetails.graphql.swift in Sources */,
				DE3512B528E25CE1000F1E52 /* PetSearchQuery.graphql.swift in Sources */,
				DE35129528E25CE1000F1E52 /* Bird.graphql.swift in Sources */,
				DE3512A628E25CE1000F1E52 /* Animal.graphql.swift in Sources */,
				DE3512B228E25CE1000F1E52 /* ClassroomPetsCCNQuery.graphql.swift in Sources */,
				DE3512B028E25CE1000F1E52 /* AllAnimalsCCNQuery.graphql.swift in Sources */,
				DE3512AB28E25CE1000F1E52 /* DogFragment.graphql.swift in Sources */,
				DE3512AE28E25CE1000F1E52 /* PetAdoptionMutation.graphql.swift in Sources */,
			);
			runOnlyForDeploymentPostprocessing = 0;
		};
		DE35122D28E25C4C000F1E52 /* Sources */ = {
			isa = PBXSourcesBuildPhase;
			buildActionMask = 2147483647;
			files = (
				DE35123628E25C4D000F1E52 /* MyCustomProjectTests.swift in Sources */,
			);
			runOnlyForDeploymentPostprocessing = 0;
		};
		DE35123728E25C4D000F1E52 /* Sources */ = {
			isa = PBXSourcesBuildPhase;
			buildActionMask = 2147483647;
			files = (
				DE35124028E25C4D000F1E52 /* MyCustomProjectUITests.swift in Sources */,
				DE35124228E25C4D000F1E52 /* MyCustomProjectUITestsLaunchTests.swift in Sources */,
			);
			runOnlyForDeploymentPostprocessing = 0;
		};
/* End PBXSourcesBuildPhase section */

/* Begin PBXTargetDependency section */
		DE35123328E25C4C000F1E52 /* PBXTargetDependency */ = {
			isa = PBXTargetDependency;
			target = DE35121F28E25C4C000F1E52 /* MyCustomProject */;
			targetProxy = DE35123228E25C4C000F1E52 /* PBXContainerItemProxy */;
		};
		DE35123D28E25C4D000F1E52 /* PBXTargetDependency */ = {
			isa = PBXTargetDependency;
			target = DE35121F28E25C4C000F1E52 /* MyCustomProject */;
			targetProxy = DE35123C28E25C4D000F1E52 /* PBXContainerItemProxy */;
		};
/* End PBXTargetDependency section */

/* Begin XCBuildConfiguration section */
		DE35124328E25C4D000F1E52 /* Debug */ = {
			isa = XCBuildConfiguration;
			buildSettings = {
				ALWAYS_SEARCH_USER_PATHS = NO;
				CLANG_ANALYZER_NONNULL = YES;
				CLANG_ANALYZER_NUMBER_OBJECT_CONVERSION = YES_AGGRESSIVE;
				CLANG_CXX_LANGUAGE_STANDARD = "gnu++20";
				CLANG_ENABLE_MODULES = YES;
				CLANG_ENABLE_OBJC_ARC = YES;
				CLANG_ENABLE_OBJC_WEAK = YES;
				CLANG_WARN_BLOCK_CAPTURE_AUTORELEASING = YES;
				CLANG_WARN_BOOL_CONVERSION = YES;
				CLANG_WARN_COMMA = YES;
				CLANG_WARN_CONSTANT_CONVERSION = YES;
				CLANG_WARN_DEPRECATED_OBJC_IMPLEMENTATIONS = YES;
				CLANG_WARN_DIRECT_OBJC_ISA_USAGE = YES_ERROR;
				CLANG_WARN_DOCUMENTATION_COMMENTS = YES;
				CLANG_WARN_EMPTY_BODY = YES;
				CLANG_WARN_ENUM_CONVERSION = YES;
				CLANG_WARN_INFINITE_RECURSION = YES;
				CLANG_WARN_INT_CONVERSION = YES;
				CLANG_WARN_NON_LITERAL_NULL_CONVERSION = YES;
				CLANG_WARN_OBJC_IMPLICIT_RETAIN_SELF = YES;
				CLANG_WARN_OBJC_LITERAL_CONVERSION = YES;
				CLANG_WARN_OBJC_ROOT_CLASS = YES_ERROR;
				CLANG_WARN_QUOTED_INCLUDE_IN_FRAMEWORK_HEADER = YES;
				CLANG_WARN_RANGE_LOOP_ANALYSIS = YES;
				CLANG_WARN_STRICT_PROTOTYPES = YES;
				CLANG_WARN_SUSPICIOUS_MOVE = YES;
				CLANG_WARN_UNGUARDED_AVAILABILITY = YES_AGGRESSIVE;
				CLANG_WARN_UNREACHABLE_CODE = YES;
				CLANG_WARN__DUPLICATE_METHOD_MATCH = YES;
				COPY_PHASE_STRIP = NO;
				DEBUG_INFORMATION_FORMAT = dwarf;
				ENABLE_STRICT_OBJC_MSGSEND = YES;
				ENABLE_TESTABILITY = YES;
				GCC_C_LANGUAGE_STANDARD = gnu11;
				GCC_DYNAMIC_NO_PIC = NO;
				GCC_NO_COMMON_BLOCKS = YES;
				GCC_OPTIMIZATION_LEVEL = 0;
				GCC_PREPROCESSOR_DEFINITIONS = (
					"DEBUG=1",
					"$(inherited)",
				);
				GCC_WARN_64_TO_32_BIT_CONVERSION = YES;
				GCC_WARN_ABOUT_RETURN_TYPE = YES_ERROR;
				GCC_WARN_UNDECLARED_SELECTOR = YES;
				GCC_WARN_UNINITIALIZED_AUTOS = YES_AGGRESSIVE;
				GCC_WARN_UNUSED_FUNCTION = YES;
				GCC_WARN_UNUSED_VARIABLE = YES;
				MACOSX_DEPLOYMENT_TARGET = 12.3;
				MTL_ENABLE_DEBUG_INFO = INCLUDE_SOURCE;
				MTL_FAST_MATH = YES;
				ONLY_ACTIVE_ARCH = YES;
				SDKROOT = macosx;
				SWIFT_ACTIVE_COMPILATION_CONDITIONS = DEBUG;
				SWIFT_OPTIMIZATION_LEVEL = "-Onone";
			};
			name = Debug;
		};
		DE35124428E25C4D000F1E52 /* Release */ = {
			isa = XCBuildConfiguration;
			buildSettings = {
				ALWAYS_SEARCH_USER_PATHS = NO;
				CLANG_ANALYZER_NONNULL = YES;
				CLANG_ANALYZER_NUMBER_OBJECT_CONVERSION = YES_AGGRESSIVE;
				CLANG_CXX_LANGUAGE_STANDARD = "gnu++20";
				CLANG_ENABLE_MODULES = YES;
				CLANG_ENABLE_OBJC_ARC = YES;
				CLANG_ENABLE_OBJC_WEAK = YES;
				CLANG_WARN_BLOCK_CAPTURE_AUTORELEASING = YES;
				CLANG_WARN_BOOL_CONVERSION = YES;
				CLANG_WARN_COMMA = YES;
				CLANG_WARN_CONSTANT_CONVERSION = YES;
				CLANG_WARN_DEPRECATED_OBJC_IMPLEMENTATIONS = YES;
				CLANG_WARN_DIRECT_OBJC_ISA_USAGE = YES_ERROR;
				CLANG_WARN_DOCUMENTATION_COMMENTS = YES;
				CLANG_WARN_EMPTY_BODY = YES;
				CLANG_WARN_ENUM_CONVERSION = YES;
				CLANG_WARN_INFINITE_RECURSION = YES;
				CLANG_WARN_INT_CONVERSION = YES;
				CLANG_WARN_NON_LITERAL_NULL_CONVERSION = YES;
				CLANG_WARN_OBJC_IMPLICIT_RETAIN_SELF = YES;
				CLANG_WARN_OBJC_LITERAL_CONVERSION = YES;
				CLANG_WARN_OBJC_ROOT_CLASS = YES_ERROR;
				CLANG_WARN_QUOTED_INCLUDE_IN_FRAMEWORK_HEADER = YES;
				CLANG_WARN_RANGE_LOOP_ANALYSIS = YES;
				CLANG_WARN_STRICT_PROTOTYPES = YES;
				CLANG_WARN_SUSPICIOUS_MOVE = YES;
				CLANG_WARN_UNGUARDED_AVAILABILITY = YES_AGGRESSIVE;
				CLANG_WARN_UNREACHABLE_CODE = YES;
				CLANG_WARN__DUPLICATE_METHOD_MATCH = YES;
				COPY_PHASE_STRIP = NO;
				DEBUG_INFORMATION_FORMAT = "dwarf-with-dsym";
				ENABLE_NS_ASSERTIONS = NO;
				ENABLE_STRICT_OBJC_MSGSEND = YES;
				GCC_C_LANGUAGE_STANDARD = gnu11;
				GCC_NO_COMMON_BLOCKS = YES;
				GCC_WARN_64_TO_32_BIT_CONVERSION = YES;
				GCC_WARN_ABOUT_RETURN_TYPE = YES_ERROR;
				GCC_WARN_UNDECLARED_SELECTOR = YES;
				GCC_WARN_UNINITIALIZED_AUTOS = YES_AGGRESSIVE;
				GCC_WARN_UNUSED_FUNCTION = YES;
				GCC_WARN_UNUSED_VARIABLE = YES;
				MACOSX_DEPLOYMENT_TARGET = 12.3;
				MTL_ENABLE_DEBUG_INFO = NO;
				MTL_FAST_MATH = YES;
				SDKROOT = macosx;
				SWIFT_COMPILATION_MODE = wholemodule;
				SWIFT_OPTIMIZATION_LEVEL = "-O";
			};
			name = Release;
		};
		DE35124628E25C4D000F1E52 /* Debug */ = {
			isa = XCBuildConfiguration;
			baseConfigurationReference = 87221D51000C906DD5B5122A /* Pods-MyCustomProject.debug.xcconfig */;
			buildSettings = {
				ASSETCATALOG_COMPILER_APPICON_NAME = AppIcon;
				ASSETCATALOG_COMPILER_GLOBAL_ACCENT_COLOR_NAME = AccentColor;
				CODE_SIGN_STYLE = Automatic;
				COMBINE_HIDPI_IMAGES = YES;
				CURRENT_PROJECT_VERSION = 1;
				DEVELOPMENT_ASSET_PATHS = "\"MyCustomProject/Preview Content\"";
				ENABLE_PREVIEWS = YES;
				GENERATE_INFOPLIST_FILE = YES;
				INFOPLIST_KEY_NSHumanReadableCopyright = "";
				LD_RUNPATH_SEARCH_PATHS = (
					"$(inherited)",
					"@executable_path/../Frameworks",
				);
				MARKETING_VERSION = 1.0;
				PRODUCT_BUNDLE_IDENTIFIER = apollograpqhl.MyCustomProject;
				PRODUCT_NAME = "$(TARGET_NAME)";
				SWIFT_EMIT_LOC_STRINGS = YES;
				SWIFT_VERSION = 5.0;
			};
			name = Debug;
		};
		DE35124728E25C4D000F1E52 /* Release */ = {
			isa = XCBuildConfiguration;
			baseConfigurationReference = F5DEBE445719BEA0FEF902CF /* Pods-MyCustomProject.release.xcconfig */;
			buildSettings = {
				ASSETCATALOG_COMPILER_APPICON_NAME = AppIcon;
				ASSETCATALOG_COMPILER_GLOBAL_ACCENT_COLOR_NAME = AccentColor;
				CODE_SIGN_STYLE = Automatic;
				COMBINE_HIDPI_IMAGES = YES;
				CURRENT_PROJECT_VERSION = 1;
				DEVELOPMENT_ASSET_PATHS = "\"MyCustomProject/Preview Content\"";
				ENABLE_PREVIEWS = YES;
				GENERATE_INFOPLIST_FILE = YES;
				INFOPLIST_KEY_NSHumanReadableCopyright = "";
				LD_RUNPATH_SEARCH_PATHS = (
					"$(inherited)",
					"@executable_path/../Frameworks",
				);
				MARKETING_VERSION = 1.0;
				PRODUCT_BUNDLE_IDENTIFIER = apollograpqhl.MyCustomProject;
				PRODUCT_NAME = "$(TARGET_NAME)";
				SWIFT_EMIT_LOC_STRINGS = YES;
				SWIFT_VERSION = 5.0;
			};
			name = Release;
		};
		DE35124928E25C4D000F1E52 /* Debug */ = {
			isa = XCBuildConfiguration;
			baseConfigurationReference = DA093DCDE1C0CDAF6C2BDDA1 /* Pods-MyCustomProjectTests.debug.xcconfig */;
			buildSettings = {
				ALWAYS_EMBED_SWIFT_STANDARD_LIBRARIES = YES;
				BUNDLE_LOADER = "$(TEST_HOST)";
				CODE_SIGN_STYLE = Automatic;
				CURRENT_PROJECT_VERSION = 1;
				GENERATE_INFOPLIST_FILE = YES;
				MACOSX_DEPLOYMENT_TARGET = 12.3;
				MARKETING_VERSION = 1.0;
				PRODUCT_BUNDLE_IDENTIFIER = apollograpqhl.MyCustomProjectTests;
				PRODUCT_NAME = "$(TARGET_NAME)";
				SWIFT_EMIT_LOC_STRINGS = NO;
				SWIFT_VERSION = 5.0;
				TEST_HOST = "$(BUILT_PRODUCTS_DIR)/MyCustomProject.app/$(BUNDLE_EXECUTABLE_FOLDER_PATH)/MyCustomProject";
			};
			name = Debug;
		};
		DE35124A28E25C4D000F1E52 /* Release */ = {
			isa = XCBuildConfiguration;
			baseConfigurationReference = 156EB959D332A6A2AC310990 /* Pods-MyCustomProjectTests.release.xcconfig */;
			buildSettings = {
				ALWAYS_EMBED_SWIFT_STANDARD_LIBRARIES = YES;
				BUNDLE_LOADER = "$(TEST_HOST)";
				CODE_SIGN_STYLE = Automatic;
				CURRENT_PROJECT_VERSION = 1;
				GENERATE_INFOPLIST_FILE = YES;
				MACOSX_DEPLOYMENT_TARGET = 12.3;
				MARKETING_VERSION = 1.0;
				PRODUCT_BUNDLE_IDENTIFIER = apollograpqhl.MyCustomProjectTests;
				PRODUCT_NAME = "$(TARGET_NAME)";
				SWIFT_EMIT_LOC_STRINGS = NO;
				SWIFT_VERSION = 5.0;
				TEST_HOST = "$(BUILT_PRODUCTS_DIR)/MyCustomProject.app/$(BUNDLE_EXECUTABLE_FOLDER_PATH)/MyCustomProject";
			};
			name = Release;
		};
		DE35124C28E25C4D000F1E52 /* Debug */ = {
			isa = XCBuildConfiguration;
			baseConfigurationReference = 3FCD42EF1E75B1F54991D5C7 /* Pods-MyCustomProject-MyCustomProjectUITests.debug.xcconfig */;
			buildSettings = {
				ALWAYS_EMBED_SWIFT_STANDARD_LIBRARIES = YES;
				CODE_SIGN_STYLE = Automatic;
				CURRENT_PROJECT_VERSION = 1;
				GENERATE_INFOPLIST_FILE = YES;
				MARKETING_VERSION = 1.0;
				PRODUCT_BUNDLE_IDENTIFIER = apollograpqhl.MyCustomProjectUITests;
				PRODUCT_NAME = "$(TARGET_NAME)";
				SWIFT_EMIT_LOC_STRINGS = NO;
				SWIFT_VERSION = 5.0;
				TEST_TARGET_NAME = MyCustomProject;
			};
			name = Debug;
		};
		DE35124D28E25C4D000F1E52 /* Release */ = {
			isa = XCBuildConfiguration;
			baseConfigurationReference = 220E856D539FA9A613C93CED /* Pods-MyCustomProject-MyCustomProjectUITests.release.xcconfig */;
			buildSettings = {
				ALWAYS_EMBED_SWIFT_STANDARD_LIBRARIES = YES;
				CODE_SIGN_STYLE = Automatic;
				CURRENT_PROJECT_VERSION = 1;
				GENERATE_INFOPLIST_FILE = YES;
				MARKETING_VERSION = 1.0;
				PRODUCT_BUNDLE_IDENTIFIER = apollograpqhl.MyCustomProjectUITests;
				PRODUCT_NAME = "$(TARGET_NAME)";
				SWIFT_EMIT_LOC_STRINGS = NO;
				SWIFT_VERSION = 5.0;
				TEST_TARGET_NAME = MyCustomProject;
			};
			name = Release;
		};
/* End XCBuildConfiguration section */

/* Begin XCConfigurationList section */
		DE35121B28E25C4C000F1E52 /* Build configuration list for PBXProject "MyCustomProject" */ = {
			isa = XCConfigurationList;
			buildConfigurations = (
				DE35124328E25C4D000F1E52 /* Debug */,
				DE35124428E25C4D000F1E52 /* Release */,
			);
			defaultConfigurationIsVisible = 0;
			defaultConfigurationName = Release;
		};
		DE35124528E25C4D000F1E52 /* Build configuration list for PBXNativeTarget "MyCustomProject" */ = {
			isa = XCConfigurationList;
			buildConfigurations = (
				DE35124628E25C4D000F1E52 /* Debug */,
				DE35124728E25C4D000F1E52 /* Release */,
			);
			defaultConfigurationIsVisible = 0;
			defaultConfigurationName = Release;
		};
		DE35124828E25C4D000F1E52 /* Build configuration list for PBXNativeTarget "MyCustomProjectTests" */ = {
			isa = XCConfigurationList;
			buildConfigurations = (
				DE35124928E25C4D000F1E52 /* Debug */,
				DE35124A28E25C4D000F1E52 /* Release */,
			);
			defaultConfigurationIsVisible = 0;
			defaultConfigurationName = Release;
		};
		DE35124B28E25C4D000F1E52 /* Build configuration list for PBXNativeTarget "MyCustomProjectUITests" */ = {
			isa = XCConfigurationList;
			buildConfigurations = (
				DE35124C28E25C4D000F1E52 /* Debug */,
				DE35124D28E25C4D000F1E52 /* Release */,
			);
			defaultConfigurationIsVisible = 0;
			defaultConfigurationName = Release;
		};
/* End XCConfigurationList section */
	};
	rootObject = DE35121828E25C4C000F1E52 /* Project object */;
}
